{
  "version": 4,
  "terraform_version": "1.5.7",
  "serial": 2762,
  "lineage": "eea42683-d75d-66b9-0441-bf89396e47cb",
  "outputs": {
    "aws_region": {
      "value": "us-west-2",
      "type": "string"
    },
    "current_arn": {
      "value": "arn:aws:iam::637423342822:role/aws-reserved/sso.amazonaws.com/us-east-2/AWSReservedSSO_AdministratorAccess_3592835a30781ed5",
      "type": "string"
    },
    "eks_cluster_ca": {
      "value": "LS0tLS1CRUdJTiBDRVJUSUZJQ0FURS0tLS0tCk1JSURCVENDQWUyZ0F3SUJBZ0lJVEZJV0dsb3dFd2t3RFFZSktvWklodmNOQVFFTEJRQXdGVEVUTUJFR0ExVUUKQXhNS2EzVmlaWEp1WlhSbGN6QWVGdzB5TlRBMk1qY3dNVFUyTlRWYUZ3MHpOVEEyTWpVd01qQXhOVFZhTUJVeApFekFSQmdOVkJBTVRDbXQxWW1WeWJtVjBaWE13Z2dFaU1BMEdDU3FHU0liM0RRRUJBUVVBQTRJQkR3QXdnZ0VLCkFvSUJBUURIcUdLNWFWZVBNellubk1oV015Z29MTXVORUFEZ0RhR0VhTFhyK2ZmWUZ1K3pUeUdPd3pRdzBxaVoKNFFkelVnaE9LbDdJV08yWjFTb1ZNbHNETy8va3l3YUxXZEZqTnZrSzFqQmtpVUtiSTIxOERUK0NKSXE4MytONQp0ZXFGRmVITkVheXE5cXN3d3FCOTRLV0dTRVYxWkZDRG9mcnM1VEsxTW5aY0lSNVM4bmp1YWF3NGpCd1E1K0NOCk1EUFFWZ2tmdll2WmFLVFBHQldnMzMxd25zcjRlbmtxdkFuS3FRU2VzeWQxZm5IN21MR0hKcDNwRTN2b1VNOFcKa3N4WnVZVndBQ0hWMGdzMW1uU05yY2ozS3Iwc0FRMTNoN0xzZ1dmNXpxVk5OZjA1akFpWTdMZVBUL3dYU2FFawpHdm5PV3BkMUMxSUZkZnNUb0dCVTFCWWVJVU92QWdNQkFBR2pXVEJYTUE0R0ExVWREd0VCL3dRRUF3SUNwREFQCkJnTlZIUk1CQWY4RUJUQURBUUgvTUIwR0ExVWREZ1FXQkJSSkIrQ1Nia3h0blJOL0R2U1hPMG84M3lZakZ6QVYKQmdOVkhSRUVEakFNZ2dwcmRXSmxjbTVsZEdWek1BMEdDU3FHU0liM0RRRUJDd1VBQTRJQkFRQ21sbythc21oeQpTN214Ry9RT2RVNFBIMFpEc0E5Rkh1K2ltNmZmbmU0U2haSWlibEladVIvaWZOV0xaV3YvL0hhOUNxR3Z3MGtVClFDc2hyOGNGQ2ZzbElibG5rYjBoUTNrYWxQK1VlZU5iMUpJV1hzUHNkUFFuTEx2TUgzWnhhUGhaK0lQZVo3K3cKblZYZDVpdlNFdWtUc2lueHpaWFZRTWhFMVF4cmxRVWxON0QybXVtUDdZa2E5emttRkgvN1FxTDVwRzVXTHR6LwpRS2RkNW80Ujl3NUM5WTNDbGVwaUo1cHJicmd5N0lCYmJTS2c0U3NtMHVPbVJuY2Ria1J0UGJvU0NRcGFXbDM2CnMvdm5YcHVyenE3WkU4ZVE5NSs1VEMwdUhqNDVSU2JLL0tWTzI1UlVBQXZUZHFnSThPWnJjWXBreGhPREYvaVgKMDIwZndheVJjWTJBCi0tLS0tRU5EIENFUlRJRklDQVRFLS0tLS0K",
      "type": "string",
      "sensitive": true
    },
    "eks_cluster_endpoint": {
      "value": "https://63D3D08892CD7AE642A2295DD219D737.gr7.us-west-2.eks.amazonaws.com",
      "type": "string"
    },
    "eks_cluster_name": {
      "value": "bt-pc-demo-eks",
      "type": "string"
    },
    "eks_cluster_token": {
      "value": "k8s-aws-v1.aHR0cHM6Ly9zdHMudXMtd2VzdC0yLmFtYXpvbmF3cy5jb20vP0FjdGlvbj1HZXRDYWxsZXJJZGVudGl0eSZWZXJzaW9uPTIwMTEtMDYtMTUmWC1BbXotQWxnb3JpdGhtPUFXUzQtSE1BQy1TSEEyNTYmWC1BbXotQ3JlZGVudGlhbD1BU0lBWkkyTEVLVFREQU42RFdNNyUyRjIwMjUwNjI3JTJGdXMtd2VzdC0yJTJGc3RzJTJGYXdzNF9yZXF1ZXN0JlgtQW16LURhdGU9MjAyNTA2MjdUMDI0NTEzWiZYLUFtei1FeHBpcmVzPTAmWC1BbXotU2VjdXJpdHktVG9rZW49SVFvSmIzSnBaMmx1WDJWakVISWFDWFZ6TFdWaGMzUXRNaUpJTUVZQ0lRRGJEU2pqRzJmYWMzRk9Zam9ESHpCdnpiNkQyZjdoblZNWHZZUHNzR0FMRUFJaEFNMXdSbmE5QkZwWnNIbE5ibGpKTk9YNW9yRkFYVkdBaiUyQlpoWDA5dG9lUiUyQktwOERDR3NRQUJvTU5qTTNOREl6TXpReU9ESXlJZ3g2OUJnajV6ZjVhNmxMUEpncSUyRkFLMXFVWTFrWXFNRXJmY2xtOXlCSkJudnVWNmZaVEVHMVA5Yldzc2lnQmg4OHI2Y1o1VWFybUglMkZ4YjA5Z3p6YmZFT2x5bTFJRFJ4eVVHWiUyQnQwMCUyQkZKZzJmazVPUjV1NmxuNFBRem1YR3F3OHU2QnlMZGJaQ1pEbVlFQkJQOEglMkJ4ZDZMMUNaJTJCZ0NCWVV5UmJpNUgzc2RFc2dKWEhmJTJGWHZNb1pWcE84RGY1bSUyRjZHZ08zSU9WRGQ2Z2Flakp3Y2VUZFFnTjVPWHpnTWNTaENuN1d2czhPMzBaWnNpZ1hJendMYjlRbnMxbVZYTWkyTCUyQnIwWVpVT2h2TlRudlJIdzg2cEQyWjJWcEMxbHBHM0tuRkJPMnB2SngxcjVwNnBmTW5Zbkl6TkFyWlF1SFFtU0dRdzM5dEtvclBlVDRvT3BFSWpncEZCb0hjcTUybnZuZXU3bmh6SFFIajVqdjBLeFNDMVp1QyUyQnJxR1oyWHdFUzFGZlBvZHhPbnY2N241bVElMkZFcDRFNEFTdGJTYkFoZWdKNU9iV2kwc3J3ZDVvJTJGdUF3aHJORlJWNyUyQllPcHhtSmtWY0FLTXZqdTBMVEp5TExqTkVhNmFCNHBsWHpZRG9xR0t3JTJCVFQ3cDNaTVFneTIwOENaY0olMkJVSDd0VE5FU1dEbmtueGFPaDhiOEEwR0IyakQzOCUyRmZDQmpxbEFkdDVZYmp0MG4xWHJBa3Izc1VIWWU1dGNIVllwQkFjNWZ1UjNvJTJCSlNMMzV6Z3VzNDQ4cU1DVUxjWUJybEFmTmNvdGdaV0dZNmEwWERiZHFrOGtpVzglMkY2SzB0THpDb2RQY1BKRmpQaHBadHU5Z0ZTRTNBNms1RmZlZmNFWTBDNjNOUEJrWVpad3M2WndIcGdlaFhEbGFsVnFxVmdmaFZWUEJkJTJGM2V3TnpZR1R3aCUyRjl0THYzemFUSnU0S3ltUiUyQmxqbkxIeUN0bFFKQXR3czUlMkZtOTFqd3hlZk1KNFQzUSUzRCUzRCZYLUFtei1TaWduZWRIZWFkZXJzPWhvc3QlM0J4LWs4cy1hd3MtaWQmWC1BbXotU2lnbmF0dXJlPWYzN2MwMmM0ZTZmNDc1YmZiOWRhYzk0NDhiNDYyM2UxMGZhYWFlNmZlZTc1ODEwNzA5MTZkZDRiNjI4MjVjZDY",
      "type": "string",
      "sensitive": true
    }
  },
  "resources": [
    {
      "module": "module.cs_demo",
      "mode": "data",
      "type": "sdm_ssh_ca_pubkey",
      "name": "this_key",
      "provider": "provider[\"registry.terraform.io/strongdm/sdm\"]",
      "instances": [
        {
          "schema_version": 0,
          "attributes": {
            "id": "ControlPanelSSHCAPublicKey",
            "public_key": "ssh-rsa AAAAB3NzaC1yc2EAAAADAQABAAABAQDDOwI49040yzB90vLYQc9xnarfgBG5Wz4IHlcPhlfD7UlahGU58QvBFybiJLFER9vG+Cfwo/5Tp7bzp3t1e1kyPQE0orv2ssfyxsRmL5LR/OyDhIllykdpjVbRkb8LiZFF7VRT2azU2JCfnCvbPzlPISAZjR/DhuyJYTJmGW0nPXXYFLQUX4AmO/zmSmXKdb6EQHnqpJ0IQix6jmiMEBr7NTSfUmTYkZHxHZ9xTSJenpQ9emJcNIsE8XTPr01IEWohSPJgpyqLFhRHaMMzyb0E5nh1rS9SABN+iN0bmGMFF+XhFYSBCeDxBghf2264dF51cuIaMB8ngSF/UN3VJIfH\n",
            "timeouts": null
          },
          "sensitive_attributes": []
        }
      ]
    },
    {
      "module": "module.cs_demo.module.eks[0]",
      "mode": "data",
      "type": "aws_caller_identity",
      "name": "current",
      "provider": "provider[\"registry.terraform.io/hashicorp/aws\"]",
      "instances": [
        {
          "schema_version": 0,
          "attributes": {
            "account_id": "637423342822",
            "arn": "arn:aws:sts::637423342822:assumed-role/AWSReservedSSO_AdministratorAccess_3592835a30781ed5/berret.terry@strongdm.com",
            "id": "637423342822",
            "user_id": "AROAZI2LEKTTH2JG2QTSL:berret.terry@strongdm.com"
          },
          "sensitive_attributes": []
        }
      ]
    },
    {
      "module": "module.cs_demo.module.eks[0]",
      "mode": "data",
      "type": "aws_eks_cluster_auth",
      "name": "this",
      "provider": "provider[\"registry.terraform.io/hashicorp/aws\"]",
      "instances": [
        {
          "schema_version": 0,
          "attributes": {
            "id": "bt-pc-demo-eks",
            "name": "bt-pc-demo-eks",
            "token": "k8s-aws-v1.aHR0cHM6Ly9zdHMudXMtd2VzdC0yLmFtYXpvbmF3cy5jb20vP0FjdGlvbj1HZXRDYWxsZXJJZGVudGl0eSZWZXJzaW9uPTIwMTEtMDYtMTUmWC1BbXotQWxnb3JpdGhtPUFXUzQtSE1BQy1TSEEyNTYmWC1BbXotQ3JlZGVudGlhbD1BU0lBWkkyTEVLVFREQU42RFdNNyUyRjIwMjUwNjI3JTJGdXMtd2VzdC0yJTJGc3RzJTJGYXdzNF9yZXF1ZXN0JlgtQW16LURhdGU9MjAyNTA2MjdUMDI0NTEzWiZYLUFtei1FeHBpcmVzPTAmWC1BbXotU2VjdXJpdHktVG9rZW49SVFvSmIzSnBaMmx1WDJWakVISWFDWFZ6TFdWaGMzUXRNaUpJTUVZQ0lRRGJEU2pqRzJmYWMzRk9Zam9ESHpCdnpiNkQyZjdoblZNWHZZUHNzR0FMRUFJaEFNMXdSbmE5QkZwWnNIbE5ibGpKTk9YNW9yRkFYVkdBaiUyQlpoWDA5dG9lUiUyQktwOERDR3NRQUJvTU5qTTNOREl6TXpReU9ESXlJZ3g2OUJnajV6ZjVhNmxMUEpncSUyRkFLMXFVWTFrWXFNRXJmY2xtOXlCSkJudnVWNmZaVEVHMVA5Yldzc2lnQmg4OHI2Y1o1VWFybUglMkZ4YjA5Z3p6YmZFT2x5bTFJRFJ4eVVHWiUyQnQwMCUyQkZKZzJmazVPUjV1NmxuNFBRem1YR3F3OHU2QnlMZGJaQ1pEbVlFQkJQOEglMkJ4ZDZMMUNaJTJCZ0NCWVV5UmJpNUgzc2RFc2dKWEhmJTJGWHZNb1pWcE84RGY1bSUyRjZHZ08zSU9WRGQ2Z2Flakp3Y2VUZFFnTjVPWHpnTWNTaENuN1d2czhPMzBaWnNpZ1hJendMYjlRbnMxbVZYTWkyTCUyQnIwWVpVT2h2TlRudlJIdzg2cEQyWjJWcEMxbHBHM0tuRkJPMnB2SngxcjVwNnBmTW5Zbkl6TkFyWlF1SFFtU0dRdzM5dEtvclBlVDRvT3BFSWpncEZCb0hjcTUybnZuZXU3bmh6SFFIajVqdjBLeFNDMVp1QyUyQnJxR1oyWHdFUzFGZlBvZHhPbnY2N241bVElMkZFcDRFNEFTdGJTYkFoZWdKNU9iV2kwc3J3ZDVvJTJGdUF3aHJORlJWNyUyQllPcHhtSmtWY0FLTXZqdTBMVEp5TExqTkVhNmFCNHBsWHpZRG9xR0t3JTJCVFQ3cDNaTVFneTIwOENaY0olMkJVSDd0VE5FU1dEbmtueGFPaDhiOEEwR0IyakQzOCUyRmZDQmpxbEFkdDVZYmp0MG4xWHJBa3Izc1VIWWU1dGNIVllwQkFjNWZ1UjNvJTJCSlNMMzV6Z3VzNDQ4cU1DVUxjWUJybEFmTmNvdGdaV0dZNmEwWERiZHFrOGtpVzglMkY2SzB0THpDb2RQY1BKRmpQaHBadHU5Z0ZTRTNBNms1RmZlZmNFWTBDNjNOUEJrWVpad3M2WndIcGdlaFhEbGFsVnFxVmdmaFZWUEJkJTJGM2V3TnpZR1R3aCUyRjl0THYzemFUSnU0S3ltUiUyQmxqbkxIeUN0bFFKQXR3czUlMkZtOTFqd3hlZk1KNFQzUSUzRCUzRCZYLUFtei1TaWduZWRIZWFkZXJzPWhvc3QlM0J4LWs4cy1hd3MtaWQmWC1BbXotU2lnbmF0dXJlPWYzN2MwMmM0ZTZmNDc1YmZiOWRhYzk0NDhiNDYyM2UxMGZhYWFlNmZlZTc1ODEwNzA5MTZkZDRiNjI4MjVjZDY"
          },
          "sensitive_attributes": []
        }
      ]
    },
    {
      "module": "module.cs_demo.module.eks[0]",
      "mode": "data",
      "type": "aws_iam_role",
      "name": "deployer",
      "provider": "provider[\"registry.terraform.io/hashicorp/aws\"]",
      "instances": [
        {
          "schema_version": 0,
          "attributes": {
            "arn": "arn:aws:iam::637423342822:role/aws-reserved/sso.amazonaws.com/us-east-2/AWSReservedSSO_AdministratorAccess_3592835a30781ed5",
            "assume_role_policy": "{\"Version\":\"2012-10-17\",\"Statement\":[{\"Effect\":\"Allow\",\"Principal\":{\"Federated\":\"arn:aws:iam::637423342822:saml-provider/AWSSSO_79ee5498fbb85d27_DO_NOT_DELETE\"},\"Action\":[\"sts:AssumeRoleWithSAML\",\"sts:TagSession\"],\"Condition\":{\"StringEquals\":{\"SAML:aud\":\"https://signin.aws.amazon.com/saml\"}}}]}",
            "create_date": "2024-11-12T23:30:02Z",
            "description": "",
            "id": "AWSReservedSSO_AdministratorAccess_3592835a30781ed5",
            "max_session_duration": 43200,
            "name": "AWSReservedSSO_AdministratorAccess_3592835a30781ed5",
            "path": "/aws-reserved/sso.amazonaws.com/us-east-2/",
            "permissions_boundary": "",
            "role_last_used": [
              {
                "last_used_date": "2025-06-27T02:38:39Z",
                "region": "us-west-2"
              }
            ],
            "tags": {},
            "unique_id": "AROAZI2LEKTTH2JG2QTSL"
          },
          "sensitive_attributes": []
        }
      ]
    },
    {
      "module": "module.cs_demo.module.eks[0]",
      "mode": "managed",
      "type": "aws_iam_role",
      "name": "this_eks",
      "provider": "provider[\"registry.terraform.io/hashicorp/aws\"]",
      "instances": [
        {
          "schema_version": 0,
          "attributes": {
            "arn": "arn:aws:iam::637423342822:role/bt-pc-demo-20250627015623885200000007",
            "assume_role_policy": "{\"Statement\":[{\"Action\":\"sts:AssumeRole\",\"Effect\":\"Allow\",\"Principal\":{\"AWS\":\"arn:aws:iam::637423342822:root\"},\"Sid\":\"AllowCurrentUser\"},{\"Action\":\"sts:AssumeRole\",\"Effect\":\"Allow\",\"Principal\":{\"AWS\":\"arn:aws:iam::637423342822:role/bt-pc-demo-20250627015623043500000003\"}},{\"Action\":\"sts:AssumeRole\",\"Effect\":\"Allow\",\"Principal\":{\"Service\":[\"eks.amazonaws.com\",\"pods.eks.amazonaws.com\"]}}],\"Version\":\"2012-10-17\"}",
            "create_date": "2025-06-27T01:56:32Z",
            "description": "",
            "force_detach_policies": false,
            "id": "bt-pc-demo-20250627015623885200000007",
            "inline_policy": [],
            "managed_policy_arns": [
              "arn:aws:iam::aws:policy/AmazonEKSClusterPolicy"
            ],
            "max_session_duration": 3600,
            "name": "bt-pc-demo-20250627015623885200000007",
            "name_prefix": "bt-pc-demo-",
            "path": "/",
            "permissions_boundary": "",
            "tags": {},
            "tags_all": {},
            "unique_id": "AROAZI2LEKTTO42BC4463"
          },
          "sensitive_attributes": [],
          "private": "bnVsbA==",
          "dependencies": [
            "module.cs_demo.module.eks.data.aws_caller_identity.current",
            "module.cs_demo.module.infrastructure.aws_iam_role.this_task"
          ]
        }
      ]
    },
    {
      "module": "module.cs_demo.module.eks[0]",
      "mode": "managed",
      "type": "aws_iam_role_policy_attachment",
      "name": "this_eks",
      "provider": "provider[\"registry.terraform.io/hashicorp/aws\"]",
      "instances": [
        {
          "schema_version": 0,
          "attributes": {
            "id": "bt-pc-demo-20250627015623885200000007-2025062701563269980000000d",
            "policy_arn": "arn:aws:iam::aws:policy/AmazonEKSClusterPolicy",
            "role": "bt-pc-demo-20250627015623885200000007"
          },
          "sensitive_attributes": [],
          "private": "bnVsbA==",
          "dependencies": [
            "module.cs_demo.module.eks.aws_iam_role.this_eks",
            "module.cs_demo.module.eks.data.aws_caller_identity.current",
            "module.cs_demo.module.infrastructure.aws_iam_role.this_task"
          ]
        }
      ]
    },
    {
      "module": "module.cs_demo.module.eks[0]",
      "mode": "managed",
      "type": "sdm_resource",
      "name": "eks",
      "provider": "provider[\"registry.terraform.io/strongdm/sdm\"]",
      "instances": [
        {
          "schema_version": 0,
          "attributes": {
            "aerospike": [],
            "aks": [],
            "aks_basic_auth": [],
            "aks_service_account": [],
            "aks_service_account_user_impersonation": [],
            "aks_user_impersonation": [],
            "amazon_eks": [],
            "amazon_eks_instance_profile": [
              {
                "allow_resource_role_bypass": false,
                "bind_interface": "100.64.0.1",
                "certificate_authority": "-----BEGIN CERTIFICATE-----\nMIIDBTCCAe2gAwIBAgIITFIWGlowEwkwDQYJKoZIhvcNAQELBQAwFTETMBEGA1UE\nAxMKa3ViZXJuZXRlczAeFw0yNTA2MjcwMTU2NTVaFw0zNTA2MjUwMjAxNTVaMBUx\nEzARBgNVBAMTCmt1YmVybmV0ZXMwggEiMA0GCSqGSIb3DQEBAQUAA4IBDwAwggEK\nAoIBAQDHqGK5aVePMzYnnMhWMygoLMuNEADgDaGEaLXr+ffYFu+zTyGOwzQw0qiZ\n4QdzUghOKl7IWO2Z1SoVMlsDO//kywaLWdFjNvkK1jBkiUKbI218DT+CJIq83+N5\nteqFFeHNEayq9qswwqB94KWGSEV1ZFCDofrs5TK1MnZcIR5S8njuaaw4jBwQ5+CN\nMDPQVgkfvYvZaKTPGBWg331wnsr4enkqvAnKqQSesyd1fnH7mLGHJp3pE3voUM8W\nksxZuYVwACHV0gs1mnSNrcj3Kr0sAQ13h7LsgWf5zqVNNf05jAiY7LePT/wXSaEk\nGvnOWpd1C1IFdfsToGBU1BYeIUOvAgMBAAGjWTBXMA4GA1UdDwEB/wQEAwICpDAP\nBgNVHRMBAf8EBTADAQH/MB0GA1UdDgQWBBRJB+CSbkxtnRN/DvSXO0o83yYjFzAV\nBgNVHREEDjAMggprdWJlcm5ldGVzMA0GCSqGSIb3DQEBCwUAA4IBAQCmlo+asmhy\nS7mxG/QOdU4PH0ZDsA9FHu+im6ffne4ShZIiblIZuR/ifNWLZWv//Ha9CqGvw0kU\nQCshr8cFCfslIblnkb0hQ3kalP+UeeNb1JIWXsPsdPQnLLvMH3ZxaPhZ+IPeZ7+w\nnVXd5ivSEukTsinxzZXVQMhE1QxrlQUlN7D2mumP7Yka9zkmFH/7QqL5pG5WLtz/\nQKdd5o4R9w5C9Y3ClepiJ5prbrgy7IBbbSKg4Ssm0uOmRncdbkRtPboSCQpaWl36\ns/vnXpurzq7ZE8eQ95+5TC0uHj45RSbK/KVO25RUAAvTdqgI8OZrcYpkxhODF/iX\n020fwayRcY2A\n-----END CERTIFICATE-----\n",
                "cluster_name": "bt-pc-demo-eks",
                "discovery_enabled": true,
                "discovery_username": "discovery",
                "egress_filter": "",
                "endpoint": "https://63D3D08892CD7AE642A2295DD219D737.gr7.us-west-2.eks.amazonaws.com",
                "healthcheck_namespace": "default",
                "identity_alias_healthcheck_username": "healthcheck",
                "identity_set_id": "",
                "name": "bt-pc-demo-eks",
                "port_override": 443,
                "proxy_cluster_id": "n-536ee487685dfb03",
                "region": "us-west-2",
                "role_arn": "",
                "role_external_id": "",
                "secret_store_id": "",
                "subdomain": "23f996ce2cce99bc",
                "tags": {
                  "Name": "bt-pc-demo-eks",
                  "project": "bt-pc-demo",
                  "workflow": "bt-pc-demo-workflow"
                }
              }
            ],
            "amazon_eks_instance_profile_user_impersonation": [],
            "amazon_eks_user_impersonation": [],
            "amazon_es": [],
            "amazon_esiam": [],
            "amazonmq_amqp_091": [],
            "athena": [],
            "athena_iam": [],
            "aurora_mysql": [],
            "aurora_mysql_iam": [],
            "aurora_postgres": [],
            "aurora_postgres_iam": [],
            "aws": [],
            "aws_console": [],
            "aws_console_static_key_pair": [],
            "aws_instance_profile": [],
            "azure": [],
            "azure_certificate": [],
            "azure_console": [],
            "azure_mysql": [],
            "azure_postgres": [],
            "azure_postgres_managed_identity": [],
            "big_query": [],
            "cassandra": [],
            "citus": [],
            "click_house_http": [],
            "click_house_my_sql": [],
            "click_house_tcp": [],
            "clustrix": [],
            "cockroach": [],
            "couchbase_database": [],
            "couchbase_web_ui": [],
            "db_2_i": [],
            "db_2_luw": [],
            "document_db_host": [],
            "document_db_host_iam": [],
            "document_db_replica_set": [],
            "document_db_replica_set_iam": [],
            "druid": [],
            "dynamo_db": [],
            "dynamo_dbiam": [],
            "elastic": [],
            "elasticache_redis": [],
            "gcp": [],
            "gcp_console": [],
            "gcpwif": [],
            "google_gke": [],
            "google_gke_user_impersonation": [],
            "greenplum": [],
            "http_auth": [],
            "http_basic_auth": [],
            "http_no_auth": [],
            "id": "rs-31f11eb5685dfcc1",
            "kubernetes": [],
            "kubernetes_basic_auth": [],
            "kubernetes_pod_identity": [],
            "kubernetes_service_account": [],
            "kubernetes_service_account_user_impersonation": [],
            "kubernetes_user_impersonation": [],
            "maria": [],
            "memcached": [],
            "memsql": [],
            "mongo_host": [],
            "mongo_legacy_host": [],
            "mongo_legacy_replicaset": [],
            "mongo_replica_set": [],
            "mongo_sharded_cluster": [],
            "mtls_mysql": [],
            "mtls_postgres": [],
            "mysql": [],
            "neptune": [],
            "neptune_iam": [],
            "oracle": [],
            "oracle_nne": [],
            "postgres": [],
            "presto": [],
            "rabbitmq_amqp_091": [],
            "raw_tcp": [],
            "rdp": [],
            "rdp_cert": [],
            "rds_postgres_iam": [],
            "redis": [],
            "redis_cluster": [],
            "redshift": [],
            "redshift_iam": [],
            "redshift_serverless_iam": [],
            "single_store": [],
            "snowflake": [],
            "snowsight": [],
            "sql_server": [],
            "sql_server_azure_ad": [],
            "sql_server_kerberos_ad": [],
            "ssh": [],
            "ssh_cert": [],
            "ssh_customer_key": [],
            "ssh_password": [],
            "sybase": [],
            "sybase_iq": [],
            "teradata": [],
            "timeouts": null,
            "trino": [],
            "vertica": []
          },
          "sensitive_attributes": [],
          "private": "eyJlMmJmYjczMC1lY2FhLTExZTYtOGY4OC0zNDM2M2JjN2M0YzAiOnsiY3JlYXRlIjo2MDAwMDAwMDAwMCwiZGVmYXVsdCI6NjAwMDAwMDAwMDAsImRlbGV0ZSI6NjAwMDAwMDAwMDAsInJlYWQiOjYwMDAwMDAwMDAwLCJ1cGRhdGUiOjYwMDAwMDAwMDAwfX0=",
          "dependencies": [
            "module.cs_demo.module.eks.aws_iam_role.this_eks",
            "module.cs_demo.module.eks.data.aws_iam_role.deployer",
            "module.cs_demo.module.eks.module.eks.aws_cloudwatch_log_group.this",
            "module.cs_demo.module.eks.module.eks.aws_eks_access_entry.this",
            "module.cs_demo.module.eks.module.eks.aws_eks_access_policy_association.this",
            "module.cs_demo.module.eks.module.eks.aws_eks_cluster.this",
            "module.cs_demo.module.eks.module.eks.aws_iam_policy.cni_ipv6_policy",
            "module.cs_demo.module.eks.module.eks.aws_iam_role.eks_auto",
            "module.cs_demo.module.eks.module.eks.aws_iam_role.this",
            "module.cs_demo.module.eks.module.eks.aws_iam_role_policy_attachment.this",
            "module.cs_demo.module.eks.module.eks.aws_security_group.cluster",
            "module.cs_demo.module.eks.module.eks.aws_security_group_rule.cluster",
            "module.cs_demo.module.eks.module.eks.aws_security_group_rule.node",
            "module.cs_demo.module.eks.module.eks.data.aws_iam_policy_document.assume_role_policy",
            "module.cs_demo.module.eks.module.eks.data.aws_iam_session_context.current",
            "module.cs_demo.module.eks.module.eks.data.aws_partition.current",
            "module.cs_demo.module.eks.module.eks.module.kms.aws_kms_external_key.this",
            "module.cs_demo.module.eks.module.eks.module.kms.aws_kms_key.this",
            "module.cs_demo.module.eks.module.eks.module.kms.aws_kms_replica_external_key.this",
            "module.cs_demo.module.eks.module.eks.module.kms.aws_kms_replica_key.this",
            "module.cs_demo.module.eks.module.eks.module.kms.data.aws_iam_policy_document.this",
            "module.cs_demo.module.infrastructure.aws_iam_role.this_task",
            "module.cs_demo.module.infrastructure.aws_security_group.worker",
            "module.cs_demo.module.infrastructure.module.vpc.aws_subnet.private",
            "module.cs_demo.module.infrastructure.module.vpc.aws_vpc.this",
            "module.cs_demo.module.sdm.sdm_node.proxy-cluster"
          ]
        }
      ]
    },
    {
      "module": "module.cs_demo.module.eks[0].module.eks",
      "mode": "data",
      "type": "aws_caller_identity",
      "name": "current",
      "provider": "provider[\"registry.terraform.io/hashicorp/aws\"]",
      "instances": [
        {
          "index_key": 0,
          "schema_version": 0,
          "attributes": {
            "account_id": "637423342822",
            "arn": "arn:aws:sts::637423342822:assumed-role/AWSReservedSSO_AdministratorAccess_3592835a30781ed5/berret.terry@strongdm.com",
            "id": "637423342822",
            "user_id": "AROAZI2LEKTTH2JG2QTSL:berret.terry@strongdm.com"
          },
          "sensitive_attributes": []
        }
      ]
    },
    {
      "module": "module.cs_demo.module.eks[0].module.eks",
      "mode": "data",
      "type": "aws_iam_policy_document",
      "name": "assume_role_policy",
      "provider": "provider[\"registry.terraform.io/hashicorp/aws\"]",
      "instances": [
        {
          "index_key": 0,
          "schema_version": 0,
          "attributes": {
            "id": "2830595799",
            "json": "{\n  \"Version\": \"2012-10-17\",\n  \"Statement\": [\n    {\n      \"Sid\": \"EKSClusterAssumeRole\",\n      \"Effect\": \"Allow\",\n      \"Action\": [\n        \"sts:TagSession\",\n        \"sts:AssumeRole\"\n      ],\n      \"Principal\": {\n        \"Service\": \"eks.amazonaws.com\"\n      }\n    }\n  ]\n}",
            "minified_json": "{\"Version\":\"2012-10-17\",\"Statement\":[{\"Sid\":\"EKSClusterAssumeRole\",\"Effect\":\"Allow\",\"Action\":[\"sts:TagSession\",\"sts:AssumeRole\"],\"Principal\":{\"Service\":\"eks.amazonaws.com\"}}]}",
            "override_json": null,
            "override_policy_documents": null,
            "policy_id": null,
            "source_json": null,
            "source_policy_documents": null,
            "statement": [
              {
                "actions": [
                  "sts:AssumeRole",
                  "sts:TagSession"
                ],
                "condition": [],
                "effect": "Allow",
                "not_actions": [],
                "not_principals": [],
                "not_resources": [],
                "principals": [
                  {
                    "identifiers": [
                      "eks.amazonaws.com"
                    ],
                    "type": "Service"
                  }
                ],
                "resources": [],
                "sid": "EKSClusterAssumeRole"
              }
            ],
            "version": "2012-10-17"
          },
          "sensitive_attributes": []
        }
      ]
    },
    {
      "module": "module.cs_demo.module.eks[0].module.eks",
      "mode": "data",
      "type": "aws_iam_policy_document",
      "name": "custom",
      "provider": "provider[\"registry.terraform.io/hashicorp/aws\"]",
      "instances": [
        {
          "index_key": 0,
          "schema_version": 0,
          "attributes": {
            "id": "513122117",
            "json": "{\n  \"Version\": \"2012-10-17\",\n  \"Statement\": [\n    {\n      \"Sid\": \"Compute\",\n      \"Effect\": \"Allow\",\n      \"Action\": [\n        \"ec2:RunInstances\",\n        \"ec2:CreateLaunchTemplate\",\n        \"ec2:CreateFleet\"\n      ],\n      \"Resource\": \"*\",\n      \"Condition\": {\n        \"StringEquals\": {\n          \"aws:RequestTag/eks:eks-cluster-name\": \"${aws:PrincipalTag/eks:eks-cluster-name}\"\n        },\n        \"StringLike\": {\n          \"aws:RequestTag/eks:kubernetes-node-class-name\": \"*\",\n          \"aws:RequestTag/eks:kubernetes-node-pool-name\": \"*\"\n        }\n      }\n    },\n    {\n      \"Sid\": \"Storage\",\n      \"Effect\": \"Allow\",\n      \"Action\": [\n        \"ec2:CreateVolume\",\n        \"ec2:CreateSnapshot\"\n      ],\n      \"Resource\": [\n        \"arn:aws:ec2:*:*:volume/*\",\n        \"arn:aws:ec2:*:*:snapshot/*\"\n      ],\n      \"Condition\": {\n        \"StringEquals\": {\n          \"aws:RequestTag/eks:eks-cluster-name\": \"${aws:PrincipalTag/eks:eks-cluster-name}\"\n        }\n      }\n    },\n    {\n      \"Sid\": \"Networking\",\n      \"Effect\": \"Allow\",\n      \"Action\": \"ec2:CreateNetworkInterface\",\n      \"Resource\": \"*\",\n      \"Condition\": {\n        \"StringEquals\": {\n          \"aws:RequestTag/eks:eks-cluster-name\": \"${aws:PrincipalTag/eks:eks-cluster-name}\",\n          \"aws:RequestTag/eks:kubernetes-cni-node-name\": \"*\"\n        }\n      }\n    },\n    {\n      \"Sid\": \"LoadBalancer\",\n      \"Effect\": \"Allow\",\n      \"Action\": [\n        \"elasticloadbalancing:CreateTargetGroup\",\n        \"elasticloadbalancing:CreateRule\",\n        \"elasticloadbalancing:CreateLoadBalancer\",\n        \"elasticloadbalancing:CreateListener\",\n        \"ec2:CreateSecurityGroup\"\n      ],\n      \"Resource\": \"*\",\n      \"Condition\": {\n        \"StringEquals\": {\n          \"aws:RequestTag/eks:eks-cluster-name\": \"${aws:PrincipalTag/eks:eks-cluster-name}\"\n        }\n      }\n    },\n    {\n      \"Sid\": \"ShieldProtection\",\n      \"Effect\": \"Allow\",\n      \"Action\": \"shield:CreateProtection\",\n      \"Resource\": \"*\",\n      \"Condition\": {\n        \"StringEquals\": {\n          \"aws:RequestTag/eks:eks-cluster-name\": \"${aws:PrincipalTag/eks:eks-cluster-name}\"\n        }\n      }\n    },\n    {\n      \"Sid\": \"ShieldTagResource\",\n      \"Effect\": \"Allow\",\n      \"Action\": \"shield:TagResource\",\n      \"Resource\": \"arn:aws:shield::*:protection/*\",\n      \"Condition\": {\n        \"StringEquals\": {\n          \"aws:RequestTag/eks:eks-cluster-name\": \"${aws:PrincipalTag/eks:eks-cluster-name}\"\n        }\n      }\n    }\n  ]\n}",
            "minified_json": "{\"Version\":\"2012-10-17\",\"Statement\":[{\"Sid\":\"Compute\",\"Effect\":\"Allow\",\"Action\":[\"ec2:RunInstances\",\"ec2:CreateLaunchTemplate\",\"ec2:CreateFleet\"],\"Resource\":\"*\",\"Condition\":{\"StringEquals\":{\"aws:RequestTag/eks:eks-cluster-name\":\"${aws:PrincipalTag/eks:eks-cluster-name}\"},\"StringLike\":{\"aws:RequestTag/eks:kubernetes-node-class-name\":\"*\",\"aws:RequestTag/eks:kubernetes-node-pool-name\":\"*\"}}},{\"Sid\":\"Storage\",\"Effect\":\"Allow\",\"Action\":[\"ec2:CreateVolume\",\"ec2:CreateSnapshot\"],\"Resource\":[\"arn:aws:ec2:*:*:volume/*\",\"arn:aws:ec2:*:*:snapshot/*\"],\"Condition\":{\"StringEquals\":{\"aws:RequestTag/eks:eks-cluster-name\":\"${aws:PrincipalTag/eks:eks-cluster-name}\"}}},{\"Sid\":\"Networking\",\"Effect\":\"Allow\",\"Action\":\"ec2:CreateNetworkInterface\",\"Resource\":\"*\",\"Condition\":{\"StringEquals\":{\"aws:RequestTag/eks:eks-cluster-name\":\"${aws:PrincipalTag/eks:eks-cluster-name}\",\"aws:RequestTag/eks:kubernetes-cni-node-name\":\"*\"}}},{\"Sid\":\"LoadBalancer\",\"Effect\":\"Allow\",\"Action\":[\"elasticloadbalancing:CreateTargetGroup\",\"elasticloadbalancing:CreateRule\",\"elasticloadbalancing:CreateLoadBalancer\",\"elasticloadbalancing:CreateListener\",\"ec2:CreateSecurityGroup\"],\"Resource\":\"*\",\"Condition\":{\"StringEquals\":{\"aws:RequestTag/eks:eks-cluster-name\":\"${aws:PrincipalTag/eks:eks-cluster-name}\"}}},{\"Sid\":\"ShieldProtection\",\"Effect\":\"Allow\",\"Action\":\"shield:CreateProtection\",\"Resource\":\"*\",\"Condition\":{\"StringEquals\":{\"aws:RequestTag/eks:eks-cluster-name\":\"${aws:PrincipalTag/eks:eks-cluster-name}\"}}},{\"Sid\":\"ShieldTagResource\",\"Effect\":\"Allow\",\"Action\":\"shield:TagResource\",\"Resource\":\"arn:aws:shield::*:protection/*\",\"Condition\":{\"StringEquals\":{\"aws:RequestTag/eks:eks-cluster-name\":\"${aws:PrincipalTag/eks:eks-cluster-name}\"}}}]}",
            "override_json": null,
            "override_policy_documents": null,
            "policy_id": null,
            "source_json": null,
            "source_policy_documents": null,
            "statement": [
              {
                "actions": [
                  "ec2:CreateFleet",
                  "ec2:CreateLaunchTemplate",
                  "ec2:RunInstances"
                ],
                "condition": [
                  {
                    "test": "StringEquals",
                    "values": [
                      "${aws:PrincipalTag/eks:eks-cluster-name}"
                    ],
                    "variable": "aws:RequestTag/eks:eks-cluster-name"
                  },
                  {
                    "test": "StringLike",
                    "values": [
                      "*"
                    ],
                    "variable": "aws:RequestTag/eks:kubernetes-node-class-name"
                  },
                  {
                    "test": "StringLike",
                    "values": [
                      "*"
                    ],
                    "variable": "aws:RequestTag/eks:kubernetes-node-pool-name"
                  }
                ],
                "effect": "Allow",
                "not_actions": [],
                "not_principals": [],
                "not_resources": [],
                "principals": [],
                "resources": [
                  "*"
                ],
                "sid": "Compute"
              },
              {
                "actions": [
                  "ec2:CreateSnapshot",
                  "ec2:CreateVolume"
                ],
                "condition": [
                  {
                    "test": "StringEquals",
                    "values": [
                      "${aws:PrincipalTag/eks:eks-cluster-name}"
                    ],
                    "variable": "aws:RequestTag/eks:eks-cluster-name"
                  }
                ],
                "effect": "Allow",
                "not_actions": [],
                "not_principals": [],
                "not_resources": [],
                "principals": [],
                "resources": [
                  "arn:aws:ec2:*:*:snapshot/*",
                  "arn:aws:ec2:*:*:volume/*"
                ],
                "sid": "Storage"
              },
              {
                "actions": [
                  "ec2:CreateNetworkInterface"
                ],
                "condition": [
                  {
                    "test": "StringEquals",
                    "values": [
                      "${aws:PrincipalTag/eks:eks-cluster-name}"
                    ],
                    "variable": "aws:RequestTag/eks:eks-cluster-name"
                  },
                  {
                    "test": "StringEquals",
                    "values": [
                      "*"
                    ],
                    "variable": "aws:RequestTag/eks:kubernetes-cni-node-name"
                  }
                ],
                "effect": "Allow",
                "not_actions": [],
                "not_principals": [],
                "not_resources": [],
                "principals": [],
                "resources": [
                  "*"
                ],
                "sid": "Networking"
              },
              {
                "actions": [
                  "ec2:CreateSecurityGroup",
                  "elasticloadbalancing:CreateListener",
                  "elasticloadbalancing:CreateLoadBalancer",
                  "elasticloadbalancing:CreateRule",
                  "elasticloadbalancing:CreateTargetGroup"
                ],
                "condition": [
                  {
                    "test": "StringEquals",
                    "values": [
                      "${aws:PrincipalTag/eks:eks-cluster-name}"
                    ],
                    "variable": "aws:RequestTag/eks:eks-cluster-name"
                  }
                ],
                "effect": "Allow",
                "not_actions": [],
                "not_principals": [],
                "not_resources": [],
                "principals": [],
                "resources": [
                  "*"
                ],
                "sid": "LoadBalancer"
              },
              {
                "actions": [
                  "shield:CreateProtection"
                ],
                "condition": [
                  {
                    "test": "StringEquals",
                    "values": [
                      "${aws:PrincipalTag/eks:eks-cluster-name}"
                    ],
                    "variable": "aws:RequestTag/eks:eks-cluster-name"
                  }
                ],
                "effect": "Allow",
                "not_actions": [],
                "not_principals": [],
                "not_resources": [],
                "principals": [],
                "resources": [
                  "*"
                ],
                "sid": "ShieldProtection"
              },
              {
                "actions": [
                  "shield:TagResource"
                ],
                "condition": [
                  {
                    "test": "StringEquals",
                    "values": [
                      "${aws:PrincipalTag/eks:eks-cluster-name}"
                    ],
                    "variable": "aws:RequestTag/eks:eks-cluster-name"
                  }
                ],
                "effect": "Allow",
                "not_actions": [],
                "not_principals": [],
                "not_resources": [],
                "principals": [],
                "resources": [
                  "arn:aws:shield::*:protection/*"
                ],
                "sid": "ShieldTagResource"
              }
            ],
            "version": "2012-10-17"
          },
          "sensitive_attributes": []
        }
      ]
    },
    {
      "module": "module.cs_demo.module.eks[0].module.eks",
      "mode": "data",
      "type": "aws_iam_session_context",
      "name": "current",
      "provider": "provider[\"registry.terraform.io/hashicorp/aws\"]",
      "instances": [
        {
          "index_key": 0,
          "schema_version": 0,
          "attributes": {
            "arn": "arn:aws:sts::637423342822:assumed-role/AWSReservedSSO_AdministratorAccess_3592835a30781ed5/berret.terry@strongdm.com",
            "id": "arn:aws:sts::637423342822:assumed-role/AWSReservedSSO_AdministratorAccess_3592835a30781ed5/berret.terry@strongdm.com",
            "issuer_arn": "arn:aws:iam::637423342822:role/aws-reserved/sso.amazonaws.com/us-east-2/AWSReservedSSO_AdministratorAccess_3592835a30781ed5",
            "issuer_id": "AROAZI2LEKTTH2JG2QTSL",
            "issuer_name": "AWSReservedSSO_AdministratorAccess_3592835a30781ed5",
            "session_name": "berret.terry@strongdm.com"
          },
          "sensitive_attributes": []
        }
      ]
    },
    {
      "module": "module.cs_demo.module.eks[0].module.eks",
      "mode": "data",
      "type": "aws_partition",
      "name": "current",
      "provider": "provider[\"registry.terraform.io/hashicorp/aws\"]",
      "instances": [
        {
          "index_key": 0,
          "schema_version": 0,
          "attributes": {
            "dns_suffix": "amazonaws.com",
            "id": "aws",
            "partition": "aws",
            "reverse_dns_prefix": "com.amazonaws"
          },
          "sensitive_attributes": []
        }
      ]
    },
    {
      "module": "module.cs_demo.module.eks[0].module.eks",
      "mode": "data",
      "type": "tls_certificate",
      "name": "this",
      "provider": "provider[\"registry.terraform.io/hashicorp/tls\"]",
      "instances": [
        {
          "index_key": 0,
          "schema_version": 0,
          "attributes": {
            "certificates": [
              {
                "cert_pem": "-----BEGIN CERTIFICATE-----\nMIIEdTCCA12gAwIBAgIJAKcOSkw0grd/MA0GCSqGSIb3DQEBCwUAMGgxCzAJBgNV\nBAYTAlVTMSUwIwYDVQQKExxTdGFyZmllbGQgVGVjaG5vbG9naWVzLCBJbmMuMTIw\nMAYDVQQLEylTdGFyZmllbGQgQ2xhc3MgMiBDZXJ0aWZpY2F0aW9uIEF1dGhvcml0\neTAeFw0wOTA5MDIwMDAwMDBaFw0zNDA2MjgxNzM5MTZaMIGYMQswCQYDVQQGEwJV\nUzEQMA4GA1UECBMHQXJpem9uYTETMBEGA1UEBxMKU2NvdHRzZGFsZTElMCMGA1UE\nChMcU3RhcmZpZWxkIFRlY2hub2xvZ2llcywgSW5jLjE7MDkGA1UEAxMyU3RhcmZp\nZWxkIFNlcnZpY2VzIFJvb3QgQ2VydGlmaWNhdGUgQXV0aG9yaXR5IC0gRzIwggEi\nMA0GCSqGSIb3DQEBAQUAA4IBDwAwggEKAoIBAQDVDDrEKvlO4vW+GZdfjohTsR8/\ny8+fIBNtKTrID30892t2OGPZNmCom15cAICyL1l/9of5JUOG52kbUpqQ4XHj2C0N\nTm/2yEnZtvMaVq4rtnQU68/7JuMauh2WLmo7WJSJR1b/JaCTcFOD2oR0FMNnngRo\nOt+OQFodSk7PQ5E751bWAHDLUu57fa4657wx+UX2wmDPE1kCK4DMNEffud6QZW0C\nzyyRpqbn3oUYSXxmTqM6bam17jQuug0DuDPfR+uxa40l2ZvOgdFFRjKWcIfeAg5J\nQ4W2bHO7ZOphQazJ1FTfhy/HIrImzJ9ZVGif/L4qL8RVHHVAYBeFAlU5i38FAgMB\nAAGjgfAwge0wDwYDVR0TAQH/BAUwAwEB/zAOBgNVHQ8BAf8EBAMCAYYwHQYDVR0O\nBBYEFJxfAN+qAdcwKziIorhtSpzyEZGDMB8GA1UdIwQYMBaAFL9ft9HO3R+G9FtV\nrNzXEMIOqYjnME8GCCsGAQUFBwEBBEMwQTAcBggrBgEFBQcwAYYQaHR0cDovL28u\nc3MyLnVzLzAhBggrBgEFBQcwAoYVaHR0cDovL3guc3MyLnVzL3guY2VyMCYGA1Ud\nHwQfMB0wG6AZoBeGFWh0dHA6Ly9zLnNzMi51cy9yLmNybDARBgNVHSAECjAIMAYG\nBFUdIAAwDQYJKoZIhvcNAQELBQADggEBACMd44pXyn3pF3lM8R5V/cxTbj5HD9/G\nVfKyBDbtgB9TxF00KGu+x1X8Z+rLP3+QsjPNG1gQggL4+C/1E2DUBc7xgQjB3ad1\nl08YuW3e95ORCLp+QCztweq7dp4zBncdDQh/U90bZKuCJ/Fp1U1ervShw3WnWEQt\n8jxwmKy6abaVd38PMV4s/KCHOkdp8Hlf9BRUpJVeEXgSYCfOn8J3/yNTd126/+pZ\n59vPr5KW7ySaNRB6nJHGDn2Z9j8Z3/VyVOEVqQdZe4O/Ui5GjLIAZHYcSNPYeehu\nVsyuLAOQ1xk4meTKCRlb/weWsKh/NEnfVqn3sF/tM+2MR7cwA130A4w=\n-----END CERTIFICATE-----\n",
                "is_ca": true,
                "issuer": "OU=Starfield Class 2 Certification Authority,O=Starfield Technologies\\, Inc.,C=US",
                "not_after": "2034-06-28T17:39:16Z",
                "not_before": "2009-09-02T00:00:00Z",
                "public_key_algorithm": "RSA",
                "serial_number": "12037640545166866303",
                "sha1_fingerprint": "9e99a48a9960b14926bb7f3b02e22da2b0ab7280",
                "signature_algorithm": "SHA256-RSA",
                "subject": "CN=Starfield Services Root Certificate Authority - G2,O=Starfield Technologies\\, Inc.,L=Scottsdale,ST=Arizona,C=US",
                "version": 3
              },
              {
                "cert_pem": "-----BEGIN CERTIFICATE-----\nMIIEkjCCA3qgAwIBAgITBn+USionzfP6wq4rAfkI7rnExjANBgkqhkiG9w0BAQsF\nADCBmDELMAkGA1UEBhMCVVMxEDAOBgNVBAgTB0FyaXpvbmExEzARBgNVBAcTClNj\nb3R0c2RhbGUxJTAjBgNVBAoTHFN0YXJmaWVsZCBUZWNobm9sb2dpZXMsIEluYy4x\nOzA5BgNVBAMTMlN0YXJmaWVsZCBTZXJ2aWNlcyBSb290IENlcnRpZmljYXRlIEF1\ndGhvcml0eSAtIEcyMB4XDTE1MDUyNTEyMDAwMFoXDTM3MTIzMTAxMDAwMFowOTEL\nMAkGA1UEBhMCVVMxDzANBgNVBAoTBkFtYXpvbjEZMBcGA1UEAxMQQW1hem9uIFJv\nb3QgQ0EgMTCCASIwDQYJKoZIhvcNAQEBBQADggEPADCCAQoCggEBALJ4gHHKeNXj\nca9HgFB0fW7Y14h29Jlo91ghYPl0hAEvrAIthtOgQ3pOsqTQNroBvo3bSMgHFzZM\n9O6II8c+6zf1tRn4SWiw3te5djgdYZ6k/oI2peVKVuRF4fn9tBb6dNqcmzU5L/qw\nIFAGbHrQgLKm+a/sRxmPUDgH3KKHOVj4utWp+UhnMJbulHheb4mjUcAwhmahRWa6\nVOujw5H5SNz/0egwLX0tdHA114gk957EWW67c4cX8jJGKLhD+rcdqsq08p8kDi1L\n93FcXmn/6pUCyziKrlA4b9v7LWIbxcceVOF34GfID5yHI9Y/QCB/IIDEgEw+OyQm\njgSubJrIqg0CAwEAAaOCATEwggEtMA8GA1UdEwEB/wQFMAMBAf8wDgYDVR0PAQH/\nBAQDAgGGMB0GA1UdDgQWBBSEGMyFNOy8DJSULghZnMeyEE4KCDAfBgNVHSMEGDAW\ngBScXwDfqgHXMCs4iKK4bUqc8hGRgzB4BggrBgEFBQcBAQRsMGowLgYIKwYBBQUH\nMAGGImh0dHA6Ly9vY3NwLnJvb3RnMi5hbWF6b250cnVzdC5jb20wOAYIKwYBBQUH\nMAKGLGh0dHA6Ly9jcnQucm9vdGcyLmFtYXpvbnRydXN0LmNvbS9yb290ZzIuY2Vy\nMD0GA1UdHwQ2MDQwMqAwoC6GLGh0dHA6Ly9jcmwucm9vdGcyLmFtYXpvbnRydXN0\nLmNvbS9yb290ZzIuY3JsMBEGA1UdIAQKMAgwBgYEVR0gADANBgkqhkiG9w0BAQsF\nAAOCAQEAYjdCXLwQtT6LLOkMm2xF4gcAevnFWAu5CIw+7bMlPLVvUOTNNWqnkzSW\nMiGpSESrnO09tKpzbeR/FoCJbM8oAxiDR3mjEH4wW6w7sGDgd9QIpuEdfF7Au/ma\neyKdpwAJfqxGF4PcnCZXmTA5YpaP7dreqsXMGz7KQ2hsVxa81Q4gLv7/wmpdLqBK\nbRRYh5TmOTFffHPLkIhqhBGWJ6bt2YFGpn6jcgAKUj6DiAdjd4lpFw85hdKrCEVN\n0FE6/V1dN2RMfjCyVSRCnTawXZwXgWHxyvkQAiSr6w10kY17RSlQOYiypok1JR4U\nakcjMS9cmvqtmg5iUaQqqcT5NJ0hGA==\n-----END CERTIFICATE-----\n",
                "is_ca": true,
                "issuer": "CN=Starfield Services Root Certificate Authority - G2,O=Starfield Technologies\\, Inc.,L=Scottsdale,ST=Arizona,C=US",
                "not_after": "2037-12-31T01:00:00Z",
                "not_before": "2015-05-25T12:00:00Z",
                "public_key_algorithm": "RSA",
                "serial_number": "144918191876577076464031512351042010504348870",
                "sha1_fingerprint": "06b25927c42a721631c1efd9431e648fa62e1e39",
                "signature_algorithm": "SHA256-RSA",
                "subject": "CN=Amazon Root CA 1,O=Amazon,C=US",
                "version": 3
              },
              {
                "cert_pem": "-----BEGIN CERTIFICATE-----\nMIIEXjCCA0agAwIBAgITB3MSTNQG0mfAmRzdKZqfODF5hTANBgkqhkiG9w0BAQsF\nADA5MQswCQYDVQQGEwJVUzEPMA0GA1UEChMGQW1hem9uMRkwFwYDVQQDExBBbWF6\nb24gUm9vdCBDQSAxMB4XDTIyMDgyMzIyMjYwNFoXDTMwMDgyMzIyMjYwNFowPDEL\nMAkGA1UEBhMCVVMxDzANBgNVBAoTBkFtYXpvbjEcMBoGA1UEAxMTQW1hem9uIFJT\nQSAyMDQ4IE0wMzCCASIwDQYJKoZIhvcNAQEBBQADggEPADCCAQoCggEBALd/pVko\n8vuM475Tf45HV3BbCl/B9Jy89G1CRkFjcPY06WA9lS+7dWbUA7GtWUKoksr69hKM\nwcMsNpxlw7b3jeXFgxB09/nmalcAWtnLzF+LaDKEA5DQmvKzuh1nfIfqEiKCQSmX\nXh09Xs+dO7cm5qbaL2hhNJCSAejciwcvOFgFNgEMR42wm6KIFHsQW28jhA+1u/M0\np6fVwReuEgZfLfdx82Px0LJck3lST3EB/JfbdsdOzzzg5YkY1dfuqf8y5fUeZ7Cz\nWXbTjujwX/TovmeWKA36VLCz75azW6tDNuDn66FOpADZZ9omVaF6BqNJiLMVl6P3\n/c0OiUMC6Z5OfKcCAwEAAaOCAVowggFWMBIGA1UdEwEB/wQIMAYBAf8CAQAwDgYD\nVR0PAQH/BAQDAgGGMB0GA1UdJQQWMBQGCCsGAQUFBwMBBggrBgEFBQcDAjAdBgNV\nHQ4EFgQUVdkYX9IczAHhWLS+q9lVQgHXLgIwHwYDVR0jBBgwFoAUhBjMhTTsvAyU\nlC4IWZzHshBOCggwewYIKwYBBQUHAQEEbzBtMC8GCCsGAQUFBzABhiNodHRwOi8v\nb2NzcC5yb290Y2ExLmFtYXpvbnRydXN0LmNvbTA6BggrBgEFBQcwAoYuaHR0cDov\nL2NydC5yb290Y2ExLmFtYXpvbnRydXN0LmNvbS9yb290Y2ExLmNlcjA/BgNVHR8E\nODA2MDSgMqAwhi5odHRwOi8vY3JsLnJvb3RjYTEuYW1hem9udHJ1c3QuY29tL3Jv\nb3RjYTEuY3JsMBMGA1UdIAQMMAowCAYGZ4EMAQIBMA0GCSqGSIb3DQEBCwUAA4IB\nAQAGjeWm2cC+3z2MzSCnte46/7JZvj3iQZDY7EvODNdZF41n71Lrk9kbfNwerK0d\nVNzW36Wefr7j7ZSwBVg50W5ay65jNSN74TTQV1yt4WnSbVvN6KlMs1hiyOZdoHKs\nKDV2UGNxbdoBYCQNa2GYF8FQIWLugNp35aSOpMy6cFlymFQomIrnOQHwK1nvVY4q\nxDSJMU/gNJz17D8ArPN3ngnyZ2TwepJ0uBINz3G5te2rdFUF4i4Y3Bb7FUlHDYm4\nu8aIRGpk2ZpfXmxaoxnbIBZRvGLPSUuPwnwoUOMsJ8jirI5vs2dvchPb7MtI1rle\ni02f2ivH2vxkjDLltSpe2fiC\n-----END CERTIFICATE-----\n",
                "is_ca": true,
                "issuer": "CN=Amazon Root CA 1,O=Amazon,C=US",
                "not_after": "2030-08-23T22:26:04Z",
                "not_before": "2022-08-23T22:26:04Z",
                "public_key_algorithm": "RSA",
                "serial_number": "166129356476704345391986644047206454194698629",
                "sha1_fingerprint": "d9fe0a65fa00cabf61f5120d373a8135e1461f15",
                "signature_algorithm": "SHA256-RSA",
                "subject": "CN=Amazon RSA 2048 M03,O=Amazon,C=US",
                "version": 3
              },
              {
                "cert_pem": "-----BEGIN CERTIFICATE-----\nMIIF6DCCBNCgAwIBAgIQBv66XyqnBqR8D/sF0JzzHTANBgkqhkiG9w0BAQsFADA8\nMQswCQYDVQQGEwJVUzEPMA0GA1UEChMGQW1hem9uMRwwGgYDVQQDExNBbWF6b24g\nUlNBIDIwNDggTTAzMB4XDTI1MDMwMjAwMDAwMFoXDTI2MDQwMTIzNTk1OVowKDEm\nMCQGA1UEAwwdKi5la3MudXMtd2VzdC0yLmFtYXpvbmF3cy5jb20wggEiMA0GCSqG\nSIb3DQEBAQUAA4IBDwAwggEKAoIBAQCfvO2Esh0vzmZxCPzfNlHCnH1745SQp00q\nPlS7O+PscmHxnzVa5VLmMZ609FV22Nf1DwEhfo/cxRLiCA3BHxPoAAbE8j5zhoLp\nEn8/GEDYaz0iFBGoLD+oXN7JUW3jpyvq2e60lg0V6aDo9r/nkiVryZ2pv0HpD+UT\nTUhK0dnrBNEVdc6r8wh9bec5PXcDpbyTqgcOVzqe0DvGHLf2GfFUHgekPXkA9g/s\nOs3i7q6eszZj2Lj6JLlJRgptVIgZRcTdroNlbOVIUri4N0O2VRM9N5IWg8oTgc8n\njDRlwzOddWceiFIaaaKLcGlClTpwv+GmLYsWi9/Ut4iJvykMu+aNAgMBAAGjggL4\nMIIC9DAfBgNVHSMEGDAWgBRV2Rhf0hzMAeFYtL6r2VVCAdcuAjAdBgNVHQ4EFgQU\nAChHNssPUZLuggbNPwBJrrWOY0owKAYDVR0RBCEwH4IdKi5la3MudXMtd2VzdC0y\nLmFtYXpvbmF3cy5jb20wEwYDVR0gBAwwCjAIBgZngQwBAgEwDgYDVR0PAQH/BAQD\nAgWgMB0GA1UdJQQWMBQGCCsGAQUFBwMBBggrBgEFBQcDAjA7BgNVHR8ENDAyMDCg\nLqAshipodHRwOi8vY3JsLnIybTAzLmFtYXpvbnRydXN0LmNvbS9yMm0wMy5jcmww\ndQYIKwYBBQUHAQEEaTBnMC0GCCsGAQUFBzABhiFodHRwOi8vb2NzcC5yMm0wMy5h\nbWF6b250cnVzdC5jb20wNgYIKwYBBQUHMAKGKmh0dHA6Ly9jcnQucjJtMDMuYW1h\nem9udHJ1c3QuY29tL3IybTAzLmNlcjAMBgNVHRMBAf8EAjAAMIIBgAYKKwYBBAHW\neQIEAgSCAXAEggFsAWoAdwAOV5S8866pPjMbLJkHs/eQ35vCPXEyJd0hqSWsYcVO\nIQAAAZVUXKmmAAAEAwBIMEYCIQCFd4Z7oyEJQmbZikEocI2h9QFRDFNeqe36ETZt\nN6cYPAIhAJrwPV50ncMOzvBJwbpDlqTg77x523TVW1NtwEa052diAHcAZBHEbKQS\n7KeJHKICLgC8q08oB9QeNSer6v7VA8l9zfAAAAGVVFyp6AAABAMASDBGAiEA92Vs\nqLJxjsOxnQoEdCqQlS8MXH33CkII5kZkIyVXO90CIQDQLcVutogxZJXL9gDq3vYt\nvLEeApjx3/jaa80h8IEFOgB2AEmcm2neHXzs/DbezYdkprhbrwqHgBnRVVL76esp\n3fjDAAABlVRcqfQAAAQDAEcwRQIhAKxL9D1igVrXlrEoahU5MCINMqujvaiFDF8N\nW+VEtEENAiAnHaF+ws06pp3W4X13bY5rWNNueoGkTZEIJaMdpqB2sjANBgkqhkiG\n9w0BAQsFAAOCAQEAA/rMiAebzGQ8pDU9DFsMFREV77bzVJLMZy/avsl+dyvkom+T\nYyBfPZ/a82AoN0y6jM3v6RsMq26Lp0ZiFJ3/4Vddfx/EXv288/ztKt2VP8NeuWim\nM/YClUrkbu5Nx/q2JeIryhkcWqlDQMPFtd5OVfbC7qIWWLlDpKdBzmlheeTqQF3Y\ntShfHyhslseAqBt6hMAt6+F/NSpmUspR7VZN++X0C344SoASYKsrZ94yPaWTtIah\n2hgki3nkJCP/B7zSYOjcecbk8VB3gAl57ZSQMGSHY9Dqaq5ThfQl2Co0ODsV0dqW\nXH0SYy4Tq414jDnyLFru2M+pcH28OIDkH+mKaw==\n-----END CERTIFICATE-----\n",
                "is_ca": false,
                "issuer": "CN=Amazon RSA 2048 M03,O=Amazon,C=US",
                "not_after": "2026-04-01T23:59:59Z",
                "not_before": "2025-03-02T00:00:00Z",
                "public_key_algorithm": "RSA",
                "serial_number": "9297991444839351913657215057320014621",
                "sha1_fingerprint": "567dc0929bef44b0cd9d0d9abadfb33ea85a536c",
                "signature_algorithm": "SHA256-RSA",
                "subject": "CN=*.eks.us-west-2.amazonaws.com",
                "version": 3
              }
            ],
            "content": null,
            "id": "213644035344c59e44dd4b37f3e17ae888eed9e0",
            "url": "https://oidc.eks.us-west-2.amazonaws.com/id/63D3D08892CD7AE642A2295DD219D737",
            "verify_chain": true
          },
          "sensitive_attributes": []
        }
      ]
    },
    {
      "module": "module.cs_demo.module.eks[0].module.eks",
      "mode": "managed",
      "type": "aws_cloudwatch_log_group",
      "name": "this",
      "provider": "provider[\"registry.terraform.io/hashicorp/aws\"]",
      "instances": [
        {
          "index_key": 0,
          "schema_version": 0,
          "attributes": {
            "arn": "arn:aws:logs:us-west-2:637423342822:log-group:/aws/eks/bt-pc-demo-eks/cluster",
            "id": "/aws/eks/bt-pc-demo-eks/cluster",
            "kms_key_id": "",
            "log_group_class": "STANDARD",
            "name": "/aws/eks/bt-pc-demo-eks/cluster",
            "name_prefix": "",
            "retention_in_days": 90,
            "skip_destroy": false,
            "tags": {
              "Name": "/aws/eks/bt-pc-demo-eks/cluster",
              "project": "bt-pc-demo",
              "workflow": "bt-pc-demo-workflow"
            },
            "tags_all": {
              "Name": "/aws/eks/bt-pc-demo-eks/cluster",
              "project": "bt-pc-demo",
              "workflow": "bt-pc-demo-workflow"
            }
          },
          "sensitive_attributes": [],
          "private": "bnVsbA=="
        }
      ]
    },
    {
      "module": "module.cs_demo.module.eks[0].module.eks",
      "mode": "managed",
      "type": "aws_ec2_tag",
      "name": "cluster_primary_security_group",
      "provider": "provider[\"registry.terraform.io/hashicorp/aws\"]",
      "instances": [
        {
          "index_key": "project",
          "schema_version": 0,
          "attributes": {
            "id": "sg-030a043bb7fb2e03b,project",
            "key": "project",
            "resource_id": "sg-030a043bb7fb2e03b",
            "value": "bt-pc-demo"
          },
          "sensitive_attributes": [],
          "private": "bnVsbA==",
          "dependencies": [
            "module.cs_demo.module.eks.module.eks.aws_cloudwatch_log_group.this",
            "module.cs_demo.module.eks.module.eks.aws_eks_cluster.this",
            "module.cs_demo.module.eks.module.eks.aws_iam_policy.cni_ipv6_policy",
            "module.cs_demo.module.eks.module.eks.aws_iam_role.eks_auto",
            "module.cs_demo.module.eks.module.eks.aws_iam_role.this",
            "module.cs_demo.module.eks.module.eks.aws_iam_role_policy_attachment.this",
            "module.cs_demo.module.eks.module.eks.aws_security_group.cluster",
            "module.cs_demo.module.eks.module.eks.aws_security_group_rule.cluster",
            "module.cs_demo.module.eks.module.eks.aws_security_group_rule.node",
            "module.cs_demo.module.eks.module.eks.data.aws_iam_policy_document.assume_role_policy",
            "module.cs_demo.module.eks.module.eks.data.aws_partition.current",
            "module.cs_demo.module.eks.module.eks.module.kms.aws_kms_external_key.this",
            "module.cs_demo.module.eks.module.eks.module.kms.aws_kms_key.this",
            "module.cs_demo.module.eks.module.eks.module.kms.aws_kms_replica_external_key.this",
            "module.cs_demo.module.eks.module.eks.module.kms.aws_kms_replica_key.this",
            "module.cs_demo.module.eks.module.eks.module.kms.data.aws_iam_policy_document.this",
            "module.cs_demo.module.infrastructure.aws_security_group.worker",
            "module.cs_demo.module.infrastructure.module.vpc.aws_subnet.private",
            "module.cs_demo.module.infrastructure.module.vpc.aws_vpc.this"
          ]
        },
        {
          "index_key": "workflow",
          "schema_version": 0,
          "attributes": {
            "id": "sg-030a043bb7fb2e03b,workflow",
            "key": "workflow",
            "resource_id": "sg-030a043bb7fb2e03b",
            "value": "bt-pc-demo-workflow"
          },
          "sensitive_attributes": [],
          "private": "bnVsbA==",
          "dependencies": [
            "module.cs_demo.module.eks.module.eks.aws_cloudwatch_log_group.this",
            "module.cs_demo.module.eks.module.eks.aws_eks_cluster.this",
            "module.cs_demo.module.eks.module.eks.aws_iam_policy.cni_ipv6_policy",
            "module.cs_demo.module.eks.module.eks.aws_iam_role.eks_auto",
            "module.cs_demo.module.eks.module.eks.aws_iam_role.this",
            "module.cs_demo.module.eks.module.eks.aws_iam_role_policy_attachment.this",
            "module.cs_demo.module.eks.module.eks.aws_security_group.cluster",
            "module.cs_demo.module.eks.module.eks.aws_security_group_rule.cluster",
            "module.cs_demo.module.eks.module.eks.aws_security_group_rule.node",
            "module.cs_demo.module.eks.module.eks.data.aws_iam_policy_document.assume_role_policy",
            "module.cs_demo.module.eks.module.eks.data.aws_partition.current",
            "module.cs_demo.module.eks.module.eks.module.kms.aws_kms_external_key.this",
            "module.cs_demo.module.eks.module.eks.module.kms.aws_kms_key.this",
            "module.cs_demo.module.eks.module.eks.module.kms.aws_kms_replica_external_key.this",
            "module.cs_demo.module.eks.module.eks.module.kms.aws_kms_replica_key.this",
            "module.cs_demo.module.eks.module.eks.module.kms.data.aws_iam_policy_document.this",
            "module.cs_demo.module.infrastructure.aws_security_group.worker",
            "module.cs_demo.module.infrastructure.module.vpc.aws_subnet.private",
            "module.cs_demo.module.infrastructure.module.vpc.aws_vpc.this"
          ]
        }
      ]
    },
    {
      "module": "module.cs_demo.module.eks[0].module.eks",
      "mode": "managed",
      "type": "aws_eks_access_entry",
      "name": "this",
      "provider": "provider[\"registry.terraform.io/hashicorp/aws\"]",
      "instances": [
        {
          "index_key": "deployer",
          "schema_version": 0,
          "attributes": {
            "access_entry_arn": "arn:aws:eks:us-west-2:637423342822:access-entry/bt-pc-demo-eks/role/637423342822/AWSReservedSSO_AdministratorAccess_3592835a30781ed5/decbd791-a717-0334-2d96-240a45e39f29",
            "cluster_name": "bt-pc-demo-eks",
            "created_at": "2025-06-27T02:06:56Z",
            "id": "bt-pc-demo-eks:arn:aws:iam::637423342822:role/aws-reserved/sso.amazonaws.com/us-east-2/AWSReservedSSO_AdministratorAccess_3592835a30781ed5",
            "kubernetes_groups": [],
            "modified_at": "2025-06-27T02:06:56Z",
            "principal_arn": "arn:aws:iam::637423342822:role/aws-reserved/sso.amazonaws.com/us-east-2/AWSReservedSSO_AdministratorAccess_3592835a30781ed5",
            "tags": {
              "Name": "bt-pc-demo-eks",
              "project": "bt-pc-demo",
              "workflow": "bt-pc-demo-workflow"
            },
            "tags_all": {
              "Name": "bt-pc-demo-eks",
              "project": "bt-pc-demo",
              "workflow": "bt-pc-demo-workflow"
            },
            "timeouts": null,
            "type": "STANDARD",
            "user_name": "arn:aws:sts::637423342822:assumed-role/AWSReservedSSO_AdministratorAccess_3592835a30781ed5/{{SessionName}}"
          },
          "sensitive_attributes": [],
          "private": "eyJlMmJmYjczMC1lY2FhLTExZTYtOGY4OC0zNDM2M2JjN2M0YzAiOnsiY3JlYXRlIjo2MDAwMDAwMDAwMDAsImRlbGV0ZSI6NjAwMDAwMDAwMDAwfX0=",
          "dependencies": [
            "module.cs_demo.module.eks.aws_iam_role.this_eks",
            "module.cs_demo.module.eks.data.aws_iam_role.deployer",
            "module.cs_demo.module.eks.module.eks.aws_cloudwatch_log_group.this",
            "module.cs_demo.module.eks.module.eks.aws_eks_cluster.this",
            "module.cs_demo.module.eks.module.eks.aws_iam_policy.cni_ipv6_policy",
            "module.cs_demo.module.eks.module.eks.aws_iam_role.eks_auto",
            "module.cs_demo.module.eks.module.eks.aws_iam_role.this",
            "module.cs_demo.module.eks.module.eks.aws_iam_role_policy_attachment.this",
            "module.cs_demo.module.eks.module.eks.aws_security_group.cluster",
            "module.cs_demo.module.eks.module.eks.aws_security_group_rule.cluster",
            "module.cs_demo.module.eks.module.eks.aws_security_group_rule.node",
            "module.cs_demo.module.eks.module.eks.data.aws_iam_policy_document.assume_role_policy",
            "module.cs_demo.module.eks.module.eks.data.aws_iam_session_context.current",
            "module.cs_demo.module.eks.module.eks.data.aws_partition.current",
            "module.cs_demo.module.eks.module.eks.module.kms.aws_kms_external_key.this",
            "module.cs_demo.module.eks.module.eks.module.kms.aws_kms_key.this",
            "module.cs_demo.module.eks.module.eks.module.kms.aws_kms_replica_external_key.this",
            "module.cs_demo.module.eks.module.eks.module.kms.aws_kms_replica_key.this",
            "module.cs_demo.module.eks.module.eks.module.kms.data.aws_iam_policy_document.this",
            "module.cs_demo.module.infrastructure.aws_iam_role.this_task",
            "module.cs_demo.module.infrastructure.aws_security_group.worker",
            "module.cs_demo.module.infrastructure.module.vpc.aws_subnet.private",
            "module.cs_demo.module.infrastructure.module.vpc.aws_vpc.this"
          ]
        },
        {
          "index_key": "strongdm",
          "schema_version": 0,
          "attributes": {
            "access_entry_arn": "arn:aws:eks:us-west-2:637423342822:access-entry/bt-pc-demo-eks/role/637423342822/bt-pc-demo-20250627015623885200000007/7ecbd791-a717-0001-208d-1648389fa85d",
            "cluster_name": "bt-pc-demo-eks",
            "created_at": "2025-06-27T02:06:56Z",
            "id": "bt-pc-demo-eks:arn:aws:iam::637423342822:role/bt-pc-demo-20250627015623885200000007",
            "kubernetes_groups": [],
            "modified_at": "2025-06-27T02:06:56Z",
            "principal_arn": "arn:aws:iam::637423342822:role/bt-pc-demo-20250627015623885200000007",
            "tags": {
              "Name": "bt-pc-demo-eks",
              "project": "bt-pc-demo",
              "workflow": "bt-pc-demo-workflow"
            },
            "tags_all": {
              "Name": "bt-pc-demo-eks",
              "project": "bt-pc-demo",
              "workflow": "bt-pc-demo-workflow"
            },
            "timeouts": null,
            "type": "STANDARD",
            "user_name": "arn:aws:sts::637423342822:assumed-role/bt-pc-demo-20250627015623885200000007/{{SessionName}}"
          },
          "sensitive_attributes": [],
          "private": "eyJlMmJmYjczMC1lY2FhLTExZTYtOGY4OC0zNDM2M2JjN2M0YzAiOnsiY3JlYXRlIjo2MDAwMDAwMDAwMDAsImRlbGV0ZSI6NjAwMDAwMDAwMDAwfX0=",
          "dependencies": [
            "module.cs_demo.module.eks.aws_iam_role.this_eks",
            "module.cs_demo.module.eks.data.aws_iam_role.deployer",
            "module.cs_demo.module.eks.module.eks.aws_cloudwatch_log_group.this",
            "module.cs_demo.module.eks.module.eks.aws_eks_cluster.this",
            "module.cs_demo.module.eks.module.eks.aws_iam_policy.cni_ipv6_policy",
            "module.cs_demo.module.eks.module.eks.aws_iam_role.eks_auto",
            "module.cs_demo.module.eks.module.eks.aws_iam_role.this",
            "module.cs_demo.module.eks.module.eks.aws_iam_role_policy_attachment.this",
            "module.cs_demo.module.eks.module.eks.aws_security_group.cluster",
            "module.cs_demo.module.eks.module.eks.aws_security_group_rule.cluster",
            "module.cs_demo.module.eks.module.eks.aws_security_group_rule.node",
            "module.cs_demo.module.eks.module.eks.data.aws_iam_policy_document.assume_role_policy",
            "module.cs_demo.module.eks.module.eks.data.aws_iam_session_context.current",
            "module.cs_demo.module.eks.module.eks.data.aws_partition.current",
            "module.cs_demo.module.eks.module.eks.module.kms.aws_kms_external_key.this",
            "module.cs_demo.module.eks.module.eks.module.kms.aws_kms_key.this",
            "module.cs_demo.module.eks.module.eks.module.kms.aws_kms_replica_external_key.this",
            "module.cs_demo.module.eks.module.eks.module.kms.aws_kms_replica_key.this",
            "module.cs_demo.module.eks.module.eks.module.kms.data.aws_iam_policy_document.this",
            "module.cs_demo.module.infrastructure.aws_iam_role.this_task",
            "module.cs_demo.module.infrastructure.aws_security_group.worker",
            "module.cs_demo.module.infrastructure.module.vpc.aws_subnet.private",
            "module.cs_demo.module.infrastructure.module.vpc.aws_vpc.this"
          ]
        },
        {
          "index_key": "strongdm_worker",
          "schema_version": 0,
          "attributes": {
            "access_entry_arn": "arn:aws:eks:us-west-2:637423342822:access-entry/bt-pc-demo-eks/role/637423342822/bt-pc-demo-20250627015623043500000003/06cbd79f-8776-6d05-190f-d9339c77a181",
            "cluster_name": "bt-pc-demo-eks",
            "created_at": "2025-06-27T02:37:15Z",
            "id": "bt-pc-demo-eks:arn:aws:iam::637423342822:role/bt-pc-demo-20250627015623043500000003",
            "kubernetes_groups": [],
            "modified_at": "2025-06-27T02:37:15Z",
            "principal_arn": "arn:aws:iam::637423342822:role/bt-pc-demo-20250627015623043500000003",
            "tags": {
              "Name": "bt-pc-demo-eks",
              "project": "bt-pc-demo",
              "workflow": "bt-pc-demo-workflow"
            },
            "tags_all": {
              "Name": "bt-pc-demo-eks",
              "project": "bt-pc-demo",
              "workflow": "bt-pc-demo-workflow"
            },
            "timeouts": null,
            "type": "STANDARD",
            "user_name": "arn:aws:sts::637423342822:assumed-role/bt-pc-demo-20250627015623043500000003/{{SessionName}}"
          },
          "sensitive_attributes": [],
          "private": "eyJlMmJmYjczMC1lY2FhLTExZTYtOGY4OC0zNDM2M2JjN2M0YzAiOnsiY3JlYXRlIjo2MDAwMDAwMDAwMDAsImRlbGV0ZSI6NjAwMDAwMDAwMDAwfX0=",
          "dependencies": [
            "module.cs_demo.module.eks.aws_iam_role.this_eks",
            "module.cs_demo.module.eks.data.aws_iam_role.deployer",
            "module.cs_demo.module.eks.module.eks.aws_cloudwatch_log_group.this",
            "module.cs_demo.module.eks.module.eks.aws_eks_cluster.this",
            "module.cs_demo.module.eks.module.eks.aws_iam_policy.cni_ipv6_policy",
            "module.cs_demo.module.eks.module.eks.aws_iam_role.eks_auto",
            "module.cs_demo.module.eks.module.eks.aws_iam_role.this",
            "module.cs_demo.module.eks.module.eks.aws_iam_role_policy_attachment.this",
            "module.cs_demo.module.eks.module.eks.aws_security_group.cluster",
            "module.cs_demo.module.eks.module.eks.aws_security_group_rule.cluster",
            "module.cs_demo.module.eks.module.eks.aws_security_group_rule.node",
            "module.cs_demo.module.eks.module.eks.data.aws_iam_policy_document.assume_role_policy",
            "module.cs_demo.module.eks.module.eks.data.aws_iam_session_context.current",
            "module.cs_demo.module.eks.module.eks.data.aws_partition.current",
            "module.cs_demo.module.eks.module.eks.module.kms.aws_kms_external_key.this",
            "module.cs_demo.module.eks.module.eks.module.kms.aws_kms_key.this",
            "module.cs_demo.module.eks.module.eks.module.kms.aws_kms_replica_external_key.this",
            "module.cs_demo.module.eks.module.eks.module.kms.aws_kms_replica_key.this",
            "module.cs_demo.module.eks.module.eks.module.kms.data.aws_iam_policy_document.this",
            "module.cs_demo.module.infrastructure.aws_iam_role.this_task",
            "module.cs_demo.module.infrastructure.aws_security_group.worker",
            "module.cs_demo.module.infrastructure.module.vpc.aws_subnet.private",
            "module.cs_demo.module.infrastructure.module.vpc.aws_vpc.this"
          ]
        }
      ]
    },
    {
      "module": "module.cs_demo.module.eks[0].module.eks",
      "mode": "managed",
      "type": "aws_eks_access_policy_association",
      "name": "this",
      "provider": "provider[\"registry.terraform.io/hashicorp/aws\"]",
      "instances": [
        {
          "index_key": "deployer_full",
          "schema_version": 0,
          "attributes": {
            "access_scope": [
              {
                "namespaces": [],
                "type": "cluster"
              }
            ],
            "associated_at": "2025-06-27 02:06:56.936 +0000 UTC",
            "cluster_name": "bt-pc-demo-eks",
            "id": "bt-pc-demo-eks#arn:aws:iam::637423342822:role/aws-reserved/sso.amazonaws.com/us-east-2/AWSReservedSSO_AdministratorAccess_3592835a30781ed5#arn:aws:eks::aws:cluster-access-policy/AmazonEKSClusterAdminPolicy",
            "modified_at": "2025-06-27 02:06:56.936 +0000 UTC",
            "policy_arn": "arn:aws:eks::aws:cluster-access-policy/AmazonEKSClusterAdminPolicy",
            "principal_arn": "arn:aws:iam::637423342822:role/aws-reserved/sso.amazonaws.com/us-east-2/AWSReservedSSO_AdministratorAccess_3592835a30781ed5",
            "timeouts": null
          },
          "sensitive_attributes": [],
          "private": "eyJlMmJmYjczMC1lY2FhLTExZTYtOGY4OC0zNDM2M2JjN2M0YzAiOnsiY3JlYXRlIjo2MDAwMDAwMDAwMDAsImRlbGV0ZSI6NjAwMDAwMDAwMDAwfX0=",
          "dependencies": [
            "module.cs_demo.module.eks.aws_iam_role.this_eks",
            "module.cs_demo.module.eks.data.aws_caller_identity.current",
            "module.cs_demo.module.eks.data.aws_iam_role.deployer",
            "module.cs_demo.module.eks.module.eks.aws_cloudwatch_log_group.this",
            "module.cs_demo.module.eks.module.eks.aws_eks_access_entry.this",
            "module.cs_demo.module.eks.module.eks.aws_eks_cluster.this",
            "module.cs_demo.module.eks.module.eks.aws_iam_policy.cni_ipv6_policy",
            "module.cs_demo.module.eks.module.eks.aws_iam_role.eks_auto",
            "module.cs_demo.module.eks.module.eks.aws_iam_role.this",
            "module.cs_demo.module.eks.module.eks.aws_iam_role_policy_attachment.this",
            "module.cs_demo.module.eks.module.eks.aws_security_group.cluster",
            "module.cs_demo.module.eks.module.eks.aws_security_group.node",
            "module.cs_demo.module.eks.module.eks.aws_security_group_rule.cluster",
            "module.cs_demo.module.eks.module.eks.aws_security_group_rule.node",
            "module.cs_demo.module.eks.module.eks.data.aws_caller_identity.current",
            "module.cs_demo.module.eks.module.eks.data.aws_iam_policy_document.assume_role_policy",
            "module.cs_demo.module.eks.module.eks.data.aws_iam_policy_document.cni_ipv6_policy",
            "module.cs_demo.module.eks.module.eks.data.aws_iam_policy_document.node_assume_role_policy",
            "module.cs_demo.module.eks.module.eks.data.aws_iam_session_context.current",
            "module.cs_demo.module.eks.module.eks.data.aws_partition.current",
            "module.cs_demo.module.eks.module.eks.module.kms.aws_kms_external_key.this",
            "module.cs_demo.module.eks.module.eks.module.kms.aws_kms_key.this",
            "module.cs_demo.module.eks.module.eks.module.kms.aws_kms_replica_external_key.this",
            "module.cs_demo.module.eks.module.eks.module.kms.aws_kms_replica_key.this",
            "module.cs_demo.module.eks.module.eks.module.kms.data.aws_caller_identity.current",
            "module.cs_demo.module.eks.module.eks.module.kms.data.aws_iam_policy_document.this",
            "module.cs_demo.module.eks.module.eks.module.kms.data.aws_partition.current",
            "module.cs_demo.module.infrastructure.aws_iam_role.this_task",
            "module.cs_demo.module.infrastructure.aws_security_group.worker",
            "module.cs_demo.module.infrastructure.data.aws_availability_zones.available",
            "module.cs_demo.module.infrastructure.module.vpc.aws_subnet.private",
            "module.cs_demo.module.infrastructure.module.vpc.aws_vpc.this",
            "module.cs_demo.module.infrastructure.module.vpc.aws_vpc_ipv4_cidr_block_association.this"
          ]
        },
        {
          "index_key": "strongdm_admin",
          "schema_version": 0,
          "attributes": {
            "access_scope": [
              {
                "namespaces": [
                  "identity"
                ],
                "type": "namespace"
              }
            ],
            "associated_at": "2025-06-27 02:06:57.308 +0000 UTC",
            "cluster_name": "bt-pc-demo-eks",
            "id": "bt-pc-demo-eks#arn:aws:iam::637423342822:role/bt-pc-demo-20250627015623885200000007#arn:aws:eks::aws:cluster-access-policy/AmazonEKSClusterAdminPolicy",
            "modified_at": "2025-06-27 02:06:57.308 +0000 UTC",
            "policy_arn": "arn:aws:eks::aws:cluster-access-policy/AmazonEKSClusterAdminPolicy",
            "principal_arn": "arn:aws:iam::637423342822:role/bt-pc-demo-20250627015623885200000007",
            "timeouts": null
          },
          "sensitive_attributes": [],
          "private": "eyJlMmJmYjczMC1lY2FhLTExZTYtOGY4OC0zNDM2M2JjN2M0YzAiOnsiY3JlYXRlIjo2MDAwMDAwMDAwMDAsImRlbGV0ZSI6NjAwMDAwMDAwMDAwfX0=",
          "dependencies": [
            "module.cs_demo.module.eks.aws_iam_role.this_eks",
            "module.cs_demo.module.eks.data.aws_caller_identity.current",
            "module.cs_demo.module.eks.data.aws_iam_role.deployer",
            "module.cs_demo.module.eks.module.eks.aws_cloudwatch_log_group.this",
            "module.cs_demo.module.eks.module.eks.aws_eks_access_entry.this",
            "module.cs_demo.module.eks.module.eks.aws_eks_cluster.this",
            "module.cs_demo.module.eks.module.eks.aws_iam_policy.cni_ipv6_policy",
            "module.cs_demo.module.eks.module.eks.aws_iam_role.eks_auto",
            "module.cs_demo.module.eks.module.eks.aws_iam_role.this",
            "module.cs_demo.module.eks.module.eks.aws_iam_role_policy_attachment.this",
            "module.cs_demo.module.eks.module.eks.aws_security_group.cluster",
            "module.cs_demo.module.eks.module.eks.aws_security_group.node",
            "module.cs_demo.module.eks.module.eks.aws_security_group_rule.cluster",
            "module.cs_demo.module.eks.module.eks.aws_security_group_rule.node",
            "module.cs_demo.module.eks.module.eks.data.aws_caller_identity.current",
            "module.cs_demo.module.eks.module.eks.data.aws_iam_policy_document.assume_role_policy",
            "module.cs_demo.module.eks.module.eks.data.aws_iam_policy_document.cni_ipv6_policy",
            "module.cs_demo.module.eks.module.eks.data.aws_iam_policy_document.node_assume_role_policy",
            "module.cs_demo.module.eks.module.eks.data.aws_iam_session_context.current",
            "module.cs_demo.module.eks.module.eks.data.aws_partition.current",
            "module.cs_demo.module.eks.module.eks.module.kms.aws_kms_external_key.this",
            "module.cs_demo.module.eks.module.eks.module.kms.aws_kms_key.this",
            "module.cs_demo.module.eks.module.eks.module.kms.aws_kms_replica_external_key.this",
            "module.cs_demo.module.eks.module.eks.module.kms.aws_kms_replica_key.this",
            "module.cs_demo.module.eks.module.eks.module.kms.data.aws_caller_identity.current",
            "module.cs_demo.module.eks.module.eks.module.kms.data.aws_iam_policy_document.this",
            "module.cs_demo.module.eks.module.eks.module.kms.data.aws_partition.current",
            "module.cs_demo.module.infrastructure.aws_iam_role.this_task",
            "module.cs_demo.module.infrastructure.aws_security_group.worker",
            "module.cs_demo.module.infrastructure.data.aws_availability_zones.available",
            "module.cs_demo.module.infrastructure.module.vpc.aws_subnet.private",
            "module.cs_demo.module.infrastructure.module.vpc.aws_vpc.this",
            "module.cs_demo.module.infrastructure.module.vpc.aws_vpc_ipv4_cidr_block_association.this"
          ]
        },
        {
          "index_key": "strongdm_worker_admin",
          "schema_version": 0,
          "attributes": {
            "access_scope": [
              {
                "namespaces": [],
                "type": "cluster"
              }
            ],
            "associated_at": "2025-06-27 02:37:15.735 +0000 UTC",
            "cluster_name": "bt-pc-demo-eks",
            "id": "bt-pc-demo-eks#arn:aws:iam::637423342822:role/bt-pc-demo-20250627015623043500000003#arn:aws:eks::aws:cluster-access-policy/AmazonEKSClusterAdminPolicy",
            "modified_at": "2025-06-27 02:37:15.735 +0000 UTC",
            "policy_arn": "arn:aws:eks::aws:cluster-access-policy/AmazonEKSClusterAdminPolicy",
            "principal_arn": "arn:aws:iam::637423342822:role/bt-pc-demo-20250627015623043500000003",
            "timeouts": null
          },
          "sensitive_attributes": [],
          "private": "eyJlMmJmYjczMC1lY2FhLTExZTYtOGY4OC0zNDM2M2JjN2M0YzAiOnsiY3JlYXRlIjo2MDAwMDAwMDAwMDAsImRlbGV0ZSI6NjAwMDAwMDAwMDAwfX0=",
          "dependencies": [
            "module.cs_demo.module.eks.aws_iam_role.this_eks",
            "module.cs_demo.module.eks.data.aws_caller_identity.current",
            "module.cs_demo.module.eks.data.aws_iam_role.deployer",
            "module.cs_demo.module.eks.module.eks.aws_cloudwatch_log_group.this",
            "module.cs_demo.module.eks.module.eks.aws_eks_access_entry.this",
            "module.cs_demo.module.eks.module.eks.aws_eks_cluster.this",
            "module.cs_demo.module.eks.module.eks.aws_iam_policy.cni_ipv6_policy",
            "module.cs_demo.module.eks.module.eks.aws_iam_role.eks_auto",
            "module.cs_demo.module.eks.module.eks.aws_iam_role.this",
            "module.cs_demo.module.eks.module.eks.aws_iam_role_policy_attachment.this",
            "module.cs_demo.module.eks.module.eks.aws_security_group.cluster",
            "module.cs_demo.module.eks.module.eks.aws_security_group.node",
            "module.cs_demo.module.eks.module.eks.aws_security_group_rule.cluster",
            "module.cs_demo.module.eks.module.eks.aws_security_group_rule.node",
            "module.cs_demo.module.eks.module.eks.data.aws_caller_identity.current",
            "module.cs_demo.module.eks.module.eks.data.aws_iam_policy_document.assume_role_policy",
            "module.cs_demo.module.eks.module.eks.data.aws_iam_policy_document.cni_ipv6_policy",
            "module.cs_demo.module.eks.module.eks.data.aws_iam_policy_document.node_assume_role_policy",
            "module.cs_demo.module.eks.module.eks.data.aws_iam_session_context.current",
            "module.cs_demo.module.eks.module.eks.data.aws_partition.current",
            "module.cs_demo.module.eks.module.eks.module.kms.aws_kms_external_key.this",
            "module.cs_demo.module.eks.module.eks.module.kms.aws_kms_key.this",
            "module.cs_demo.module.eks.module.eks.module.kms.aws_kms_replica_external_key.this",
            "module.cs_demo.module.eks.module.eks.module.kms.aws_kms_replica_key.this",
            "module.cs_demo.module.eks.module.eks.module.kms.data.aws_caller_identity.current",
            "module.cs_demo.module.eks.module.eks.module.kms.data.aws_iam_policy_document.this",
            "module.cs_demo.module.eks.module.eks.module.kms.data.aws_partition.current",
            "module.cs_demo.module.infrastructure.aws_iam_role.this_task",
            "module.cs_demo.module.infrastructure.aws_security_group.worker",
            "module.cs_demo.module.infrastructure.data.aws_availability_zones.available",
            "module.cs_demo.module.infrastructure.module.vpc.aws_subnet.private",
            "module.cs_demo.module.infrastructure.module.vpc.aws_vpc.this",
            "module.cs_demo.module.infrastructure.module.vpc.aws_vpc_ipv4_cidr_block_association.this"
          ]
        }
      ]
    },
    {
      "module": "module.cs_demo.module.eks[0].module.eks",
      "mode": "managed",
      "type": "aws_eks_cluster",
      "name": "this",
      "provider": "provider[\"registry.terraform.io/hashicorp/aws\"]",
      "instances": [
        {
          "index_key": 0,
          "schema_version": 1,
          "attributes": {
            "access_config": [
              {
                "authentication_mode": "API_AND_CONFIG_MAP",
                "bootstrap_cluster_creator_admin_permissions": false
              }
            ],
            "arn": "arn:aws:eks:us-west-2:637423342822:cluster/bt-pc-demo-eks",
            "bootstrap_self_managed_addons": true,
            "certificate_authority": [
              {
                "data": "LS0tLS1CRUdJTiBDRVJUSUZJQ0FURS0tLS0tCk1JSURCVENDQWUyZ0F3SUJBZ0lJVEZJV0dsb3dFd2t3RFFZSktvWklodmNOQVFFTEJRQXdGVEVUTUJFR0ExVUUKQXhNS2EzVmlaWEp1WlhSbGN6QWVGdzB5TlRBMk1qY3dNVFUyTlRWYUZ3MHpOVEEyTWpVd01qQXhOVFZhTUJVeApFekFSQmdOVkJBTVRDbXQxWW1WeWJtVjBaWE13Z2dFaU1BMEdDU3FHU0liM0RRRUJBUVVBQTRJQkR3QXdnZ0VLCkFvSUJBUURIcUdLNWFWZVBNellubk1oV015Z29MTXVORUFEZ0RhR0VhTFhyK2ZmWUZ1K3pUeUdPd3pRdzBxaVoKNFFkelVnaE9LbDdJV08yWjFTb1ZNbHNETy8va3l3YUxXZEZqTnZrSzFqQmtpVUtiSTIxOERUK0NKSXE4MytONQp0ZXFGRmVITkVheXE5cXN3d3FCOTRLV0dTRVYxWkZDRG9mcnM1VEsxTW5aY0lSNVM4bmp1YWF3NGpCd1E1K0NOCk1EUFFWZ2tmdll2WmFLVFBHQldnMzMxd25zcjRlbmtxdkFuS3FRU2VzeWQxZm5IN21MR0hKcDNwRTN2b1VNOFcKa3N4WnVZVndBQ0hWMGdzMW1uU05yY2ozS3Iwc0FRMTNoN0xzZ1dmNXpxVk5OZjA1akFpWTdMZVBUL3dYU2FFawpHdm5PV3BkMUMxSUZkZnNUb0dCVTFCWWVJVU92QWdNQkFBR2pXVEJYTUE0R0ExVWREd0VCL3dRRUF3SUNwREFQCkJnTlZIUk1CQWY4RUJUQURBUUgvTUIwR0ExVWREZ1FXQkJSSkIrQ1Nia3h0blJOL0R2U1hPMG84M3lZakZ6QVYKQmdOVkhSRUVEakFNZ2dwcmRXSmxjbTVsZEdWek1BMEdDU3FHU0liM0RRRUJDd1VBQTRJQkFRQ21sbythc21oeQpTN214Ry9RT2RVNFBIMFpEc0E5Rkh1K2ltNmZmbmU0U2haSWlibEladVIvaWZOV0xaV3YvL0hhOUNxR3Z3MGtVClFDc2hyOGNGQ2ZzbElibG5rYjBoUTNrYWxQK1VlZU5iMUpJV1hzUHNkUFFuTEx2TUgzWnhhUGhaK0lQZVo3K3cKblZYZDVpdlNFdWtUc2lueHpaWFZRTWhFMVF4cmxRVWxON0QybXVtUDdZa2E5emttRkgvN1FxTDVwRzVXTHR6LwpRS2RkNW80Ujl3NUM5WTNDbGVwaUo1cHJicmd5N0lCYmJTS2c0U3NtMHVPbVJuY2Ria1J0UGJvU0NRcGFXbDM2CnMvdm5YcHVyenE3WkU4ZVE5NSs1VEMwdUhqNDVSU2JLL0tWTzI1UlVBQXZUZHFnSThPWnJjWXBreGhPREYvaVgKMDIwZndheVJjWTJBCi0tLS0tRU5EIENFUlRJRklDQVRFLS0tLS0K"
              }
            ],
            "cluster_id": null,
            "compute_config": [],
            "created_at": "2025-06-27T01:56:52Z",
            "enabled_cluster_log_types": [
              "api",
              "audit",
              "authenticator"
            ],
            "encryption_config": [
              {
                "provider": [
                  {
                    "key_arn": "arn:aws:kms:us-west-2:637423342822:key/28ce8487-3445-4809-b65e-9efdbac934de"
                  }
                ],
                "resources": [
                  "secrets"
                ]
              }
            ],
            "endpoint": "https://63D3D08892CD7AE642A2295DD219D737.gr7.us-west-2.eks.amazonaws.com",
            "force_update_version": null,
            "id": "bt-pc-demo-eks",
            "identity": [
              {
                "oidc": [
                  {
                    "issuer": "https://oidc.eks.us-west-2.amazonaws.com/id/63D3D08892CD7AE642A2295DD219D737"
                  }
                ]
              }
            ],
            "kubernetes_network_config": [
              {
                "elastic_load_balancing": [
                  {
                    "enabled": false
                  }
                ],
                "ip_family": "ipv4",
                "service_ipv4_cidr": "172.20.0.0/16",
                "service_ipv6_cidr": ""
              }
            ],
            "name": "bt-pc-demo-eks",
            "outpost_config": [],
            "platform_version": "eks.13",
            "remote_network_config": [],
            "role_arn": "arn:aws:iam::637423342822:role/bt-pc-demo-eks-cluster-20250627015623049300000006",
            "status": "ACTIVE",
            "storage_config": [],
            "tags": {
              "Name": "bt-pc-demo-eks",
              "project": "bt-pc-demo",
              "terraform-aws-modules": "eks",
              "workflow": "bt-pc-demo-workflow"
            },
            "tags_all": {
              "Name": "bt-pc-demo-eks",
              "project": "bt-pc-demo",
              "terraform-aws-modules": "eks",
              "workflow": "bt-pc-demo-workflow"
            },
            "timeouts": {
              "create": null,
              "delete": null,
              "update": null
            },
            "upgrade_policy": [
              {
                "support_type": "EXTENDED"
              }
            ],
            "version": "1.32",
            "vpc_config": [
              {
                "cluster_security_group_id": "sg-030a043bb7fb2e03b",
                "endpoint_private_access": true,
                "endpoint_public_access": true,
                "public_access_cidrs": [
                  "0.0.0.0/0"
                ],
                "security_group_ids": [
                  "sg-076df708785d596f7"
                ],
                "subnet_ids": [
                  "subnet-01d905077b27183ba",
                  "subnet-094cc43384d6f0879"
                ],
                "vpc_id": "vpc-0fca5fcf147ddf005"
              }
            ],
            "zonal_shift_config": []
          },
          "sensitive_attributes": [],
          "private": "eyJlMmJmYjczMC1lY2FhLTExZTYtOGY4OC0zNDM2M2JjN2M0YzAiOnsiY3JlYXRlIjoxODAwMDAwMDAwMDAwLCJkZWxldGUiOjkwMDAwMDAwMDAwMCwidXBkYXRlIjozNjAwMDAwMDAwMDAwfSwic2NoZW1hX3ZlcnNpb24iOiIxIn0=",
          "dependencies": [
            "module.cs_demo.module.eks.module.eks.aws_cloudwatch_log_group.this",
            "module.cs_demo.module.eks.module.eks.aws_iam_policy.cni_ipv6_policy",
            "module.cs_demo.module.eks.module.eks.aws_iam_role.eks_auto",
            "module.cs_demo.module.eks.module.eks.aws_iam_role.this",
            "module.cs_demo.module.eks.module.eks.aws_iam_role_policy_attachment.this",
            "module.cs_demo.module.eks.module.eks.aws_security_group.cluster",
            "module.cs_demo.module.eks.module.eks.aws_security_group_rule.cluster",
            "module.cs_demo.module.eks.module.eks.aws_security_group_rule.node",
            "module.cs_demo.module.eks.module.eks.data.aws_iam_policy_document.assume_role_policy",
            "module.cs_demo.module.eks.module.eks.data.aws_partition.current",
            "module.cs_demo.module.eks.module.eks.module.kms.aws_kms_external_key.this",
            "module.cs_demo.module.eks.module.eks.module.kms.aws_kms_key.this",
            "module.cs_demo.module.eks.module.eks.module.kms.aws_kms_replica_external_key.this",
            "module.cs_demo.module.eks.module.eks.module.kms.aws_kms_replica_key.this",
            "module.cs_demo.module.eks.module.eks.module.kms.data.aws_iam_policy_document.this",
            "module.cs_demo.module.infrastructure.aws_security_group.worker",
            "module.cs_demo.module.infrastructure.module.vpc.aws_subnet.private",
            "module.cs_demo.module.infrastructure.module.vpc.aws_vpc.this"
          ]
        }
      ]
    },
    {
      "module": "module.cs_demo.module.eks[0].module.eks",
      "mode": "managed",
      "type": "aws_iam_openid_connect_provider",
      "name": "oidc_provider",
      "provider": "provider[\"registry.terraform.io/hashicorp/aws\"]",
      "instances": [
        {
          "index_key": 0,
          "schema_version": 0,
          "attributes": {
            "arn": "arn:aws:iam::637423342822:oidc-provider/oidc.eks.us-west-2.amazonaws.com/id/63D3D08892CD7AE642A2295DD219D737",
            "client_id_list": [
              "sts.amazonaws.com"
            ],
            "id": "arn:aws:iam::637423342822:oidc-provider/oidc.eks.us-west-2.amazonaws.com/id/63D3D08892CD7AE642A2295DD219D737",
            "tags": {
              "Name": "bt-pc-demo-eks",
              "project": "bt-pc-demo",
              "workflow": "bt-pc-demo-workflow"
            },
            "tags_all": {
              "Name": "bt-pc-demo-eks",
              "project": "bt-pc-demo",
              "workflow": "bt-pc-demo-workflow"
            },
            "thumbprint_list": [
              "9e99a48a9960b14926bb7f3b02e22da2b0ab7280"
            ],
            "url": "oidc.eks.us-west-2.amazonaws.com/id/63D3D08892CD7AE642A2295DD219D737"
          },
          "sensitive_attributes": [],
          "private": "bnVsbA==",
          "dependencies": [
            "module.cs_demo.module.eks.module.eks.aws_cloudwatch_log_group.this",
            "module.cs_demo.module.eks.module.eks.aws_eks_cluster.this",
            "module.cs_demo.module.eks.module.eks.aws_iam_policy.cni_ipv6_policy",
            "module.cs_demo.module.eks.module.eks.aws_iam_role.eks_auto",
            "module.cs_demo.module.eks.module.eks.aws_iam_role.this",
            "module.cs_demo.module.eks.module.eks.aws_iam_role_policy_attachment.this",
            "module.cs_demo.module.eks.module.eks.aws_security_group.cluster",
            "module.cs_demo.module.eks.module.eks.aws_security_group_rule.cluster",
            "module.cs_demo.module.eks.module.eks.aws_security_group_rule.node",
            "module.cs_demo.module.eks.module.eks.data.aws_iam_policy_document.assume_role_policy",
            "module.cs_demo.module.eks.module.eks.data.aws_partition.current",
            "module.cs_demo.module.eks.module.eks.data.tls_certificate.this",
            "module.cs_demo.module.eks.module.eks.module.kms.aws_kms_external_key.this",
            "module.cs_demo.module.eks.module.eks.module.kms.aws_kms_key.this",
            "module.cs_demo.module.eks.module.eks.module.kms.aws_kms_replica_external_key.this",
            "module.cs_demo.module.eks.module.eks.module.kms.aws_kms_replica_key.this",
            "module.cs_demo.module.eks.module.eks.module.kms.data.aws_iam_policy_document.this",
            "module.cs_demo.module.infrastructure.aws_security_group.worker",
            "module.cs_demo.module.infrastructure.module.vpc.aws_subnet.private",
            "module.cs_demo.module.infrastructure.module.vpc.aws_vpc.this"
          ]
        }
      ]
    },
    {
      "module": "module.cs_demo.module.eks[0].module.eks",
      "mode": "managed",
      "type": "aws_iam_policy",
      "name": "cluster_encryption",
      "provider": "provider[\"registry.terraform.io/hashicorp/aws\"]",
      "instances": [
        {
          "index_key": 0,
          "schema_version": 0,
          "attributes": {
            "arn": "arn:aws:iam::637423342822:policy/bt-pc-demo-eks-cluster-ClusterEncryption2025062701564812730000001b",
            "attachment_count": 1,
            "description": "Cluster encryption policy to allow cluster role to utilize CMK provided",
            "id": "arn:aws:iam::637423342822:policy/bt-pc-demo-eks-cluster-ClusterEncryption2025062701564812730000001b",
            "name": "bt-pc-demo-eks-cluster-ClusterEncryption2025062701564812730000001b",
            "name_prefix": "bt-pc-demo-eks-cluster-ClusterEncryption",
            "path": "/",
            "policy": "{\"Statement\":[{\"Action\":[\"kms:Encrypt\",\"kms:Decrypt\",\"kms:ListGrants\",\"kms:DescribeKey\"],\"Effect\":\"Allow\",\"Resource\":\"arn:aws:kms:us-west-2:637423342822:key/28ce8487-3445-4809-b65e-9efdbac934de\"}],\"Version\":\"2012-10-17\"}",
            "policy_id": "ANPAZI2LEKTTEEPV2XJUA",
            "tags": {
              "Name": "bt-pc-demo-eks",
              "project": "bt-pc-demo",
              "workflow": "bt-pc-demo-workflow"
            },
            "tags_all": {
              "Name": "bt-pc-demo-eks",
              "project": "bt-pc-demo",
              "workflow": "bt-pc-demo-workflow"
            }
          },
          "sensitive_attributes": [],
          "private": "bnVsbA==",
          "dependencies": [
            "module.cs_demo.module.eks.module.eks.module.kms.aws_kms_external_key.this",
            "module.cs_demo.module.eks.module.eks.module.kms.aws_kms_key.this",
            "module.cs_demo.module.eks.module.eks.module.kms.aws_kms_replica_external_key.this",
            "module.cs_demo.module.eks.module.eks.module.kms.aws_kms_replica_key.this",
            "module.cs_demo.module.eks.module.eks.module.kms.data.aws_iam_policy_document.this"
          ]
        }
      ]
    },
    {
      "module": "module.cs_demo.module.eks[0].module.eks",
      "mode": "managed",
      "type": "aws_iam_policy",
      "name": "custom",
      "provider": "provider[\"registry.terraform.io/hashicorp/aws\"]",
      "instances": [
        {
          "index_key": 0,
          "schema_version": 0,
          "attributes": {
            "arn": "arn:aws:iam::637423342822:policy/bt-pc-demo-eks-cluster-20250627015623047300000005",
            "attachment_count": 1,
            "description": "",
            "id": "arn:aws:iam::637423342822:policy/bt-pc-demo-eks-cluster-20250627015623047300000005",
            "name": "bt-pc-demo-eks-cluster-20250627015623047300000005",
            "name_prefix": "bt-pc-demo-eks-cluster-",
            "path": "/",
            "policy": "{\"Statement\":[{\"Action\":[\"ec2:RunInstances\",\"ec2:CreateLaunchTemplate\",\"ec2:CreateFleet\"],\"Condition\":{\"StringEquals\":{\"aws:RequestTag/eks:eks-cluster-name\":\"${aws:PrincipalTag/eks:eks-cluster-name}\"},\"StringLike\":{\"aws:RequestTag/eks:kubernetes-node-class-name\":\"*\",\"aws:RequestTag/eks:kubernetes-node-pool-name\":\"*\"}},\"Effect\":\"Allow\",\"Resource\":\"*\",\"Sid\":\"Compute\"},{\"Action\":[\"ec2:CreateVolume\",\"ec2:CreateSnapshot\"],\"Condition\":{\"StringEquals\":{\"aws:RequestTag/eks:eks-cluster-name\":\"${aws:PrincipalTag/eks:eks-cluster-name}\"}},\"Effect\":\"Allow\",\"Resource\":[\"arn:aws:ec2:*:*:volume/*\",\"arn:aws:ec2:*:*:snapshot/*\"],\"Sid\":\"Storage\"},{\"Action\":\"ec2:CreateNetworkInterface\",\"Condition\":{\"StringEquals\":{\"aws:RequestTag/eks:eks-cluster-name\":\"${aws:PrincipalTag/eks:eks-cluster-name}\",\"aws:RequestTag/eks:kubernetes-cni-node-name\":\"*\"}},\"Effect\":\"Allow\",\"Resource\":\"*\",\"Sid\":\"Networking\"},{\"Action\":[\"elasticloadbalancing:CreateTargetGroup\",\"elasticloadbalancing:CreateRule\",\"elasticloadbalancing:CreateLoadBalancer\",\"elasticloadbalancing:CreateListener\",\"ec2:CreateSecurityGroup\"],\"Condition\":{\"StringEquals\":{\"aws:RequestTag/eks:eks-cluster-name\":\"${aws:PrincipalTag/eks:eks-cluster-name}\"}},\"Effect\":\"Allow\",\"Resource\":\"*\",\"Sid\":\"LoadBalancer\"},{\"Action\":\"shield:CreateProtection\",\"Condition\":{\"StringEquals\":{\"aws:RequestTag/eks:eks-cluster-name\":\"${aws:PrincipalTag/eks:eks-cluster-name}\"}},\"Effect\":\"Allow\",\"Resource\":\"*\",\"Sid\":\"ShieldProtection\"},{\"Action\":\"shield:TagResource\",\"Condition\":{\"StringEquals\":{\"aws:RequestTag/eks:eks-cluster-name\":\"${aws:PrincipalTag/eks:eks-cluster-name}\"}},\"Effect\":\"Allow\",\"Resource\":\"arn:aws:shield::*:protection/*\",\"Sid\":\"ShieldTagResource\"}],\"Version\":\"2012-10-17\"}",
            "policy_id": "ANPAZI2LEKTTMSGDB7IRS",
            "tags": {
              "Name": "bt-pc-demo-eks",
              "project": "bt-pc-demo",
              "workflow": "bt-pc-demo-workflow"
            },
            "tags_all": {
              "Name": "bt-pc-demo-eks",
              "project": "bt-pc-demo",
              "workflow": "bt-pc-demo-workflow"
            }
          },
          "sensitive_attributes": [],
          "private": "bnVsbA==",
          "dependencies": [
            "module.cs_demo.module.eks.module.eks.data.aws_iam_policy_document.custom"
          ]
        }
      ]
    },
    {
      "module": "module.cs_demo.module.eks[0].module.eks",
      "mode": "managed",
      "type": "aws_iam_role",
      "name": "this",
      "provider": "provider[\"registry.terraform.io/hashicorp/aws\"]",
      "instances": [
        {
          "index_key": 0,
          "schema_version": 0,
          "attributes": {
            "arn": "arn:aws:iam::637423342822:role/bt-pc-demo-eks-cluster-20250627015623049300000006",
            "assume_role_policy": "{\"Statement\":[{\"Action\":[\"sts:TagSession\",\"sts:AssumeRole\"],\"Effect\":\"Allow\",\"Principal\":{\"Service\":\"eks.amazonaws.com\"},\"Sid\":\"EKSClusterAssumeRole\"}],\"Version\":\"2012-10-17\"}",
            "create_date": "2025-06-27T01:56:23Z",
            "description": "",
            "force_detach_policies": true,
            "id": "bt-pc-demo-eks-cluster-20250627015623049300000006",
            "inline_policy": [],
            "managed_policy_arns": [
              "arn:aws:iam::637423342822:policy/bt-pc-demo-eks-cluster-20250627015623047300000005",
              "arn:aws:iam::637423342822:policy/bt-pc-demo-eks-cluster-ClusterEncryption2025062701564812730000001b",
              "arn:aws:iam::aws:policy/AmazonEKSClusterPolicy",
              "arn:aws:iam::aws:policy/AmazonEKSVPCResourceController"
            ],
            "max_session_duration": 3600,
            "name": "bt-pc-demo-eks-cluster-20250627015623049300000006",
            "name_prefix": "bt-pc-demo-eks-cluster-",
            "path": "/",
            "permissions_boundary": "",
            "tags": {
              "Name": "bt-pc-demo-eks",
              "project": "bt-pc-demo",
              "workflow": "bt-pc-demo-workflow"
            },
            "tags_all": {
              "Name": "bt-pc-demo-eks",
              "project": "bt-pc-demo",
              "workflow": "bt-pc-demo-workflow"
            },
            "unique_id": "AROAZI2LEKTTG2HVWML7P"
          },
          "sensitive_attributes": [],
          "private": "bnVsbA==",
          "dependencies": [
            "module.cs_demo.module.eks.module.eks.data.aws_iam_policy_document.assume_role_policy"
          ]
        }
      ]
    },
    {
      "module": "module.cs_demo.module.eks[0].module.eks",
      "mode": "managed",
      "type": "aws_iam_role_policy_attachment",
      "name": "cluster_encryption",
      "provider": "provider[\"registry.terraform.io/hashicorp/aws\"]",
      "instances": [
        {
          "index_key": 0,
          "schema_version": 0,
          "attributes": {
            "id": "bt-pc-demo-eks-cluster-20250627015623049300000006-2025062701564880760000001c",
            "policy_arn": "arn:aws:iam::637423342822:policy/bt-pc-demo-eks-cluster-ClusterEncryption2025062701564812730000001b",
            "role": "bt-pc-demo-eks-cluster-20250627015623049300000006"
          },
          "sensitive_attributes": [],
          "private": "bnVsbA==",
          "dependencies": [
            "module.cs_demo.module.eks.module.eks.aws_iam_policy.cluster_encryption",
            "module.cs_demo.module.eks.module.eks.aws_iam_role.this",
            "module.cs_demo.module.eks.module.eks.data.aws_caller_identity.current",
            "module.cs_demo.module.eks.module.eks.data.aws_iam_policy_document.assume_role_policy",
            "module.cs_demo.module.eks.module.eks.data.aws_iam_session_context.current",
            "module.cs_demo.module.eks.module.eks.module.kms.aws_kms_external_key.this",
            "module.cs_demo.module.eks.module.eks.module.kms.aws_kms_key.this",
            "module.cs_demo.module.eks.module.eks.module.kms.aws_kms_replica_external_key.this",
            "module.cs_demo.module.eks.module.eks.module.kms.aws_kms_replica_key.this",
            "module.cs_demo.module.eks.module.eks.module.kms.data.aws_caller_identity.current",
            "module.cs_demo.module.eks.module.eks.module.kms.data.aws_iam_policy_document.this",
            "module.cs_demo.module.eks.module.eks.module.kms.data.aws_partition.current"
          ]
        }
      ]
    },
    {
      "module": "module.cs_demo.module.eks[0].module.eks",
      "mode": "managed",
      "type": "aws_iam_role_policy_attachment",
      "name": "custom",
      "provider": "provider[\"registry.terraform.io/hashicorp/aws\"]",
      "instances": [
        {
          "index_key": 0,
          "schema_version": 0,
          "attributes": {
            "id": "bt-pc-demo-eks-cluster-20250627015623049300000006-2025062701562407230000000a",
            "policy_arn": "arn:aws:iam::637423342822:policy/bt-pc-demo-eks-cluster-20250627015623047300000005",
            "role": "bt-pc-demo-eks-cluster-20250627015623049300000006"
          },
          "sensitive_attributes": [],
          "private": "bnVsbA==",
          "dependencies": [
            "module.cs_demo.module.eks.module.eks.aws_iam_policy.custom",
            "module.cs_demo.module.eks.module.eks.aws_iam_role.this",
            "module.cs_demo.module.eks.module.eks.data.aws_iam_policy_document.assume_role_policy",
            "module.cs_demo.module.eks.module.eks.data.aws_iam_policy_document.custom",
            "module.cs_demo.module.eks.module.eks.data.aws_partition.current"
          ]
        }
      ]
    },
    {
      "module": "module.cs_demo.module.eks[0].module.eks",
      "mode": "managed",
      "type": "aws_iam_role_policy_attachment",
      "name": "this",
      "provider": "provider[\"registry.terraform.io/hashicorp/aws\"]",
      "instances": [
        {
          "index_key": "AmazonEKSClusterPolicy",
          "schema_version": 0,
          "attributes": {
            "id": "bt-pc-demo-eks-cluster-20250627015623049300000006-2025062701562407880000000b",
            "policy_arn": "arn:aws:iam::aws:policy/AmazonEKSClusterPolicy",
            "role": "bt-pc-demo-eks-cluster-20250627015623049300000006"
          },
          "sensitive_attributes": [],
          "private": "bnVsbA==",
          "dependencies": [
            "module.cs_demo.module.eks.module.eks.aws_iam_role.this",
            "module.cs_demo.module.eks.module.eks.data.aws_iam_policy_document.assume_role_policy",
            "module.cs_demo.module.eks.module.eks.data.aws_partition.current"
          ],
          "create_before_destroy": true
        },
        {
          "index_key": "AmazonEKSVPCResourceController",
          "schema_version": 0,
          "attributes": {
            "id": "bt-pc-demo-eks-cluster-20250627015623049300000006-20250627015624072200000009",
            "policy_arn": "arn:aws:iam::aws:policy/AmazonEKSVPCResourceController",
            "role": "bt-pc-demo-eks-cluster-20250627015623049300000006"
          },
          "sensitive_attributes": [],
          "private": "bnVsbA==",
          "dependencies": [
            "module.cs_demo.module.eks.module.eks.aws_iam_role.this",
            "module.cs_demo.module.eks.module.eks.data.aws_iam_policy_document.assume_role_policy",
            "module.cs_demo.module.eks.module.eks.data.aws_partition.current"
          ],
          "create_before_destroy": true
        }
      ]
    },
    {
      "module": "module.cs_demo.module.eks[0].module.eks",
      "mode": "managed",
      "type": "aws_security_group",
      "name": "cluster",
      "provider": "provider[\"registry.terraform.io/hashicorp/aws\"]",
      "instances": [
        {
          "index_key": 0,
          "schema_version": 1,
          "attributes": {
            "arn": "arn:aws:ec2:us-west-2:637423342822:security-group/sg-076df708785d596f7",
            "description": "EKS cluster security group",
            "egress": [],
            "id": "sg-076df708785d596f7",
            "ingress": [
              {
                "cidr_blocks": [],
                "description": "Allow traffic from proxy workers to API endpoint",
                "from_port": 443,
                "ipv6_cidr_blocks": [],
                "prefix_list_ids": [],
                "protocol": "tcp",
                "security_groups": [
                  "sg-043473ef8e610f486"
                ],
                "self": false,
                "to_port": 443
              },
              {
                "cidr_blocks": [],
                "description": "Node groups to cluster API",
                "from_port": 443,
                "ipv6_cidr_blocks": [],
                "prefix_list_ids": [],
                "protocol": "tcp",
                "security_groups": [
                  "sg-0340d75760dde62e7"
                ],
                "self": false,
                "to_port": 443
              }
            ],
            "name": "bt-pc-demo-eks-cluster-20250627015637480300000016",
            "name_prefix": "bt-pc-demo-eks-cluster-",
            "owner_id": "637423342822",
            "revoke_rules_on_delete": false,
            "tags": {
              "Name": "bt-pc-demo-eks-cluster",
              "project": "bt-pc-demo",
              "workflow": "bt-pc-demo-workflow"
            },
            "tags_all": {
              "Name": "bt-pc-demo-eks-cluster",
              "project": "bt-pc-demo",
              "workflow": "bt-pc-demo-workflow"
            },
            "timeouts": null,
            "vpc_id": "vpc-0fca5fcf147ddf005"
          },
          "sensitive_attributes": [],
          "private": "eyJlMmJmYjczMC1lY2FhLTExZTYtOGY4OC0zNDM2M2JjN2M0YzAiOnsiY3JlYXRlIjo2MDAwMDAwMDAwMDAsImRlbGV0ZSI6OTAwMDAwMDAwMDAwfSwic2NoZW1hX3ZlcnNpb24iOiIxIn0=",
          "dependencies": [
            "module.cs_demo.module.infrastructure.module.vpc.aws_vpc.this"
          ],
          "create_before_destroy": true
        }
      ]
    },
    {
      "module": "module.cs_demo.module.eks[0].module.eks",
      "mode": "managed",
      "type": "aws_security_group",
      "name": "node",
      "provider": "provider[\"registry.terraform.io/hashicorp/aws\"]",
      "instances": [
        {
          "index_key": 0,
          "schema_version": 1,
          "attributes": {
            "arn": "arn:aws:ec2:us-west-2:637423342822:security-group/sg-0340d75760dde62e7",
            "description": "EKS node shared security group",
            "egress": [
              {
                "cidr_blocks": [
                  "0.0.0.0/0"
                ],
                "description": "Allow all egress",
                "from_port": 0,
                "ipv6_cidr_blocks": [],
                "prefix_list_ids": [],
                "protocol": "-1",
                "security_groups": [],
                "self": false,
                "to_port": 0
              }
            ],
            "id": "sg-0340d75760dde62e7",
            "ingress": [
              {
                "cidr_blocks": [],
                "description": "Cluster API to node 4443/tcp webhook",
                "from_port": 4443,
                "ipv6_cidr_blocks": [],
                "prefix_list_ids": [],
                "protocol": "tcp",
                "security_groups": [
                  "sg-076df708785d596f7"
                ],
                "self": false,
                "to_port": 4443
              },
              {
                "cidr_blocks": [],
                "description": "Cluster API to node 6443/tcp webhook",
                "from_port": 6443,
                "ipv6_cidr_blocks": [],
                "prefix_list_ids": [],
                "protocol": "tcp",
                "security_groups": [
                  "sg-076df708785d596f7"
                ],
                "self": false,
                "to_port": 6443
              },
              {
                "cidr_blocks": [],
                "description": "Cluster API to node 8443/tcp webhook",
                "from_port": 8443,
                "ipv6_cidr_blocks": [],
                "prefix_list_ids": [],
                "protocol": "tcp",
                "security_groups": [
                  "sg-076df708785d596f7"
                ],
                "self": false,
                "to_port": 8443
              },
              {
                "cidr_blocks": [],
                "description": "Cluster API to node 9443/tcp webhook",
                "from_port": 9443,
                "ipv6_cidr_blocks": [],
                "prefix_list_ids": [],
                "protocol": "tcp",
                "security_groups": [
                  "sg-076df708785d596f7"
                ],
                "self": false,
                "to_port": 9443
              },
              {
                "cidr_blocks": [],
                "description": "Cluster API to node groups",
                "from_port": 443,
                "ipv6_cidr_blocks": [],
                "prefix_list_ids": [],
                "protocol": "tcp",
                "security_groups": [
                  "sg-076df708785d596f7"
                ],
                "self": false,
                "to_port": 443
              },
              {
                "cidr_blocks": [],
                "description": "Cluster API to node kubelets",
                "from_port": 10250,
                "ipv6_cidr_blocks": [],
                "prefix_list_ids": [],
                "protocol": "tcp",
                "security_groups": [
                  "sg-076df708785d596f7"
                ],
                "self": false,
                "to_port": 10250
              },
              {
                "cidr_blocks": [],
                "description": "Node to node CoreDNS UDP",
                "from_port": 53,
                "ipv6_cidr_blocks": [],
                "prefix_list_ids": [],
                "protocol": "udp",
                "security_groups": [],
                "self": true,
                "to_port": 53
              },
              {
                "cidr_blocks": [],
                "description": "Node to node CoreDNS",
                "from_port": 53,
                "ipv6_cidr_blocks": [],
                "prefix_list_ids": [],
                "protocol": "tcp",
                "security_groups": [],
                "self": true,
                "to_port": 53
              },
              {
                "cidr_blocks": [],
                "description": "Node to node ingress on ephemeral ports",
                "from_port": 1025,
                "ipv6_cidr_blocks": [],
                "prefix_list_ids": [],
                "protocol": "tcp",
                "security_groups": [],
                "self": true,
                "to_port": 65535
              }
            ],
            "name": "bt-pc-demo-eks-node-20250627015637480400000017",
            "name_prefix": "bt-pc-demo-eks-node-",
            "owner_id": "637423342822",
            "revoke_rules_on_delete": false,
            "tags": {
              "Name": "bt-pc-demo-eks-node",
              "kubernetes.io/cluster/bt-pc-demo-eks": "owned",
              "project": "bt-pc-demo",
              "workflow": "bt-pc-demo-workflow"
            },
            "tags_all": {
              "Name": "bt-pc-demo-eks-node",
              "kubernetes.io/cluster/bt-pc-demo-eks": "owned",
              "project": "bt-pc-demo",
              "workflow": "bt-pc-demo-workflow"
            },
            "timeouts": null,
            "vpc_id": "vpc-0fca5fcf147ddf005"
          },
          "sensitive_attributes": [],
          "private": "eyJlMmJmYjczMC1lY2FhLTExZTYtOGY4OC0zNDM2M2JjN2M0YzAiOnsiY3JlYXRlIjo2MDAwMDAwMDAwMDAsImRlbGV0ZSI6OTAwMDAwMDAwMDAwfSwic2NoZW1hX3ZlcnNpb24iOiIxIn0=",
          "dependencies": [
            "module.cs_demo.module.infrastructure.module.vpc.aws_vpc.this"
          ],
          "create_before_destroy": true
        }
      ]
    },
    {
      "module": "module.cs_demo.module.eks[0].module.eks",
      "mode": "managed",
      "type": "aws_security_group_rule",
      "name": "cluster",
      "provider": "provider[\"registry.terraform.io/hashicorp/aws\"]",
      "instances": [
        {
          "index_key": "ingress_nodes_443",
          "schema_version": 2,
          "attributes": {
            "cidr_blocks": null,
            "description": "Node groups to cluster API",
            "from_port": 443,
            "id": "sgrule-764760847",
            "ipv6_cidr_blocks": null,
            "prefix_list_ids": null,
            "protocol": "tcp",
            "security_group_id": "sg-076df708785d596f7",
            "security_group_rule_id": "sgr-0d94654837d951d7a",
            "self": false,
            "source_security_group_id": "sg-0340d75760dde62e7",
            "timeouts": null,
            "to_port": 443,
            "type": "ingress"
          },
          "sensitive_attributes": [],
          "private": "eyJlMmJmYjczMC1lY2FhLTExZTYtOGY4OC0zNDM2M2JjN2M0YzAiOnsiY3JlYXRlIjozMDAwMDAwMDAwMDB9LCJzY2hlbWFfdmVyc2lvbiI6IjIifQ==",
          "dependencies": [
            "module.cs_demo.module.eks.module.eks.aws_security_group.cluster",
            "module.cs_demo.module.eks.module.eks.aws_security_group.node",
            "module.cs_demo.module.infrastructure.aws_security_group.worker",
            "module.cs_demo.module.infrastructure.module.vpc.aws_vpc.this"
          ],
          "create_before_destroy": true
        },
        {
          "index_key": "strongdm",
          "schema_version": 2,
          "attributes": {
            "cidr_blocks": null,
            "description": "Allow traffic from proxy workers to API endpoint",
            "from_port": 443,
            "id": "sgrule-2527804850",
            "ipv6_cidr_blocks": null,
            "prefix_list_ids": null,
            "protocol": "tcp",
            "security_group_id": "sg-076df708785d596f7",
            "security_group_rule_id": "sgr-0ba172aaacc965ebe",
            "self": false,
            "source_security_group_id": "sg-043473ef8e610f486",
            "timeouts": null,
            "to_port": 443,
            "type": "ingress"
          },
          "sensitive_attributes": [],
          "private": "eyJlMmJmYjczMC1lY2FhLTExZTYtOGY4OC0zNDM2M2JjN2M0YzAiOnsiY3JlYXRlIjozMDAwMDAwMDAwMDB9LCJzY2hlbWFfdmVyc2lvbiI6IjIifQ==",
          "dependencies": [
            "module.cs_demo.module.eks.module.eks.aws_security_group.cluster",
            "module.cs_demo.module.eks.module.eks.aws_security_group.node",
            "module.cs_demo.module.infrastructure.aws_security_group.worker",
            "module.cs_demo.module.infrastructure.module.vpc.aws_vpc.this"
          ],
          "create_before_destroy": true
        }
      ]
    },
    {
      "module": "module.cs_demo.module.eks[0].module.eks",
      "mode": "managed",
      "type": "aws_security_group_rule",
      "name": "node",
      "provider": "provider[\"registry.terraform.io/hashicorp/aws\"]",
      "instances": [
        {
          "index_key": "egress_all",
          "schema_version": 2,
          "attributes": {
            "cidr_blocks": [
              "0.0.0.0/0"
            ],
            "description": "Allow all egress",
            "from_port": 0,
            "id": "sgrule-2287450745",
            "ipv6_cidr_blocks": null,
            "prefix_list_ids": [],
            "protocol": "-1",
            "security_group_id": "sg-0340d75760dde62e7",
            "security_group_rule_id": "sgr-0f8f82db2c865e738",
            "self": false,
            "source_security_group_id": null,
            "timeouts": null,
            "to_port": 0,
            "type": "egress"
          },
          "sensitive_attributes": [],
          "private": "eyJlMmJmYjczMC1lY2FhLTExZTYtOGY4OC0zNDM2M2JjN2M0YzAiOnsiY3JlYXRlIjozMDAwMDAwMDAwMDB9LCJzY2hlbWFfdmVyc2lvbiI6IjIifQ==",
          "dependencies": [
            "module.cs_demo.module.eks.module.eks.aws_security_group.cluster",
            "module.cs_demo.module.eks.module.eks.aws_security_group.node",
            "module.cs_demo.module.infrastructure.module.vpc.aws_vpc.this"
          ],
          "create_before_destroy": true
        },
        {
          "index_key": "ingress_cluster_443",
          "schema_version": 2,
          "attributes": {
            "cidr_blocks": null,
            "description": "Cluster API to node groups",
            "from_port": 443,
            "id": "sgrule-2392354147",
            "ipv6_cidr_blocks": null,
            "prefix_list_ids": [],
            "protocol": "tcp",
            "security_group_id": "sg-0340d75760dde62e7",
            "security_group_rule_id": "sgr-0dff56e0e76a34e81",
            "self": false,
            "source_security_group_id": "sg-076df708785d596f7",
            "timeouts": null,
            "to_port": 443,
            "type": "ingress"
          },
          "sensitive_attributes": [],
          "private": "eyJlMmJmYjczMC1lY2FhLTExZTYtOGY4OC0zNDM2M2JjN2M0YzAiOnsiY3JlYXRlIjozMDAwMDAwMDAwMDB9LCJzY2hlbWFfdmVyc2lvbiI6IjIifQ==",
          "dependencies": [
            "module.cs_demo.module.eks.module.eks.aws_security_group.cluster",
            "module.cs_demo.module.eks.module.eks.aws_security_group.node",
            "module.cs_demo.module.infrastructure.module.vpc.aws_vpc.this"
          ],
          "create_before_destroy": true
        },
        {
          "index_key": "ingress_cluster_4443_webhook",
          "schema_version": 2,
          "attributes": {
            "cidr_blocks": null,
            "description": "Cluster API to node 4443/tcp webhook",
            "from_port": 4443,
            "id": "sgrule-154853309",
            "ipv6_cidr_blocks": null,
            "prefix_list_ids": [],
            "protocol": "tcp",
            "security_group_id": "sg-0340d75760dde62e7",
            "security_group_rule_id": "sgr-0c4aec7de4e6951fd",
            "self": false,
            "source_security_group_id": "sg-076df708785d596f7",
            "timeouts": null,
            "to_port": 4443,
            "type": "ingress"
          },
          "sensitive_attributes": [],
          "private": "eyJlMmJmYjczMC1lY2FhLTExZTYtOGY4OC0zNDM2M2JjN2M0YzAiOnsiY3JlYXRlIjozMDAwMDAwMDAwMDB9LCJzY2hlbWFfdmVyc2lvbiI6IjIifQ==",
          "dependencies": [
            "module.cs_demo.module.eks.module.eks.aws_security_group.cluster",
            "module.cs_demo.module.eks.module.eks.aws_security_group.node",
            "module.cs_demo.module.infrastructure.module.vpc.aws_vpc.this"
          ],
          "create_before_destroy": true
        },
        {
          "index_key": "ingress_cluster_6443_webhook",
          "schema_version": 2,
          "attributes": {
            "cidr_blocks": null,
            "description": "Cluster API to node 6443/tcp webhook",
            "from_port": 6443,
            "id": "sgrule-3229136939",
            "ipv6_cidr_blocks": null,
            "prefix_list_ids": [],
            "protocol": "tcp",
            "security_group_id": "sg-0340d75760dde62e7",
            "security_group_rule_id": "sgr-09df52674c744fc39",
            "self": false,
            "source_security_group_id": "sg-076df708785d596f7",
            "timeouts": null,
            "to_port": 6443,
            "type": "ingress"
          },
          "sensitive_attributes": [],
          "private": "eyJlMmJmYjczMC1lY2FhLTExZTYtOGY4OC0zNDM2M2JjN2M0YzAiOnsiY3JlYXRlIjozMDAwMDAwMDAwMDB9LCJzY2hlbWFfdmVyc2lvbiI6IjIifQ==",
          "dependencies": [
            "module.cs_demo.module.eks.module.eks.aws_security_group.cluster",
            "module.cs_demo.module.eks.module.eks.aws_security_group.node",
            "module.cs_demo.module.infrastructure.module.vpc.aws_vpc.this"
          ],
          "create_before_destroy": true
        },
        {
          "index_key": "ingress_cluster_8443_webhook",
          "schema_version": 2,
          "attributes": {
            "cidr_blocks": null,
            "description": "Cluster API to node 8443/tcp webhook",
            "from_port": 8443,
            "id": "sgrule-3542385674",
            "ipv6_cidr_blocks": null,
            "prefix_list_ids": [],
            "protocol": "tcp",
            "security_group_id": "sg-0340d75760dde62e7",
            "security_group_rule_id": "sgr-0683fb08b3bf5cd71",
            "self": false,
            "source_security_group_id": "sg-076df708785d596f7",
            "timeouts": null,
            "to_port": 8443,
            "type": "ingress"
          },
          "sensitive_attributes": [],
          "private": "eyJlMmJmYjczMC1lY2FhLTExZTYtOGY4OC0zNDM2M2JjN2M0YzAiOnsiY3JlYXRlIjozMDAwMDAwMDAwMDB9LCJzY2hlbWFfdmVyc2lvbiI6IjIifQ==",
          "dependencies": [
            "module.cs_demo.module.eks.module.eks.aws_security_group.cluster",
            "module.cs_demo.module.eks.module.eks.aws_security_group.node",
            "module.cs_demo.module.infrastructure.module.vpc.aws_vpc.this"
          ],
          "create_before_destroy": true
        },
        {
          "index_key": "ingress_cluster_9443_webhook",
          "schema_version": 2,
          "attributes": {
            "cidr_blocks": null,
            "description": "Cluster API to node 9443/tcp webhook",
            "from_port": 9443,
            "id": "sgrule-3078993857",
            "ipv6_cidr_blocks": null,
            "prefix_list_ids": [],
            "protocol": "tcp",
            "security_group_id": "sg-0340d75760dde62e7",
            "security_group_rule_id": "sgr-0b1e2b1d564c78f37",
            "self": false,
            "source_security_group_id": "sg-076df708785d596f7",
            "timeouts": null,
            "to_port": 9443,
            "type": "ingress"
          },
          "sensitive_attributes": [],
          "private": "eyJlMmJmYjczMC1lY2FhLTExZTYtOGY4OC0zNDM2M2JjN2M0YzAiOnsiY3JlYXRlIjozMDAwMDAwMDAwMDB9LCJzY2hlbWFfdmVyc2lvbiI6IjIifQ==",
          "dependencies": [
            "module.cs_demo.module.eks.module.eks.aws_security_group.cluster",
            "module.cs_demo.module.eks.module.eks.aws_security_group.node",
            "module.cs_demo.module.infrastructure.module.vpc.aws_vpc.this"
          ],
          "create_before_destroy": true
        },
        {
          "index_key": "ingress_cluster_kubelet",
          "schema_version": 2,
          "attributes": {
            "cidr_blocks": null,
            "description": "Cluster API to node kubelets",
            "from_port": 10250,
            "id": "sgrule-2290660768",
            "ipv6_cidr_blocks": null,
            "prefix_list_ids": [],
            "protocol": "tcp",
            "security_group_id": "sg-0340d75760dde62e7",
            "security_group_rule_id": "sgr-0e55364d44ff26acf",
            "self": false,
            "source_security_group_id": "sg-076df708785d596f7",
            "timeouts": null,
            "to_port": 10250,
            "type": "ingress"
          },
          "sensitive_attributes": [],
          "private": "eyJlMmJmYjczMC1lY2FhLTExZTYtOGY4OC0zNDM2M2JjN2M0YzAiOnsiY3JlYXRlIjozMDAwMDAwMDAwMDB9LCJzY2hlbWFfdmVyc2lvbiI6IjIifQ==",
          "dependencies": [
            "module.cs_demo.module.eks.module.eks.aws_security_group.cluster",
            "module.cs_demo.module.eks.module.eks.aws_security_group.node",
            "module.cs_demo.module.infrastructure.module.vpc.aws_vpc.this"
          ],
          "create_before_destroy": true
        },
        {
          "index_key": "ingress_nodes_ephemeral",
          "schema_version": 2,
          "attributes": {
            "cidr_blocks": null,
            "description": "Node to node ingress on ephemeral ports",
            "from_port": 1025,
            "id": "sgrule-1644232829",
            "ipv6_cidr_blocks": null,
            "prefix_list_ids": [],
            "protocol": "tcp",
            "security_group_id": "sg-0340d75760dde62e7",
            "security_group_rule_id": "sgr-08e387f3a43e4a7c8",
            "self": true,
            "source_security_group_id": null,
            "timeouts": null,
            "to_port": 65535,
            "type": "ingress"
          },
          "sensitive_attributes": [],
          "private": "eyJlMmJmYjczMC1lY2FhLTExZTYtOGY4OC0zNDM2M2JjN2M0YzAiOnsiY3JlYXRlIjozMDAwMDAwMDAwMDB9LCJzY2hlbWFfdmVyc2lvbiI6IjIifQ==",
          "dependencies": [
            "module.cs_demo.module.eks.module.eks.aws_security_group.cluster",
            "module.cs_demo.module.eks.module.eks.aws_security_group.node",
            "module.cs_demo.module.infrastructure.module.vpc.aws_vpc.this"
          ],
          "create_before_destroy": true
        },
        {
          "index_key": "ingress_self_coredns_tcp",
          "schema_version": 2,
          "attributes": {
            "cidr_blocks": null,
            "description": "Node to node CoreDNS",
            "from_port": 53,
            "id": "sgrule-2323708762",
            "ipv6_cidr_blocks": null,
            "prefix_list_ids": [],
            "protocol": "tcp",
            "security_group_id": "sg-0340d75760dde62e7",
            "security_group_rule_id": "sgr-0747607927a6c944e",
            "self": true,
            "source_security_group_id": null,
            "timeouts": null,
            "to_port": 53,
            "type": "ingress"
          },
          "sensitive_attributes": [],
          "private": "eyJlMmJmYjczMC1lY2FhLTExZTYtOGY4OC0zNDM2M2JjN2M0YzAiOnsiY3JlYXRlIjozMDAwMDAwMDAwMDB9LCJzY2hlbWFfdmVyc2lvbiI6IjIifQ==",
          "dependencies": [
            "module.cs_demo.module.eks.module.eks.aws_security_group.cluster",
            "module.cs_demo.module.eks.module.eks.aws_security_group.node",
            "module.cs_demo.module.infrastructure.module.vpc.aws_vpc.this"
          ],
          "create_before_destroy": true
        },
        {
          "index_key": "ingress_self_coredns_udp",
          "schema_version": 2,
          "attributes": {
            "cidr_blocks": null,
            "description": "Node to node CoreDNS UDP",
            "from_port": 53,
            "id": "sgrule-786389173",
            "ipv6_cidr_blocks": null,
            "prefix_list_ids": [],
            "protocol": "udp",
            "security_group_id": "sg-0340d75760dde62e7",
            "security_group_rule_id": "sgr-04f2e6bb55a30ce73",
            "self": true,
            "source_security_group_id": null,
            "timeouts": null,
            "to_port": 53,
            "type": "ingress"
          },
          "sensitive_attributes": [],
          "private": "eyJlMmJmYjczMC1lY2FhLTExZTYtOGY4OC0zNDM2M2JjN2M0YzAiOnsiY3JlYXRlIjozMDAwMDAwMDAwMDB9LCJzY2hlbWFfdmVyc2lvbiI6IjIifQ==",
          "dependencies": [
            "module.cs_demo.module.eks.module.eks.aws_security_group.cluster",
            "module.cs_demo.module.eks.module.eks.aws_security_group.node",
            "module.cs_demo.module.infrastructure.module.vpc.aws_vpc.this"
          ],
          "create_before_destroy": true
        }
      ]
    },
    {
      "module": "module.cs_demo.module.eks[0].module.eks",
      "mode": "managed",
      "type": "time_sleep",
      "name": "this",
      "provider": "provider[\"registry.terraform.io/hashicorp/time\"]",
      "instances": [
        {
          "index_key": 0,
          "schema_version": 0,
          "attributes": {
            "create_duration": "30s",
            "destroy_duration": null,
            "id": "2025-06-27T02:07:25Z",
            "triggers": {
              "cluster_certificate_authority_data": "LS0tLS1CRUdJTiBDRVJUSUZJQ0FURS0tLS0tCk1JSURCVENDQWUyZ0F3SUJBZ0lJVEZJV0dsb3dFd2t3RFFZSktvWklodmNOQVFFTEJRQXdGVEVUTUJFR0ExVUUKQXhNS2EzVmlaWEp1WlhSbGN6QWVGdzB5TlRBMk1qY3dNVFUyTlRWYUZ3MHpOVEEyTWpVd01qQXhOVFZhTUJVeApFekFSQmdOVkJBTVRDbXQxWW1WeWJtVjBaWE13Z2dFaU1BMEdDU3FHU0liM0RRRUJBUVVBQTRJQkR3QXdnZ0VLCkFvSUJBUURIcUdLNWFWZVBNellubk1oV015Z29MTXVORUFEZ0RhR0VhTFhyK2ZmWUZ1K3pUeUdPd3pRdzBxaVoKNFFkelVnaE9LbDdJV08yWjFTb1ZNbHNETy8va3l3YUxXZEZqTnZrSzFqQmtpVUtiSTIxOERUK0NKSXE4MytONQp0ZXFGRmVITkVheXE5cXN3d3FCOTRLV0dTRVYxWkZDRG9mcnM1VEsxTW5aY0lSNVM4bmp1YWF3NGpCd1E1K0NOCk1EUFFWZ2tmdll2WmFLVFBHQldnMzMxd25zcjRlbmtxdkFuS3FRU2VzeWQxZm5IN21MR0hKcDNwRTN2b1VNOFcKa3N4WnVZVndBQ0hWMGdzMW1uU05yY2ozS3Iwc0FRMTNoN0xzZ1dmNXpxVk5OZjA1akFpWTdMZVBUL3dYU2FFawpHdm5PV3BkMUMxSUZkZnNUb0dCVTFCWWVJVU92QWdNQkFBR2pXVEJYTUE0R0ExVWREd0VCL3dRRUF3SUNwREFQCkJnTlZIUk1CQWY4RUJUQURBUUgvTUIwR0ExVWREZ1FXQkJSSkIrQ1Nia3h0blJOL0R2U1hPMG84M3lZakZ6QVYKQmdOVkhSRUVEakFNZ2dwcmRXSmxjbTVsZEdWek1BMEdDU3FHU0liM0RRRUJDd1VBQTRJQkFRQ21sbythc21oeQpTN214Ry9RT2RVNFBIMFpEc0E5Rkh1K2ltNmZmbmU0U2haSWlibEladVIvaWZOV0xaV3YvL0hhOUNxR3Z3MGtVClFDc2hyOGNGQ2ZzbElibG5rYjBoUTNrYWxQK1VlZU5iMUpJV1hzUHNkUFFuTEx2TUgzWnhhUGhaK0lQZVo3K3cKblZYZDVpdlNFdWtUc2lueHpaWFZRTWhFMVF4cmxRVWxON0QybXVtUDdZa2E5emttRkgvN1FxTDVwRzVXTHR6LwpRS2RkNW80Ujl3NUM5WTNDbGVwaUo1cHJicmd5N0lCYmJTS2c0U3NtMHVPbVJuY2Ria1J0UGJvU0NRcGFXbDM2CnMvdm5YcHVyenE3WkU4ZVE5NSs1VEMwdUhqNDVSU2JLL0tWTzI1UlVBQXZUZHFnSThPWnJjWXBreGhPREYvaVgKMDIwZndheVJjWTJBCi0tLS0tRU5EIENFUlRJRklDQVRFLS0tLS0K",
              "cluster_endpoint": "https://63D3D08892CD7AE642A2295DD219D737.gr7.us-west-2.eks.amazonaws.com",
              "cluster_name": "bt-pc-demo-eks",
              "cluster_service_cidr": "172.20.0.0/16",
              "cluster_version": "1.32"
            }
          },
          "sensitive_attributes": [],
          "dependencies": [
            "module.cs_demo.module.eks.module.eks.aws_cloudwatch_log_group.this",
            "module.cs_demo.module.eks.module.eks.aws_eks_cluster.this",
            "module.cs_demo.module.eks.module.eks.aws_iam_policy.cni_ipv6_policy",
            "module.cs_demo.module.eks.module.eks.aws_iam_role.eks_auto",
            "module.cs_demo.module.eks.module.eks.aws_iam_role.this",
            "module.cs_demo.module.eks.module.eks.aws_iam_role_policy_attachment.this",
            "module.cs_demo.module.eks.module.eks.aws_security_group.cluster",
            "module.cs_demo.module.eks.module.eks.aws_security_group.node",
            "module.cs_demo.module.eks.module.eks.aws_security_group_rule.cluster",
            "module.cs_demo.module.eks.module.eks.aws_security_group_rule.node",
            "module.cs_demo.module.eks.module.eks.data.aws_caller_identity.current",
            "module.cs_demo.module.eks.module.eks.data.aws_iam_policy_document.assume_role_policy",
            "module.cs_demo.module.eks.module.eks.data.aws_iam_policy_document.cni_ipv6_policy",
            "module.cs_demo.module.eks.module.eks.data.aws_iam_policy_document.node_assume_role_policy",
            "module.cs_demo.module.eks.module.eks.data.aws_iam_session_context.current",
            "module.cs_demo.module.eks.module.eks.data.aws_partition.current",
            "module.cs_demo.module.eks.module.eks.module.kms.aws_kms_external_key.this",
            "module.cs_demo.module.eks.module.eks.module.kms.aws_kms_key.this",
            "module.cs_demo.module.eks.module.eks.module.kms.aws_kms_replica_external_key.this",
            "module.cs_demo.module.eks.module.eks.module.kms.aws_kms_replica_key.this",
            "module.cs_demo.module.eks.module.eks.module.kms.data.aws_caller_identity.current",
            "module.cs_demo.module.eks.module.eks.module.kms.data.aws_iam_policy_document.this",
            "module.cs_demo.module.eks.module.eks.module.kms.data.aws_partition.current",
            "module.cs_demo.module.infrastructure.aws_security_group.worker",
            "module.cs_demo.module.infrastructure.data.aws_availability_zones.available",
            "module.cs_demo.module.infrastructure.module.vpc.aws_subnet.private",
            "module.cs_demo.module.infrastructure.module.vpc.aws_vpc.this",
            "module.cs_demo.module.infrastructure.module.vpc.aws_vpc_ipv4_cidr_block_association.this"
          ],
          "create_before_destroy": true
        }
      ]
    },
    {
      "module": "module.cs_demo.module.eks[0].module.eks.module.kms",
      "mode": "data",
      "type": "aws_caller_identity",
      "name": "current",
      "provider": "provider[\"registry.terraform.io/hashicorp/aws\"]",
      "instances": [
        {
          "index_key": 0,
          "schema_version": 0,
          "attributes": {
            "account_id": "637423342822",
            "arn": "arn:aws:sts::637423342822:assumed-role/AWSReservedSSO_AdministratorAccess_3592835a30781ed5/berret.terry@strongdm.com",
            "id": "637423342822",
            "user_id": "AROAZI2LEKTTH2JG2QTSL:berret.terry@strongdm.com"
          },
          "sensitive_attributes": []
        }
      ]
    },
    {
      "module": "module.cs_demo.module.eks[0].module.eks.module.kms",
      "mode": "data",
      "type": "aws_iam_policy_document",
      "name": "this",
      "provider": "provider[\"registry.terraform.io/hashicorp/aws\"]",
      "instances": [
        {
          "index_key": 0,
          "schema_version": 0,
          "attributes": {
            "id": "1991549959",
            "json": "{\n  \"Version\": \"2012-10-17\",\n  \"Statement\": [\n    {\n      \"Sid\": \"Default\",\n      \"Effect\": \"Allow\",\n      \"Action\": \"kms:*\",\n      \"Resource\": \"*\",\n      \"Principal\": {\n        \"AWS\": \"arn:aws:iam::637423342822:root\"\n      }\n    },\n    {\n      \"Sid\": \"KeyAdministration\",\n      \"Effect\": \"Allow\",\n      \"Action\": [\n        \"kms:Update*\",\n        \"kms:UntagResource\",\n        \"kms:TagResource\",\n        \"kms:ScheduleKeyDeletion\",\n        \"kms:Revoke*\",\n        \"kms:ReplicateKey\",\n        \"kms:Put*\",\n        \"kms:List*\",\n        \"kms:ImportKeyMaterial\",\n        \"kms:Get*\",\n        \"kms:Enable*\",\n        \"kms:Disable*\",\n        \"kms:Describe*\",\n        \"kms:Delete*\",\n        \"kms:Create*\",\n        \"kms:CancelKeyDeletion\"\n      ],\n      \"Resource\": \"*\",\n      \"Principal\": {\n        \"AWS\": \"arn:aws:iam::637423342822:role/aws-reserved/sso.amazonaws.com/us-east-2/AWSReservedSSO_AdministratorAccess_3592835a30781ed5\"\n      }\n    },\n    {\n      \"Sid\": \"KeyUsage\",\n      \"Effect\": \"Allow\",\n      \"Action\": [\n        \"kms:ReEncrypt*\",\n        \"kms:GenerateDataKey*\",\n        \"kms:Encrypt\",\n        \"kms:DescribeKey\",\n        \"kms:Decrypt\"\n      ],\n      \"Resource\": \"*\",\n      \"Principal\": {\n        \"AWS\": \"arn:aws:iam::637423342822:role/bt-pc-demo-eks-cluster-20250627015623049300000006\"\n      }\n    }\n  ]\n}",
            "minified_json": "{\"Version\":\"2012-10-17\",\"Statement\":[{\"Sid\":\"Default\",\"Effect\":\"Allow\",\"Action\":\"kms:*\",\"Resource\":\"*\",\"Principal\":{\"AWS\":\"arn:aws:iam::637423342822:root\"}},{\"Sid\":\"KeyAdministration\",\"Effect\":\"Allow\",\"Action\":[\"kms:Update*\",\"kms:UntagResource\",\"kms:TagResource\",\"kms:ScheduleKeyDeletion\",\"kms:Revoke*\",\"kms:ReplicateKey\",\"kms:Put*\",\"kms:List*\",\"kms:ImportKeyMaterial\",\"kms:Get*\",\"kms:Enable*\",\"kms:Disable*\",\"kms:Describe*\",\"kms:Delete*\",\"kms:Create*\",\"kms:CancelKeyDeletion\"],\"Resource\":\"*\",\"Principal\":{\"AWS\":\"arn:aws:iam::637423342822:role/aws-reserved/sso.amazonaws.com/us-east-2/AWSReservedSSO_AdministratorAccess_3592835a30781ed5\"}},{\"Sid\":\"KeyUsage\",\"Effect\":\"Allow\",\"Action\":[\"kms:ReEncrypt*\",\"kms:GenerateDataKey*\",\"kms:Encrypt\",\"kms:DescribeKey\",\"kms:Decrypt\"],\"Resource\":\"*\",\"Principal\":{\"AWS\":\"arn:aws:iam::637423342822:role/bt-pc-demo-eks-cluster-20250627015623049300000006\"}}]}",
            "override_json": null,
            "override_policy_documents": null,
            "policy_id": null,
            "source_json": null,
            "source_policy_documents": null,
            "statement": [
              {
                "actions": [
                  "kms:*"
                ],
                "condition": [],
                "effect": "Allow",
                "not_actions": [],
                "not_principals": [],
                "not_resources": [],
                "principals": [
                  {
                    "identifiers": [
                      "arn:aws:iam::637423342822:root"
                    ],
                    "type": "AWS"
                  }
                ],
                "resources": [
                  "*"
                ],
                "sid": "Default"
              },
              {
                "actions": [
                  "kms:CancelKeyDeletion",
                  "kms:Create*",
                  "kms:Delete*",
                  "kms:Describe*",
                  "kms:Disable*",
                  "kms:Enable*",
                  "kms:Get*",
                  "kms:ImportKeyMaterial",
                  "kms:List*",
                  "kms:Put*",
                  "kms:ReplicateKey",
                  "kms:Revoke*",
                  "kms:ScheduleKeyDeletion",
                  "kms:TagResource",
                  "kms:UntagResource",
                  "kms:Update*"
                ],
                "condition": [],
                "effect": "Allow",
                "not_actions": [],
                "not_principals": [],
                "not_resources": [],
                "principals": [
                  {
                    "identifiers": [
                      "arn:aws:iam::637423342822:role/aws-reserved/sso.amazonaws.com/us-east-2/AWSReservedSSO_AdministratorAccess_3592835a30781ed5"
                    ],
                    "type": "AWS"
                  }
                ],
                "resources": [
                  "*"
                ],
                "sid": "KeyAdministration"
              },
              {
                "actions": [
                  "kms:Decrypt",
                  "kms:DescribeKey",
                  "kms:Encrypt",
                  "kms:GenerateDataKey*",
                  "kms:ReEncrypt*"
                ],
                "condition": [],
                "effect": "Allow",
                "not_actions": [],
                "not_principals": [],
                "not_resources": [],
                "principals": [
                  {
                    "identifiers": [
                      "arn:aws:iam::637423342822:role/bt-pc-demo-eks-cluster-20250627015623049300000006"
                    ],
                    "type": "AWS"
                  }
                ],
                "resources": [
                  "*"
                ],
                "sid": "KeyUsage"
              }
            ],
            "version": "2012-10-17"
          },
          "sensitive_attributes": []
        }
      ]
    },
    {
      "module": "module.cs_demo.module.eks[0].module.eks.module.kms",
      "mode": "data",
      "type": "aws_partition",
      "name": "current",
      "provider": "provider[\"registry.terraform.io/hashicorp/aws\"]",
      "instances": [
        {
          "index_key": 0,
          "schema_version": 0,
          "attributes": {
            "dns_suffix": "amazonaws.com",
            "id": "aws",
            "partition": "aws",
            "reverse_dns_prefix": "com.amazonaws"
          },
          "sensitive_attributes": []
        }
      ]
    },
    {
      "module": "module.cs_demo.module.eks[0].module.eks.module.kms",
      "mode": "managed",
      "type": "aws_kms_alias",
      "name": "this",
      "provider": "provider[\"registry.terraform.io/hashicorp/aws\"]",
      "instances": [
        {
          "index_key": "cluster",
          "schema_version": 0,
          "attributes": {
            "arn": "arn:aws:kms:us-west-2:637423342822:alias/eks/bt-pc-demo-eks",
            "id": "alias/eks/bt-pc-demo-eks",
            "name": "alias/eks/bt-pc-demo-eks",
            "name_prefix": "",
            "target_key_arn": "arn:aws:kms:us-west-2:637423342822:key/28ce8487-3445-4809-b65e-9efdbac934de",
            "target_key_id": "28ce8487-3445-4809-b65e-9efdbac934de"
          },
          "sensitive_attributes": [],
          "private": "bnVsbA==",
          "dependencies": [
            "module.cs_demo.module.eks.module.eks.aws_iam_role.this",
            "module.cs_demo.module.eks.module.eks.data.aws_caller_identity.current",
            "module.cs_demo.module.eks.module.eks.data.aws_iam_policy_document.assume_role_policy",
            "module.cs_demo.module.eks.module.eks.data.aws_iam_session_context.current",
            "module.cs_demo.module.eks.module.eks.module.kms.aws_kms_external_key.this",
            "module.cs_demo.module.eks.module.eks.module.kms.aws_kms_key.this",
            "module.cs_demo.module.eks.module.eks.module.kms.aws_kms_replica_external_key.this",
            "module.cs_demo.module.eks.module.eks.module.kms.aws_kms_replica_key.this",
            "module.cs_demo.module.eks.module.eks.module.kms.data.aws_caller_identity.current",
            "module.cs_demo.module.eks.module.eks.module.kms.data.aws_iam_policy_document.this",
            "module.cs_demo.module.eks.module.eks.module.kms.data.aws_partition.current"
          ]
        }
      ]
    },
    {
      "module": "module.cs_demo.module.eks[0].module.eks.module.kms",
      "mode": "managed",
      "type": "aws_kms_key",
      "name": "this",
      "provider": "provider[\"registry.terraform.io/hashicorp/aws\"]",
      "instances": [
        {
          "index_key": 0,
          "schema_version": 0,
          "attributes": {
            "arn": "arn:aws:kms:us-west-2:637423342822:key/28ce8487-3445-4809-b65e-9efdbac934de",
            "bypass_policy_lockout_safety_check": false,
            "custom_key_store_id": "",
            "customer_master_key_spec": "SYMMETRIC_DEFAULT",
            "deletion_window_in_days": null,
            "description": "bt-pc-demo-eks cluster encryption key",
            "enable_key_rotation": true,
            "id": "28ce8487-3445-4809-b65e-9efdbac934de",
            "is_enabled": true,
            "key_id": "28ce8487-3445-4809-b65e-9efdbac934de",
            "key_usage": "ENCRYPT_DECRYPT",
            "multi_region": false,
            "policy": "{\"Statement\":[{\"Action\":\"kms:*\",\"Effect\":\"Allow\",\"Principal\":{\"AWS\":\"arn:aws:iam::637423342822:root\"},\"Resource\":\"*\",\"Sid\":\"Default\"},{\"Action\":[\"kms:Update*\",\"kms:UntagResource\",\"kms:TagResource\",\"kms:ScheduleKeyDeletion\",\"kms:Revoke*\",\"kms:ReplicateKey\",\"kms:Put*\",\"kms:List*\",\"kms:ImportKeyMaterial\",\"kms:Get*\",\"kms:Enable*\",\"kms:Disable*\",\"kms:Describe*\",\"kms:Delete*\",\"kms:Create*\",\"kms:CancelKeyDeletion\"],\"Effect\":\"Allow\",\"Principal\":{\"AWS\":\"arn:aws:iam::637423342822:role/aws-reserved/sso.amazonaws.com/us-east-2/AWSReservedSSO_AdministratorAccess_3592835a30781ed5\"},\"Resource\":\"*\",\"Sid\":\"KeyAdministration\"},{\"Action\":[\"kms:ReEncrypt*\",\"kms:GenerateDataKey*\",\"kms:Encrypt\",\"kms:DescribeKey\",\"kms:Decrypt\"],\"Effect\":\"Allow\",\"Principal\":{\"AWS\":\"arn:aws:iam::637423342822:role/bt-pc-demo-eks-cluster-20250627015623049300000006\"},\"Resource\":\"*\",\"Sid\":\"KeyUsage\"}],\"Version\":\"2012-10-17\"}",
            "rotation_period_in_days": 365,
            "tags": {
              "Name": "bt-pc-demo-eks",
              "project": "bt-pc-demo",
              "terraform-aws-modules": "eks",
              "workflow": "bt-pc-demo-workflow"
            },
            "tags_all": {
              "Name": "bt-pc-demo-eks",
              "project": "bt-pc-demo",
              "terraform-aws-modules": "eks",
              "workflow": "bt-pc-demo-workflow"
            },
            "timeouts": null,
            "xks_key_id": ""
          },
          "sensitive_attributes": [],
          "private": "eyJlMmJmYjczMC1lY2FhLTExZTYtOGY4OC0zNDM2M2JjN2M0YzAiOnsiY3JlYXRlIjoxMjAwMDAwMDAwMDB9fQ==",
          "dependencies": [
            "module.cs_demo.module.eks.module.eks.module.kms.data.aws_iam_policy_document.this"
          ]
        }
      ]
    },
    {
      "module": "module.cs_demo.module.infrastructure",
      "mode": "data",
      "type": "aws_availability_zones",
      "name": "available",
      "provider": "provider[\"registry.terraform.io/hashicorp/aws\"]",
      "instances": [
        {
          "schema_version": 0,
          "attributes": {
            "all_availability_zones": null,
            "exclude_names": null,
            "exclude_zone_ids": null,
            "filter": null,
            "group_names": [
              "us-west-2-zg-1"
            ],
            "id": "us-west-2",
            "names": [
              "us-west-2a",
              "us-west-2b",
              "us-west-2c",
              "us-west-2d"
            ],
            "state": "available",
            "timeouts": null,
            "zone_ids": [
              "usw2-az1",
              "usw2-az2",
              "usw2-az3",
              "usw2-az4"
            ]
          },
          "sensitive_attributes": []
        }
      ]
    },
    {
      "module": "module.cs_demo.module.infrastructure",
      "mode": "data",
      "type": "aws_region",
      "name": "current",
      "provider": "provider[\"registry.terraform.io/hashicorp/aws\"]",
      "instances": [
        {
          "schema_version": 0,
          "attributes": {
            "description": "US West (Oregon)",
            "endpoint": "ec2.us-west-2.amazonaws.com",
            "id": "us-west-2",
            "name": "us-west-2"
          },
          "sensitive_attributes": []
        }
      ]
    },
    {
      "module": "module.cs_demo.module.infrastructure",
      "mode": "managed",
      "type": "aws_cloudwatch_log_group",
      "name": "this",
      "provider": "provider[\"registry.terraform.io/hashicorp/aws\"]",
      "instances": [
        {
          "schema_version": 0,
          "attributes": {
            "arn": "arn:aws:logs:us-west-2:637423342822:log-group:sdm-proxy-20250627015623041900000001",
            "id": "sdm-proxy-20250627015623041900000001",
            "kms_key_id": "",
            "log_group_class": "STANDARD",
            "name": "sdm-proxy-20250627015623041900000001",
            "name_prefix": "sdm-proxy-",
            "retention_in_days": 3,
            "skip_destroy": false,
            "tags": {},
            "tags_all": {}
          },
          "sensitive_attributes": [],
          "private": "bnVsbA=="
        }
      ]
    },
    {
      "module": "module.cs_demo.module.infrastructure",
      "mode": "managed",
      "type": "aws_ecs_cluster",
      "name": "this",
      "provider": "provider[\"registry.terraform.io/hashicorp/aws\"]",
      "instances": [
        {
          "schema_version": 0,
          "attributes": {
            "arn": "arn:aws:ecs:us-west-2:637423342822:cluster/bt-pc-demo-ecs",
            "configuration": [],
            "id": "arn:aws:ecs:us-west-2:637423342822:cluster/bt-pc-demo-ecs",
            "name": "bt-pc-demo-ecs",
            "service_connect_defaults": [],
            "setting": [
              {
                "name": "containerInsights",
                "value": "disabled"
              }
            ],
            "tags": {},
            "tags_all": {}
          },
          "sensitive_attributes": [],
          "private": "bnVsbA=="
        }
      ]
    },
    {
      "module": "module.cs_demo.module.infrastructure",
      "mode": "managed",
      "type": "aws_ecs_service",
      "name": "bridge_service",
      "provider": "provider[\"registry.terraform.io/hashicorp/aws\"]",
      "instances": [
        {
          "schema_version": 1,
          "attributes": {
            "alarms": [],
            "availability_zone_rebalancing": "DISABLED",
            "capacity_provider_strategy": [],
            "cluster": "arn:aws:ecs:us-west-2:637423342822:cluster/bt-pc-demo-ecs",
            "deployment_circuit_breaker": [
              {
                "enable": true,
                "rollback": true
              }
            ],
            "deployment_controller": [
              {
                "type": "ECS"
              }
            ],
            "deployment_maximum_percent": 200,
            "deployment_minimum_healthy_percent": 100,
            "desired_count": 1,
            "enable_ecs_managed_tags": false,
            "enable_execute_command": false,
            "force_delete": null,
            "force_new_deployment": true,
            "health_check_grace_period_seconds": 0,
            "iam_role": "/aws-service-role/ecs.amazonaws.com/AWSServiceRoleForECS",
            "id": "arn:aws:ecs:us-west-2:637423342822:service/bt-pc-demo-ecs/bt-pc-demo-bridge-service",
            "launch_type": "FARGATE",
            "load_balancer": [
              {
                "container_name": "bridge",
                "container_port": 8443,
                "elb_name": "",
                "target_group_arn": "arn:aws:elasticloadbalancing:us-west-2:637423342822:targetgroup/proxy-20250627015635364000000012/ef22a9545f39ce8e"
              }
            ],
            "name": "bt-pc-demo-bridge-service",
            "network_configuration": [
              {
                "assign_public_ip": false,
                "security_groups": [
                  "sg-0429a4bd7b2d4be38"
                ],
                "subnets": [
                  "subnet-01d905077b27183ba",
                  "subnet-094cc43384d6f0879"
                ]
              }
            ],
            "ordered_placement_strategy": [],
            "placement_constraints": [],
            "platform_version": "LATEST",
            "propagate_tags": "SERVICE",
            "scheduling_strategy": "REPLICA",
            "service_connect_configuration": [],
            "service_registries": [],
            "tags": {},
            "tags_all": {},
            "task_definition": "bt-pc-demo-proxy-bridge:20",
            "timeouts": null,
            "triggers": {},
            "volume_configuration": [],
            "vpc_lattice_configurations": [],
            "wait_for_steady_state": true
          },
          "sensitive_attributes": [],
          "private": "eyJlMmJmYjczMC1lY2FhLTExZTYtOGY4OC0zNDM2M2JjN2M0YzAiOnsiY3JlYXRlIjoxMjAwMDAwMDAwMDAwLCJkZWxldGUiOjEyMDAwMDAwMDAwMDAsInVwZGF0ZSI6MTIwMDAwMDAwMDAwMH0sInNjaGVtYV92ZXJzaW9uIjoiMSJ9",
          "dependencies": [
            "module.cs_demo.module.infrastructure.aws_cloudwatch_log_group.this",
            "module.cs_demo.module.infrastructure.aws_ecs_cluster.this",
            "module.cs_demo.module.infrastructure.aws_ecs_task_definition.this_bridge",
            "module.cs_demo.module.infrastructure.aws_iam_role.this_task",
            "module.cs_demo.module.infrastructure.aws_iam_role.this_task_execution",
            "module.cs_demo.module.infrastructure.aws_lb.this",
            "module.cs_demo.module.infrastructure.aws_lb_listener.this_sdm",
            "module.cs_demo.module.infrastructure.aws_lb_target_group.this",
            "module.cs_demo.module.infrastructure.aws_security_group.bridge",
            "module.cs_demo.module.infrastructure.aws_security_group.nlb",
            "module.cs_demo.module.infrastructure.aws_ssm_parameter.secret_key",
            "module.cs_demo.module.infrastructure.data.aws_availability_zones.available",
            "module.cs_demo.module.infrastructure.data.aws_region.current",
            "module.cs_demo.module.infrastructure.module.vpc.aws_subnet.private",
            "module.cs_demo.module.infrastructure.module.vpc.aws_subnet.public",
            "module.cs_demo.module.infrastructure.module.vpc.aws_vpc.this",
            "module.cs_demo.module.infrastructure.module.vpc.aws_vpc_ipv4_cidr_block_association.this",
            "module.cs_demo.module.sdm.sdm_node.proxy-cluster",
            "module.cs_demo.module.sdm.sdm_proxy_cluster_key.this"
          ]
        }
      ]
    },
    {
      "module": "module.cs_demo.module.infrastructure",
      "mode": "managed",
      "type": "aws_ecs_service",
      "name": "worker_service",
      "provider": "provider[\"registry.terraform.io/hashicorp/aws\"]",
      "instances": [
        {
          "schema_version": 1,
          "attributes": {
            "alarms": [],
            "availability_zone_rebalancing": "DISABLED",
            "capacity_provider_strategy": [],
            "cluster": "arn:aws:ecs:us-west-2:637423342822:cluster/bt-pc-demo-ecs",
            "deployment_circuit_breaker": [
              {
                "enable": true,
                "rollback": true
              }
            ],
            "deployment_controller": [
              {
                "type": "ECS"
              }
            ],
            "deployment_maximum_percent": 200,
            "deployment_minimum_healthy_percent": 100,
            "desired_count": 1,
            "enable_ecs_managed_tags": false,
            "enable_execute_command": false,
            "force_delete": null,
            "force_new_deployment": true,
            "health_check_grace_period_seconds": 0,
            "iam_role": "/aws-service-role/ecs.amazonaws.com/AWSServiceRoleForECS",
            "id": "arn:aws:ecs:us-west-2:637423342822:service/bt-pc-demo-ecs/bt-pc-demo-worker-service",
            "launch_type": "FARGATE",
            "load_balancer": [],
            "name": "bt-pc-demo-worker-service",
            "network_configuration": [
              {
                "assign_public_ip": false,
                "security_groups": [
                  "sg-043473ef8e610f486"
                ],
                "subnets": [
                  "subnet-01d905077b27183ba",
                  "subnet-094cc43384d6f0879"
                ]
              }
            ],
            "ordered_placement_strategy": [],
            "placement_constraints": [],
            "platform_version": "LATEST",
            "propagate_tags": "SERVICE",
            "scheduling_strategy": "REPLICA",
            "service_connect_configuration": [],
            "service_registries": [],
            "tags": {},
            "tags_all": {},
            "task_definition": "bt-pc-demo-proxy-worker:20",
            "timeouts": null,
            "triggers": {},
            "volume_configuration": [],
            "vpc_lattice_configurations": [],
            "wait_for_steady_state": true
          },
          "sensitive_attributes": [],
          "private": "eyJlMmJmYjczMC1lY2FhLTExZTYtOGY4OC0zNDM2M2JjN2M0YzAiOnsiY3JlYXRlIjoxMjAwMDAwMDAwMDAwLCJkZWxldGUiOjEyMDAwMDAwMDAwMDAsInVwZGF0ZSI6MTIwMDAwMDAwMDAwMH0sInNjaGVtYV92ZXJzaW9uIjoiMSJ9",
          "dependencies": [
            "module.cs_demo.module.infrastructure.aws_cloudwatch_log_group.this",
            "module.cs_demo.module.infrastructure.aws_ecs_cluster.this",
            "module.cs_demo.module.infrastructure.aws_ecs_service.bridge_service",
            "module.cs_demo.module.infrastructure.aws_ecs_task_definition.this_bridge",
            "module.cs_demo.module.infrastructure.aws_ecs_task_definition.this_worker",
            "module.cs_demo.module.infrastructure.aws_iam_role.this_task",
            "module.cs_demo.module.infrastructure.aws_iam_role.this_task_execution",
            "module.cs_demo.module.infrastructure.aws_lb.this",
            "module.cs_demo.module.infrastructure.aws_lb_listener.this_sdm",
            "module.cs_demo.module.infrastructure.aws_lb_target_group.this",
            "module.cs_demo.module.infrastructure.aws_security_group.bridge",
            "module.cs_demo.module.infrastructure.aws_security_group.nlb",
            "module.cs_demo.module.infrastructure.aws_security_group.worker",
            "module.cs_demo.module.infrastructure.aws_ssm_parameter.secret_key",
            "module.cs_demo.module.infrastructure.data.aws_availability_zones.available",
            "module.cs_demo.module.infrastructure.data.aws_region.current",
            "module.cs_demo.module.infrastructure.module.vpc.aws_subnet.private",
            "module.cs_demo.module.infrastructure.module.vpc.aws_subnet.public",
            "module.cs_demo.module.infrastructure.module.vpc.aws_vpc.this",
            "module.cs_demo.module.infrastructure.module.vpc.aws_vpc_ipv4_cidr_block_association.this",
            "module.cs_demo.module.sdm.sdm_node.proxy-cluster",
            "module.cs_demo.module.sdm.sdm_proxy_cluster_key.this"
          ]
        }
      ]
    },
    {
      "module": "module.cs_demo.module.infrastructure",
      "mode": "managed",
      "type": "aws_ecs_task_definition",
      "name": "this_bridge",
      "provider": "provider[\"registry.terraform.io/hashicorp/aws\"]",
      "instances": [
        {
          "schema_version": 1,
          "attributes": {
            "arn": "arn:aws:ecs:us-west-2:637423342822:task-definition/bt-pc-demo-proxy-bridge:20",
            "arn_without_revision": "arn:aws:ecs:us-west-2:637423342822:task-definition/bt-pc-demo-proxy-bridge",
            "container_definitions": "[{\"environment\":[{\"name\":\"SDM_BIND_ADDRESS\",\"value\":\":8443\"},{\"name\":\"SDM_BRIDGE\",\"value\":\"local\"},{\"name\":\"SDM_DOCKERIZED\",\"value\":\"true\"},{\"name\":\"SDM_PROXY_CLUSTER_ACCESS_KEY\",\"value\":\"pk-4413b7b4685dfb04\"}],\"essential\":true,\"image\":\"public.ecr.aws/strongdm/relay:latest\",\"logConfiguration\":{\"logDriver\":\"awslogs\",\"options\":{\"awslogs-group\":\"sdm-proxy-20250627015623041900000001\",\"mode\":\"non-blocking\",\"awslogs-region\":\"us-west-2\",\"awslogs-stream-prefix\":\"bt-pc-demo-\"}},\"mountPoints\":[],\"name\":\"bridge\",\"portMappings\":[{\"containerPort\":8443,\"hostPort\":8443,\"protocol\":\"tcp\"}],\"secrets\":[{\"name\":\"SDM_PROXY_CLUSTER_SECRET_KEY\",\"valueFrom\":\"arn:aws:ssm:us-west-2:637423342822:parameter/strongdm/proxy-cluster/bt-pc-demo-proxy/secret-key\"}],\"systemControls\":[],\"volumesFrom\":[]}]",
            "cpu": "2048",
            "enable_fault_injection": false,
            "ephemeral_storage": [],
            "execution_role_arn": "arn:aws:iam::637423342822:role/bt-pc-demo-20250627015623043900000004",
            "family": "bt-pc-demo-proxy-bridge",
            "id": "bt-pc-demo-proxy-bridge",
            "inference_accelerator": [],
            "ipc_mode": "",
            "memory": "4096",
            "network_mode": "awsvpc",
            "pid_mode": "",
            "placement_constraints": [],
            "proxy_configuration": [],
            "requires_compatibilities": [
              "FARGATE"
            ],
            "revision": 20,
            "runtime_platform": [],
            "skip_destroy": false,
            "tags": {},
            "tags_all": {},
            "task_role_arn": "arn:aws:iam::637423342822:role/bt-pc-demo-20250627015623043500000003",
            "track_latest": false,
            "volume": []
          },
          "sensitive_attributes": [],
          "private": "eyJzY2hlbWFfdmVyc2lvbiI6IjEifQ==",
          "dependencies": [
            "module.cs_demo.module.infrastructure.aws_cloudwatch_log_group.this",
            "module.cs_demo.module.infrastructure.aws_iam_role.this_task",
            "module.cs_demo.module.infrastructure.aws_iam_role.this_task_execution",
            "module.cs_demo.module.infrastructure.aws_lb.this",
            "module.cs_demo.module.infrastructure.aws_security_group.nlb",
            "module.cs_demo.module.infrastructure.aws_ssm_parameter.secret_key",
            "module.cs_demo.module.infrastructure.data.aws_availability_zones.available",
            "module.cs_demo.module.infrastructure.data.aws_region.current",
            "module.cs_demo.module.infrastructure.module.vpc.aws_subnet.public",
            "module.cs_demo.module.infrastructure.module.vpc.aws_vpc.this",
            "module.cs_demo.module.infrastructure.module.vpc.aws_vpc_ipv4_cidr_block_association.this",
            "module.cs_demo.module.sdm.sdm_node.proxy-cluster",
            "module.cs_demo.module.sdm.sdm_proxy_cluster_key.this"
          ]
        }
      ]
    },
    {
      "module": "module.cs_demo.module.infrastructure",
      "mode": "managed",
      "type": "aws_ecs_task_definition",
      "name": "this_worker",
      "provider": "provider[\"registry.terraform.io/hashicorp/aws\"]",
      "instances": [
        {
          "schema_version": 1,
          "attributes": {
            "arn": "arn:aws:ecs:us-west-2:637423342822:task-definition/bt-pc-demo-proxy-worker:20",
            "arn_without_revision": "arn:aws:ecs:us-west-2:637423342822:task-definition/bt-pc-demo-proxy-worker",
            "container_definitions": "[{\"environment\":[{\"name\":\"SDM_BIND_ADDRESS\",\"value\":\":8443\"},{\"name\":\"SDM_BRIDGE\",\"value\":\"proxy-2025062701563904580000001a-8fb7a712e3ba5db3.elb.us-west-2.amazonaws.com:443\"},{\"name\":\"SDM_DOCKERIZED\",\"value\":\"true\"},{\"name\":\"SDM_PROXY_CLUSTER_ACCESS_KEY\",\"value\":\"pk-4413b7b4685dfb04\"}],\"essential\":true,\"image\":\"public.ecr.aws/strongdm/relay:latest\",\"logConfiguration\":{\"logDriver\":\"awslogs\",\"options\":{\"awslogs-region\":\"us-west-2\",\"awslogs-stream-prefix\":\"bt-pc-demo-\",\"awslogs-group\":\"sdm-proxy-20250627015623041900000001\",\"mode\":\"non-blocking\"}},\"mountPoints\":[],\"name\":\"worker\",\"portMappings\":[{\"containerPort\":8443,\"hostPort\":8443,\"protocol\":\"tcp\"}],\"secrets\":[{\"name\":\"SDM_PROXY_CLUSTER_SECRET_KEY\",\"valueFrom\":\"arn:aws:ssm:us-west-2:637423342822:parameter/strongdm/proxy-cluster/bt-pc-demo-proxy/secret-key\"}],\"systemControls\":[],\"volumesFrom\":[]}]",
            "cpu": "2048",
            "enable_fault_injection": false,
            "ephemeral_storage": [],
            "execution_role_arn": "arn:aws:iam::637423342822:role/bt-pc-demo-20250627015623043900000004",
            "family": "bt-pc-demo-proxy-worker",
            "id": "bt-pc-demo-proxy-worker",
            "inference_accelerator": [],
            "ipc_mode": "",
            "memory": "4096",
            "network_mode": "awsvpc",
            "pid_mode": "",
            "placement_constraints": [],
            "proxy_configuration": [],
            "requires_compatibilities": [
              "FARGATE"
            ],
            "revision": 20,
            "runtime_platform": [],
            "skip_destroy": false,
            "tags": {},
            "tags_all": {},
            "task_role_arn": "arn:aws:iam::637423342822:role/bt-pc-demo-20250627015623043500000003",
            "track_latest": false,
            "volume": []
          },
          "sensitive_attributes": [],
          "private": "eyJzY2hlbWFfdmVyc2lvbiI6IjEifQ==",
          "dependencies": [
            "module.cs_demo.module.infrastructure.aws_cloudwatch_log_group.this",
            "module.cs_demo.module.infrastructure.aws_iam_role.this_task",
            "module.cs_demo.module.infrastructure.aws_iam_role.this_task_execution",
            "module.cs_demo.module.infrastructure.aws_lb.this",
            "module.cs_demo.module.infrastructure.aws_security_group.nlb",
            "module.cs_demo.module.infrastructure.aws_ssm_parameter.secret_key",
            "module.cs_demo.module.infrastructure.data.aws_availability_zones.available",
            "module.cs_demo.module.infrastructure.data.aws_region.current",
            "module.cs_demo.module.infrastructure.module.vpc.aws_subnet.public",
            "module.cs_demo.module.infrastructure.module.vpc.aws_vpc.this",
            "module.cs_demo.module.infrastructure.module.vpc.aws_vpc_ipv4_cidr_block_association.this",
            "module.cs_demo.module.sdm.sdm_node.proxy-cluster",
            "module.cs_demo.module.sdm.sdm_proxy_cluster_key.this"
          ]
        }
      ]
    },
    {
      "module": "module.cs_demo.module.infrastructure",
      "mode": "managed",
      "type": "aws_iam_policy",
      "name": "assume_eks_role",
      "provider": "provider[\"registry.terraform.io/hashicorp/aws\"]",
      "instances": [
        {
          "schema_version": 0,
          "attributes": {
            "arn": "arn:aws:iam::637423342822:policy/bt-pc-demo-assume-eks2025062701563252860000000c",
            "attachment_count": 1,
            "description": "",
            "id": "arn:aws:iam::637423342822:policy/bt-pc-demo-assume-eks2025062701563252860000000c",
            "name": "bt-pc-demo-assume-eks2025062701563252860000000c",
            "name_prefix": "bt-pc-demo-assume-eks",
            "path": "/",
            "policy": "{\"Statement\":[{\"Action\":\"sts:AssumeRole\",\"Effect\":\"Allow\",\"Resource\":\"arn:aws:iam::637423342822:role/bt-pc-demo-20250627015623885200000007\"}],\"Version\":\"2012-10-17\"}",
            "policy_id": "ANPAZI2LEKTTDAM3NULOT",
            "tags": {},
            "tags_all": {}
          },
          "sensitive_attributes": [],
          "private": "bnVsbA==",
          "dependencies": [
            "module.cs_demo.module.eks.aws_iam_role.this_eks",
            "module.cs_demo.module.eks.data.aws_caller_identity.current",
            "module.cs_demo.module.infrastructure.aws_iam_role.this_task"
          ]
        }
      ]
    },
    {
      "module": "module.cs_demo.module.infrastructure",
      "mode": "managed",
      "type": "aws_iam_policy",
      "name": "this_task",
      "provider": "provider[\"registry.terraform.io/hashicorp/aws\"]",
      "instances": [
        {
          "schema_version": 0,
          "attributes": {
            "arn": "arn:aws:iam::637423342822:policy/bt-pc-demo-20250627015623043000000002",
            "attachment_count": 1,
            "description": "",
            "id": "arn:aws:iam::637423342822:policy/bt-pc-demo-20250627015623043000000002",
            "name": "bt-pc-demo-20250627015623043000000002",
            "name_prefix": "bt-pc-demo-",
            "path": "/",
            "policy": "{\"Statement\":[{\"Action\":[\"ssmmessages:CreateControlChannel\",\"ssmmessages:CreateDataChannel\",\"ssmmessages:OpenControlChannel\",\"ssmmessages:OpenDataChannel\"],\"Effect\":\"Allow\",\"Resource\":\"*\",\"Sid\":\"ExecuteCommand\"}],\"Version\":\"2012-10-17\"}",
            "policy_id": "ANPAZI2LEKTTLYXW6KERI",
            "tags": {},
            "tags_all": {}
          },
          "sensitive_attributes": [],
          "private": "bnVsbA=="
        }
      ]
    },
    {
      "module": "module.cs_demo.module.infrastructure",
      "mode": "managed",
      "type": "aws_iam_policy",
      "name": "this_task_execution",
      "provider": "provider[\"registry.terraform.io/hashicorp/aws\"]",
      "instances": [
        {
          "schema_version": 0,
          "attributes": {
            "arn": "arn:aws:iam::637423342822:policy/bt-pc-demo-2025062701593246780000001d",
            "attachment_count": 1,
            "description": "",
            "id": "arn:aws:iam::637423342822:policy/bt-pc-demo-2025062701593246780000001d",
            "name": "bt-pc-demo-2025062701593246780000001d",
            "name_prefix": "bt-pc-demo-",
            "path": "/",
            "policy": "{\"Statement\":[{\"Action\":[\"ecr:BatchCheckLayerAvailability\",\"ecr:BatchGetImage\",\"ecr:GetDownloadUrlForLayer\",\"ecr:GetAuthorizationToken\",\"logs:CreateLogStream\",\"logs:PutLogEvents\"],\"Effect\":\"Allow\",\"Resource\":\"*\"},{\"Action\":[\"secretsmanager:GetSecretValue\",\"ssm:GetParameter*\",\"kms:Decrypt\"],\"Effect\":\"Allow\",\"Resource\":[\"arn:aws:ssm:us-west-2:637423342822:parameter/strongdm/proxy-cluster/bt-pc-demo-proxy/secret-key\",\"arn:aws:ssm:us-west-2:637423342822:parameter/*\",\"arn:aws:secretsmanager:us-west-2:637423342822:secret:*\",\"arn:aws:kms:us-west-2:637423342822:key/*\"]}],\"Version\":\"2012-10-17\"}",
            "policy_id": "ANPAZI2LEKTTHZNY22RCD",
            "tags": {},
            "tags_all": {}
          },
          "sensitive_attributes": [],
          "private": "bnVsbA==",
          "dependencies": [
            "module.cs_demo.module.infrastructure.aws_lb.this",
            "module.cs_demo.module.infrastructure.aws_security_group.nlb",
            "module.cs_demo.module.infrastructure.aws_ssm_parameter.secret_key",
            "module.cs_demo.module.infrastructure.data.aws_availability_zones.available",
            "module.cs_demo.module.infrastructure.module.vpc.aws_subnet.public",
            "module.cs_demo.module.infrastructure.module.vpc.aws_vpc.this",
            "module.cs_demo.module.infrastructure.module.vpc.aws_vpc_ipv4_cidr_block_association.this",
            "module.cs_demo.module.sdm.sdm_node.proxy-cluster",
            "module.cs_demo.module.sdm.sdm_proxy_cluster_key.this"
          ]
        }
      ]
    },
    {
      "module": "module.cs_demo.module.infrastructure",
      "mode": "managed",
      "type": "aws_iam_role",
      "name": "this_task",
      "provider": "provider[\"registry.terraform.io/hashicorp/aws\"]",
      "instances": [
        {
          "schema_version": 0,
          "attributes": {
            "arn": "arn:aws:iam::637423342822:role/bt-pc-demo-20250627015623043500000003",
            "assume_role_policy": "{\"Statement\":[{\"Action\":\"sts:AssumeRole\",\"Effect\":\"Allow\",\"Principal\":{\"Service\":\"ecs-tasks.amazonaws.com\"}}],\"Version\":\"2012-10-17\"}",
            "create_date": "2025-06-27T01:56:23Z",
            "description": "",
            "force_detach_policies": false,
            "id": "bt-pc-demo-20250627015623043500000003",
            "inline_policy": [],
            "managed_policy_arns": [
              "arn:aws:iam::637423342822:policy/bt-pc-demo-20250627015623043000000002",
              "arn:aws:iam::637423342822:policy/bt-pc-demo-assume-eks2025062701563252860000000c"
            ],
            "max_session_duration": 3600,
            "name": "bt-pc-demo-20250627015623043500000003",
            "name_prefix": "bt-pc-demo-",
            "path": "/",
            "permissions_boundary": "",
            "tags": {},
            "tags_all": {},
            "unique_id": "AROAZI2LEKTTCA4CQF5YK"
          },
          "sensitive_attributes": [],
          "private": "bnVsbA=="
        }
      ]
    },
    {
      "module": "module.cs_demo.module.infrastructure",
      "mode": "managed",
      "type": "aws_iam_role",
      "name": "this_task_execution",
      "provider": "provider[\"registry.terraform.io/hashicorp/aws\"]",
      "instances": [
        {
          "schema_version": 0,
          "attributes": {
            "arn": "arn:aws:iam::637423342822:role/bt-pc-demo-20250627015623043900000004",
            "assume_role_policy": "{\"Statement\":[{\"Action\":\"sts:AssumeRole\",\"Effect\":\"Allow\",\"Principal\":{\"Service\":\"ecs-tasks.amazonaws.com\"}}],\"Version\":\"2012-10-17\"}",
            "create_date": "2025-06-27T01:56:23Z",
            "description": "",
            "force_detach_policies": false,
            "id": "bt-pc-demo-20250627015623043900000004",
            "inline_policy": [],
            "managed_policy_arns": [
              "arn:aws:iam::637423342822:policy/bt-pc-demo-2025062701593246780000001d"
            ],
            "max_session_duration": 3600,
            "name": "bt-pc-demo-20250627015623043900000004",
            "name_prefix": "bt-pc-demo-",
            "path": "/",
            "permissions_boundary": "",
            "tags": {},
            "tags_all": {},
            "unique_id": "AROAZI2LEKTTPC5MVGRDC"
          },
          "sensitive_attributes": [],
          "private": "bnVsbA=="
        }
      ]
    },
    {
      "module": "module.cs_demo.module.infrastructure",
      "mode": "managed",
      "type": "aws_iam_role_policy_attachment",
      "name": "attach_assume_eks_role",
      "provider": "provider[\"registry.terraform.io/hashicorp/aws\"]",
      "instances": [
        {
          "schema_version": 0,
          "attributes": {
            "id": "bt-pc-demo-20250627015623043500000003-2025062701563329560000000e",
            "policy_arn": "arn:aws:iam::637423342822:policy/bt-pc-demo-assume-eks2025062701563252860000000c",
            "role": "bt-pc-demo-20250627015623043500000003"
          },
          "sensitive_attributes": [],
          "private": "bnVsbA==",
          "dependencies": [
            "module.cs_demo.module.eks.aws_iam_role.this_eks",
            "module.cs_demo.module.eks.data.aws_caller_identity.current",
            "module.cs_demo.module.infrastructure.aws_iam_policy.assume_eks_role",
            "module.cs_demo.module.infrastructure.aws_iam_role.this_task"
          ]
        }
      ]
    },
    {
      "module": "module.cs_demo.module.infrastructure",
      "mode": "managed",
      "type": "aws_iam_role_policy_attachment",
      "name": "this_task",
      "provider": "provider[\"registry.terraform.io/hashicorp/aws\"]",
      "instances": [
        {
          "schema_version": 0,
          "attributes": {
            "id": "bt-pc-demo-20250627015623043500000003-20250627015624057600000008",
            "policy_arn": "arn:aws:iam::637423342822:policy/bt-pc-demo-20250627015623043000000002",
            "role": "bt-pc-demo-20250627015623043500000003"
          },
          "sensitive_attributes": [],
          "private": "bnVsbA==",
          "dependencies": [
            "module.cs_demo.module.infrastructure.aws_iam_policy.this_task",
            "module.cs_demo.module.infrastructure.aws_iam_role.this_task"
          ]
        }
      ]
    },
    {
      "module": "module.cs_demo.module.infrastructure",
      "mode": "managed",
      "type": "aws_iam_role_policy_attachment",
      "name": "this_task_execution",
      "provider": "provider[\"registry.terraform.io/hashicorp/aws\"]",
      "instances": [
        {
          "schema_version": 0,
          "attributes": {
            "id": "bt-pc-demo-20250627015623043900000004-2025062701593344340000001f",
            "policy_arn": "arn:aws:iam::637423342822:policy/bt-pc-demo-2025062701593246780000001d",
            "role": "bt-pc-demo-20250627015623043900000004"
          },
          "sensitive_attributes": [],
          "private": "bnVsbA==",
          "dependencies": [
            "module.cs_demo.module.infrastructure.aws_iam_policy.this_task_execution",
            "module.cs_demo.module.infrastructure.aws_iam_role.this_task_execution",
            "module.cs_demo.module.infrastructure.aws_lb.this",
            "module.cs_demo.module.infrastructure.aws_security_group.nlb",
            "module.cs_demo.module.infrastructure.aws_ssm_parameter.secret_key",
            "module.cs_demo.module.infrastructure.data.aws_availability_zones.available",
            "module.cs_demo.module.infrastructure.module.vpc.aws_subnet.public",
            "module.cs_demo.module.infrastructure.module.vpc.aws_vpc.this",
            "module.cs_demo.module.infrastructure.module.vpc.aws_vpc_ipv4_cidr_block_association.this",
            "module.cs_demo.module.sdm.sdm_node.proxy-cluster",
            "module.cs_demo.module.sdm.sdm_proxy_cluster_key.this"
          ]
        }
      ]
    },
    {
      "module": "module.cs_demo.module.infrastructure",
      "mode": "managed",
      "type": "aws_lb",
      "name": "this",
      "provider": "provider[\"registry.terraform.io/hashicorp/aws\"]",
      "instances": [
        {
          "schema_version": 0,
          "attributes": {
            "access_logs": [
              {
                "bucket": "",
                "enabled": false,
                "prefix": ""
              }
            ],
            "arn": "arn:aws:elasticloadbalancing:us-west-2:637423342822:loadbalancer/net/proxy-2025062701563904580000001a/8fb7a712e3ba5db3",
            "arn_suffix": "net/proxy-2025062701563904580000001a/8fb7a712e3ba5db3",
            "client_keep_alive": null,
            "connection_logs": [],
            "customer_owned_ipv4_pool": "",
            "desync_mitigation_mode": null,
            "dns_name": "proxy-2025062701563904580000001a-8fb7a712e3ba5db3.elb.us-west-2.amazonaws.com",
            "dns_record_client_routing_policy": "any_availability_zone",
            "drop_invalid_header_fields": null,
            "enable_cross_zone_load_balancing": true,
            "enable_deletion_protection": false,
            "enable_http2": null,
            "enable_tls_version_and_cipher_suite_headers": null,
            "enable_waf_fail_open": null,
            "enable_xff_client_port": null,
            "enable_zonal_shift": false,
            "enforce_security_group_inbound_rules_on_private_link_traffic": "",
            "id": "arn:aws:elasticloadbalancing:us-west-2:637423342822:loadbalancer/net/proxy-2025062701563904580000001a/8fb7a712e3ba5db3",
            "idle_timeout": null,
            "internal": false,
            "ip_address_type": "ipv4",
            "ipam_pools": [],
            "load_balancer_type": "network",
            "minimum_load_balancer_capacity": [],
            "name": "proxy-2025062701563904580000001a",
            "name_prefix": "proxy-",
            "preserve_host_header": null,
            "security_groups": [
              "sg-0ee066bf548a4d952"
            ],
            "subnet_mapping": [
              {
                "allocation_id": "",
                "ipv6_address": "",
                "outpost_id": "",
                "private_ipv4_address": "",
                "subnet_id": "subnet-0b3dad3c16600d5c7"
              },
              {
                "allocation_id": "",
                "ipv6_address": "",
                "outpost_id": "",
                "private_ipv4_address": "",
                "subnet_id": "subnet-0e1a5b7f5693ebd90"
              }
            ],
            "subnets": [
              "subnet-0b3dad3c16600d5c7",
              "subnet-0e1a5b7f5693ebd90"
            ],
            "tags": {},
            "tags_all": {},
            "timeouts": null,
            "vpc_id": "vpc-0fca5fcf147ddf005",
            "xff_header_processing_mode": null,
            "zone_id": "Z18D5FSROUN65G"
          },
          "sensitive_attributes": [],
          "private": "eyJlMmJmYjczMC1lY2FhLTExZTYtOGY4OC0zNDM2M2JjN2M0YzAiOnsiY3JlYXRlIjo2MDAwMDAwMDAwMDAsImRlbGV0ZSI6NjAwMDAwMDAwMDAwLCJ1cGRhdGUiOjYwMDAwMDAwMDAwMH19",
          "dependencies": [
            "module.cs_demo.module.infrastructure.aws_security_group.nlb",
            "module.cs_demo.module.infrastructure.data.aws_availability_zones.available",
            "module.cs_demo.module.infrastructure.module.vpc.aws_subnet.public",
            "module.cs_demo.module.infrastructure.module.vpc.aws_vpc.this",
            "module.cs_demo.module.infrastructure.module.vpc.aws_vpc_ipv4_cidr_block_association.this"
          ]
        }
      ]
    },
    {
      "module": "module.cs_demo.module.infrastructure",
      "mode": "managed",
      "type": "aws_lb_listener",
      "name": "this_sdm",
      "provider": "provider[\"registry.terraform.io/hashicorp/aws\"]",
      "instances": [
        {
          "schema_version": 0,
          "attributes": {
            "alpn_policy": null,
            "arn": "arn:aws:elasticloadbalancing:us-west-2:637423342822:listener/net/proxy-2025062701563904580000001a/8fb7a712e3ba5db3/7ce93c5976c6a50a",
            "certificate_arn": null,
            "default_action": [
              {
                "authenticate_cognito": [],
                "authenticate_oidc": [],
                "fixed_response": [],
                "forward": [],
                "order": 1,
                "redirect": [],
                "target_group_arn": "arn:aws:elasticloadbalancing:us-west-2:637423342822:targetgroup/proxy-20250627015635364000000012/ef22a9545f39ce8e",
                "type": "forward"
              }
            ],
            "id": "arn:aws:elasticloadbalancing:us-west-2:637423342822:listener/net/proxy-2025062701563904580000001a/8fb7a712e3ba5db3/7ce93c5976c6a50a",
            "load_balancer_arn": "arn:aws:elasticloadbalancing:us-west-2:637423342822:loadbalancer/net/proxy-2025062701563904580000001a/8fb7a712e3ba5db3",
            "mutual_authentication": [],
            "port": 443,
            "protocol": "TCP",
            "routing_http_request_x_amzn_mtls_clientcert_header_name": null,
            "routing_http_request_x_amzn_mtls_clientcert_issuer_header_name": null,
            "routing_http_request_x_amzn_mtls_clientcert_leaf_header_name": null,
            "routing_http_request_x_amzn_mtls_clientcert_serial_number_header_name": null,
            "routing_http_request_x_amzn_mtls_clientcert_subject_header_name": null,
            "routing_http_request_x_amzn_mtls_clientcert_validity_header_name": null,
            "routing_http_request_x_amzn_tls_cipher_suite_header_name": null,
            "routing_http_request_x_amzn_tls_version_header_name": null,
            "routing_http_response_access_control_allow_credentials_header_value": null,
            "routing_http_response_access_control_allow_headers_header_value": null,
            "routing_http_response_access_control_allow_methods_header_value": null,
            "routing_http_response_access_control_allow_origin_header_value": null,
            "routing_http_response_access_control_expose_headers_header_value": null,
            "routing_http_response_access_control_max_age_header_value": null,
            "routing_http_response_content_security_policy_header_value": null,
            "routing_http_response_server_enabled": null,
            "routing_http_response_strict_transport_security_header_value": null,
            "routing_http_response_x_content_type_options_header_value": null,
            "routing_http_response_x_frame_options_header_value": null,
            "ssl_policy": "",
            "tags": {},
            "tags_all": {},
            "tcp_idle_timeout_seconds": 350,
            "timeouts": null
          },
          "sensitive_attributes": [],
          "private": "eyJlMmJmYjczMC1lY2FhLTExZTYtOGY4OC0zNDM2M2JjN2M0YzAiOnsiY3JlYXRlIjozMDAwMDAwMDAwMDAsInVwZGF0ZSI6MzAwMDAwMDAwMDAwfX0=",
          "dependencies": [
            "module.cs_demo.module.infrastructure.aws_lb.this",
            "module.cs_demo.module.infrastructure.aws_lb_target_group.this",
            "module.cs_demo.module.infrastructure.aws_security_group.nlb",
            "module.cs_demo.module.infrastructure.data.aws_availability_zones.available",
            "module.cs_demo.module.infrastructure.module.vpc.aws_subnet.public",
            "module.cs_demo.module.infrastructure.module.vpc.aws_vpc.this",
            "module.cs_demo.module.infrastructure.module.vpc.aws_vpc_ipv4_cidr_block_association.this"
          ]
        }
      ]
    },
    {
      "module": "module.cs_demo.module.infrastructure",
      "mode": "managed",
      "type": "aws_lb_target_group",
      "name": "this",
      "provider": "provider[\"registry.terraform.io/hashicorp/aws\"]",
      "instances": [
        {
          "schema_version": 0,
          "attributes": {
            "arn": "arn:aws:elasticloadbalancing:us-west-2:637423342822:targetgroup/proxy-20250627015635364000000012/ef22a9545f39ce8e",
            "arn_suffix": "targetgroup/proxy-20250627015635364000000012/ef22a9545f39ce8e",
            "connection_termination": true,
            "deregistration_delay": "0",
            "health_check": [
              {
                "enabled": true,
                "healthy_threshold": 2,
                "interval": 5,
                "matcher": "",
                "path": "",
                "port": "traffic-port",
                "protocol": "TCP",
                "timeout": 5,
                "unhealthy_threshold": 2
              }
            ],
            "id": "arn:aws:elasticloadbalancing:us-west-2:637423342822:targetgroup/proxy-20250627015635364000000012/ef22a9545f39ce8e",
            "ip_address_type": "ipv4",
            "lambda_multi_value_headers_enabled": false,
            "load_balancer_arns": [
              "arn:aws:elasticloadbalancing:us-west-2:637423342822:loadbalancer/net/proxy-2025062701563904580000001a/8fb7a712e3ba5db3"
            ],
            "load_balancing_algorithm_type": null,
            "load_balancing_anomaly_mitigation": null,
            "load_balancing_cross_zone_enabled": "use_load_balancer_configuration",
            "name": "proxy-20250627015635364000000012",
            "name_prefix": "proxy-",
            "port": 8443,
            "preserve_client_ip": "false",
            "protocol": "TCP",
            "protocol_version": null,
            "proxy_protocol_v2": false,
            "slow_start": 0,
            "stickiness": [
              {
                "cookie_duration": 0,
                "cookie_name": "",
                "enabled": false,
                "type": "source_ip"
              }
            ],
            "tags": {},
            "tags_all": {},
            "target_failover": [
              {
                "on_deregistration": null,
                "on_unhealthy": null
              }
            ],
            "target_group_health": [
              {
                "dns_failover": [
                  {
                    "minimum_healthy_targets_count": "1",
                    "minimum_healthy_targets_percentage": "off"
                  }
                ],
                "unhealthy_state_routing": [
                  {
                    "minimum_healthy_targets_count": 1,
                    "minimum_healthy_targets_percentage": "off"
                  }
                ]
              }
            ],
            "target_health_state": [
              {
                "enable_unhealthy_connection_termination": true,
                "unhealthy_draining_interval": 0
              }
            ],
            "target_type": "ip",
            "vpc_id": "vpc-0fca5fcf147ddf005"
          },
          "sensitive_attributes": [],
          "private": "bnVsbA==",
          "dependencies": [
            "module.cs_demo.module.infrastructure.module.vpc.aws_vpc.this"
          ],
          "create_before_destroy": true
        }
      ]
    },
    {
      "module": "module.cs_demo.module.infrastructure",
      "mode": "managed",
      "type": "aws_security_group",
      "name": "bridge",
      "provider": "provider[\"registry.terraform.io/hashicorp/aws\"]",
      "instances": [
        {
          "schema_version": 1,
          "attributes": {
            "arn": "arn:aws:ec2:us-west-2:637423342822:security-group/sg-0429a4bd7b2d4be38",
            "description": "Managed by Terraform",
            "egress": [
              {
                "cidr_blocks": [
                  "0.0.0.0/0"
                ],
                "description": "",
                "from_port": 0,
                "ipv6_cidr_blocks": [],
                "prefix_list_ids": [],
                "protocol": "-1",
                "security_groups": [],
                "self": false,
                "to_port": 0
              }
            ],
            "id": "sg-0429a4bd7b2d4be38",
            "ingress": [
              {
                "cidr_blocks": [],
                "description": "Allow TCP:8443 from NLB",
                "from_port": 8443,
                "ipv6_cidr_blocks": [],
                "prefix_list_ids": [],
                "protocol": "tcp",
                "security_groups": [
                  "sg-0ee066bf548a4d952"
                ],
                "self": false,
                "to_port": 8443
              }
            ],
            "name": "sdm-proxy-20250627015639044900000019",
            "name_prefix": "sdm-proxy-",
            "owner_id": "637423342822",
            "revoke_rules_on_delete": false,
            "tags": {},
            "tags_all": {},
            "timeouts": null,
            "vpc_id": "vpc-0fca5fcf147ddf005"
          },
          "sensitive_attributes": [],
          "private": "eyJlMmJmYjczMC1lY2FhLTExZTYtOGY4OC0zNDM2M2JjN2M0YzAiOnsiY3JlYXRlIjo2MDAwMDAwMDAwMDAsImRlbGV0ZSI6OTAwMDAwMDAwMDAwfSwic2NoZW1hX3ZlcnNpb24iOiIxIn0=",
          "dependencies": [
            "module.cs_demo.module.infrastructure.aws_security_group.nlb",
            "module.cs_demo.module.infrastructure.module.vpc.aws_vpc.this"
          ],
          "create_before_destroy": true
        }
      ]
    },
    {
      "module": "module.cs_demo.module.infrastructure",
      "mode": "managed",
      "type": "aws_security_group",
      "name": "nlb",
      "provider": "provider[\"registry.terraform.io/hashicorp/aws\"]",
      "instances": [
        {
          "schema_version": 1,
          "attributes": {
            "arn": "arn:aws:ec2:us-west-2:637423342822:security-group/sg-0ee066bf548a4d952",
            "description": "Managed by Terraform",
            "egress": [
              {
                "cidr_blocks": [
                  "0.0.0.0/0"
                ],
                "description": "",
                "from_port": 0,
                "ipv6_cidr_blocks": [],
                "prefix_list_ids": [],
                "protocol": "-1",
                "security_groups": [],
                "self": false,
                "to_port": 0
              }
            ],
            "id": "sg-0ee066bf548a4d952",
            "ingress": [
              {
                "cidr_blocks": [
                  "0.0.0.0/0"
                ],
                "description": "Allow TCP:443 ingress",
                "from_port": 443,
                "ipv6_cidr_blocks": [],
                "prefix_list_ids": [],
                "protocol": "tcp",
                "security_groups": [],
                "self": false,
                "to_port": 443
              }
            ],
            "name": "sdm-proxy-20250627015635386000000014",
            "name_prefix": "sdm-proxy-",
            "owner_id": "637423342822",
            "revoke_rules_on_delete": false,
            "tags": {},
            "tags_all": {},
            "timeouts": null,
            "vpc_id": "vpc-0fca5fcf147ddf005"
          },
          "sensitive_attributes": [],
          "private": "eyJlMmJmYjczMC1lY2FhLTExZTYtOGY4OC0zNDM2M2JjN2M0YzAiOnsiY3JlYXRlIjo2MDAwMDAwMDAwMDAsImRlbGV0ZSI6OTAwMDAwMDAwMDAwfSwic2NoZW1hX3ZlcnNpb24iOiIxIn0=",
          "dependencies": [
            "module.cs_demo.module.infrastructure.module.vpc.aws_vpc.this"
          ],
          "create_before_destroy": true
        }
      ]
    },
    {
      "module": "module.cs_demo.module.infrastructure",
      "mode": "managed",
      "type": "aws_security_group",
      "name": "worker",
      "provider": "provider[\"registry.terraform.io/hashicorp/aws\"]",
      "instances": [
        {
          "schema_version": 1,
          "attributes": {
            "arn": "arn:aws:ec2:us-west-2:637423342822:security-group/sg-043473ef8e610f486",
            "description": "Managed by Terraform",
            "egress": [
              {
                "cidr_blocks": [
                  "0.0.0.0/0"
                ],
                "description": "",
                "from_port": 0,
                "ipv6_cidr_blocks": [],
                "prefix_list_ids": [],
                "protocol": "-1",
                "security_groups": [],
                "self": false,
                "to_port": 0
              }
            ],
            "id": "sg-043473ef8e610f486",
            "ingress": [],
            "name": "sdm-proxy-20250627015635368200000013",
            "name_prefix": "sdm-proxy-",
            "owner_id": "637423342822",
            "revoke_rules_on_delete": false,
            "tags": {},
            "tags_all": {},
            "timeouts": null,
            "vpc_id": "vpc-0fca5fcf147ddf005"
          },
          "sensitive_attributes": [],
          "private": "eyJlMmJmYjczMC1lY2FhLTExZTYtOGY4OC0zNDM2M2JjN2M0YzAiOnsiY3JlYXRlIjo2MDAwMDAwMDAwMDAsImRlbGV0ZSI6OTAwMDAwMDAwMDAwfSwic2NoZW1hX3ZlcnNpb24iOiIxIn0=",
          "dependencies": [
            "module.cs_demo.module.infrastructure.module.vpc.aws_vpc.this"
          ],
          "create_before_destroy": true
        }
      ]
    },
    {
      "module": "module.cs_demo.module.infrastructure",
      "mode": "managed",
      "type": "aws_ssm_parameter",
      "name": "secret_key",
      "provider": "provider[\"registry.terraform.io/hashicorp/aws\"]",
      "instances": [
        {
          "schema_version": 0,
          "attributes": {
            "allowed_pattern": "",
            "arn": "arn:aws:ssm:us-west-2:637423342822:parameter/strongdm/proxy-cluster/bt-pc-demo-proxy/secret-key",
            "data_type": "text",
            "description": "",
            "has_value_wo": null,
            "id": "/strongdm/proxy-cluster/bt-pc-demo-proxy/secret-key",
            "insecure_value": null,
            "key_id": "alias/aws/ssm",
            "name": "/strongdm/proxy-cluster/bt-pc-demo-proxy/secret-key",
            "overwrite": null,
            "tags": {},
            "tags_all": {},
            "tier": "Standard",
            "type": "SecureString",
            "value": "kgjWOnRx6CYyuHq43/MnZKj2e8NmkyDM58y88plKU4hSIWr4URDzTA==",
            "value_wo": null,
            "value_wo_version": null,
            "version": 1
          },
          "sensitive_attributes": [
            [
              {
                "type": "get_attr",
                "value": "value"
              }
            ]
          ],
          "private": "bnVsbA==",
          "dependencies": [
            "module.cs_demo.module.infrastructure.aws_lb.this",
            "module.cs_demo.module.infrastructure.aws_security_group.nlb",
            "module.cs_demo.module.infrastructure.data.aws_availability_zones.available",
            "module.cs_demo.module.infrastructure.module.vpc.aws_subnet.public",
            "module.cs_demo.module.infrastructure.module.vpc.aws_vpc.this",
            "module.cs_demo.module.infrastructure.module.vpc.aws_vpc_ipv4_cidr_block_association.this",
            "module.cs_demo.module.sdm.sdm_node.proxy-cluster",
            "module.cs_demo.module.sdm.sdm_proxy_cluster_key.this"
          ]
        }
      ]
    },
    {
      "module": "module.cs_demo.module.infrastructure.module.vpc",
      "mode": "managed",
      "type": "aws_default_network_acl",
      "name": "this",
      "provider": "provider[\"registry.terraform.io/hashicorp/aws\"]",
      "instances": [
        {
          "index_key": 0,
          "schema_version": 0,
          "attributes": {
            "arn": "arn:aws:ec2:us-west-2:637423342822:network-acl/acl-0f237c05d1d4a4952",
            "default_network_acl_id": "acl-0f237c05d1d4a4952",
            "egress": [
              {
                "action": "allow",
                "cidr_block": "",
                "from_port": 0,
                "icmp_code": 0,
                "icmp_type": 0,
                "ipv6_cidr_block": "::/0",
                "protocol": "-1",
                "rule_no": 101,
                "to_port": 0
              },
              {
                "action": "allow",
                "cidr_block": "0.0.0.0/0",
                "from_port": 0,
                "icmp_code": 0,
                "icmp_type": 0,
                "ipv6_cidr_block": "",
                "protocol": "-1",
                "rule_no": 100,
                "to_port": 0
              }
            ],
            "id": "acl-0f237c05d1d4a4952",
            "ingress": [
              {
                "action": "allow",
                "cidr_block": "",
                "from_port": 0,
                "icmp_code": 0,
                "icmp_type": 0,
                "ipv6_cidr_block": "::/0",
                "protocol": "-1",
                "rule_no": 101,
                "to_port": 0
              },
              {
                "action": "allow",
                "cidr_block": "0.0.0.0/0",
                "from_port": 0,
                "icmp_code": 0,
                "icmp_type": 0,
                "ipv6_cidr_block": "",
                "protocol": "-1",
                "rule_no": 100,
                "to_port": 0
              }
            ],
            "owner_id": "637423342822",
            "subnet_ids": [
              "subnet-01d905077b27183ba",
              "subnet-094cc43384d6f0879",
              "subnet-0b3dad3c16600d5c7",
              "subnet-0e1a5b7f5693ebd90"
            ],
            "tags": {
              "Name": "bt-pc-demo-vpc"
            },
            "tags_all": {
              "Name": "bt-pc-demo-vpc"
            },
            "vpc_id": "vpc-0fca5fcf147ddf005"
          },
          "sensitive_attributes": [],
          "private": "bnVsbA==",
          "dependencies": [
            "module.cs_demo.module.infrastructure.module.vpc.aws_vpc.this"
          ]
        }
      ]
    },
    {
      "module": "module.cs_demo.module.infrastructure.module.vpc",
      "mode": "managed",
      "type": "aws_default_route_table",
      "name": "default",
      "provider": "provider[\"registry.terraform.io/hashicorp/aws\"]",
      "instances": [
        {
          "index_key": 0,
          "schema_version": 0,
          "attributes": {
            "arn": "arn:aws:ec2:us-west-2:637423342822:route-table/rtb-0939643744b7cb2bd",
            "default_route_table_id": "rtb-0939643744b7cb2bd",
            "id": "rtb-0939643744b7cb2bd",
            "owner_id": "637423342822",
            "propagating_vgws": [],
            "route": [],
            "tags": {
              "Name": "bt-pc-demo-vpc"
            },
            "tags_all": {
              "Name": "bt-pc-demo-vpc"
            },
            "timeouts": {
              "create": "5m",
              "update": "5m"
            },
            "vpc_id": "vpc-0fca5fcf147ddf005"
          },
          "sensitive_attributes": [],
          "private": "eyJlMmJmYjczMC1lY2FhLTExZTYtOGY4OC0zNDM2M2JjN2M0YzAiOnsiY3JlYXRlIjozMDAwMDAwMDAwMDAsInVwZGF0ZSI6MzAwMDAwMDAwMDAwfX0=",
          "dependencies": [
            "module.cs_demo.module.infrastructure.module.vpc.aws_vpc.this"
          ]
        }
      ]
    },
    {
      "module": "module.cs_demo.module.infrastructure.module.vpc",
      "mode": "managed",
      "type": "aws_default_security_group",
      "name": "this",
      "provider": "provider[\"registry.terraform.io/hashicorp/aws\"]",
      "instances": [
        {
          "index_key": 0,
          "schema_version": 1,
          "attributes": {
            "arn": "arn:aws:ec2:us-west-2:637423342822:security-group/sg-0f66746c9cc05f11a",
            "description": "default VPC security group",
            "egress": [],
            "id": "sg-0f66746c9cc05f11a",
            "ingress": [],
            "name": "default",
            "name_prefix": "",
            "owner_id": "637423342822",
            "revoke_rules_on_delete": false,
            "tags": {
              "Name": "bt-pc-demo-vpc"
            },
            "tags_all": {
              "Name": "bt-pc-demo-vpc"
            },
            "vpc_id": "vpc-0fca5fcf147ddf005"
          },
          "sensitive_attributes": [],
          "private": "eyJzY2hlbWFfdmVyc2lvbiI6IjEifQ==",
          "dependencies": [
            "module.cs_demo.module.infrastructure.module.vpc.aws_vpc.this"
          ]
        }
      ]
    },
    {
      "module": "module.cs_demo.module.infrastructure.module.vpc",
      "mode": "managed",
      "type": "aws_eip",
      "name": "nat",
      "provider": "provider[\"registry.terraform.io/hashicorp/aws\"]",
      "instances": [
        {
          "index_key": 0,
          "schema_version": 0,
          "attributes": {
            "address": null,
            "allocation_id": "eipalloc-0bbbb4076f789d85c",
            "arn": "arn:aws:ec2:us-west-2:637423342822:elastic-ip/eipalloc-0bbbb4076f789d85c",
            "associate_with_private_ip": null,
            "association_id": "eipassoc-09ef49834a434de93",
            "carrier_ip": "",
            "customer_owned_ip": "",
            "customer_owned_ipv4_pool": "",
            "domain": "vpc",
            "id": "eipalloc-0bbbb4076f789d85c",
            "instance": "",
            "ipam_pool_id": null,
            "network_border_group": "us-west-2",
            "network_interface": "eni-0e1adcd1917f0c6b6",
            "private_dns": "ip-10-0-102-38.us-west-2.compute.internal",
            "private_ip": "10.0.102.38",
            "ptr_record": "",
            "public_dns": "ec2-54-184-197-93.us-west-2.compute.amazonaws.com",
            "public_ip": "54.184.197.93",
            "public_ipv4_pool": "amazon",
            "tags": {
              "Name": "bt-pc-demo-vpc"
            },
            "tags_all": {
              "Name": "bt-pc-demo-vpc"
            },
            "timeouts": null,
            "vpc": true
          },
          "sensitive_attributes": [],
          "private": "eyJlMmJmYjczMC1lY2FhLTExZTYtOGY4OC0zNDM2M2JjN2M0YzAiOnsiZGVsZXRlIjoxODAwMDAwMDAwMDAsInJlYWQiOjkwMDAwMDAwMDAwMCwidXBkYXRlIjozMDAwMDAwMDAwMDB9fQ==",
          "dependencies": [
            "module.cs_demo.module.infrastructure.data.aws_availability_zones.available",
            "module.cs_demo.module.infrastructure.module.vpc.aws_internet_gateway.this",
            "module.cs_demo.module.infrastructure.module.vpc.aws_vpc.this",
            "module.cs_demo.module.infrastructure.module.vpc.aws_vpc_ipv4_cidr_block_association.this"
          ]
        },
        {
          "index_key": 1,
          "schema_version": 0,
          "attributes": {
            "address": null,
            "allocation_id": "eipalloc-096d76e6980600d7c",
            "arn": "arn:aws:ec2:us-west-2:637423342822:elastic-ip/eipalloc-096d76e6980600d7c",
            "associate_with_private_ip": null,
            "association_id": "eipassoc-04550edd3e35f0891",
            "carrier_ip": "",
            "customer_owned_ip": "",
            "customer_owned_ipv4_pool": "",
            "domain": "vpc",
            "id": "eipalloc-096d76e6980600d7c",
            "instance": "",
            "ipam_pool_id": null,
            "network_border_group": "us-west-2",
            "network_interface": "eni-0577b0292e8e26486",
            "private_dns": "ip-10-0-103-37.us-west-2.compute.internal",
            "private_ip": "10.0.103.37",
            "ptr_record": "",
            "public_dns": "ec2-52-40-132-121.us-west-2.compute.amazonaws.com",
            "public_ip": "52.40.132.121",
            "public_ipv4_pool": "amazon",
            "tags": {
              "Name": "bt-pc-demo-vpc"
            },
            "tags_all": {
              "Name": "bt-pc-demo-vpc"
            },
            "timeouts": null,
            "vpc": true
          },
          "sensitive_attributes": [],
          "private": "eyJlMmJmYjczMC1lY2FhLTExZTYtOGY4OC0zNDM2M2JjN2M0YzAiOnsiZGVsZXRlIjoxODAwMDAwMDAwMDAsInJlYWQiOjkwMDAwMDAwMDAwMCwidXBkYXRlIjozMDAwMDAwMDAwMDB9fQ==",
          "dependencies": [
            "module.cs_demo.module.infrastructure.data.aws_availability_zones.available",
            "module.cs_demo.module.infrastructure.module.vpc.aws_internet_gateway.this",
            "module.cs_demo.module.infrastructure.module.vpc.aws_vpc.this",
            "module.cs_demo.module.infrastructure.module.vpc.aws_vpc_ipv4_cidr_block_association.this"
          ]
        }
      ]
    },
    {
      "module": "module.cs_demo.module.infrastructure.module.vpc",
      "mode": "managed",
      "type": "aws_internet_gateway",
      "name": "this",
      "provider": "provider[\"registry.terraform.io/hashicorp/aws\"]",
      "instances": [
        {
          "index_key": 0,
          "schema_version": 0,
          "attributes": {
            "arn": "arn:aws:ec2:us-west-2:637423342822:internet-gateway/igw-0a3ecb8dcf457c911",
            "id": "igw-0a3ecb8dcf457c911",
            "owner_id": "637423342822",
            "tags": {
              "Name": "bt-pc-demo-vpc"
            },
            "tags_all": {
              "Name": "bt-pc-demo-vpc"
            },
            "timeouts": null,
            "vpc_id": "vpc-0fca5fcf147ddf005"
          },
          "sensitive_attributes": [],
          "private": "eyJlMmJmYjczMC1lY2FhLTExZTYtOGY4OC0zNDM2M2JjN2M0YzAiOnsiY3JlYXRlIjoxMjAwMDAwMDAwMDAwLCJkZWxldGUiOjEyMDAwMDAwMDAwMDAsInVwZGF0ZSI6MTIwMDAwMDAwMDAwMH19",
          "dependencies": [
            "module.cs_demo.module.infrastructure.module.vpc.aws_vpc.this",
            "module.cs_demo.module.infrastructure.module.vpc.aws_vpc_ipv4_cidr_block_association.this"
          ]
        }
      ]
    },
    {
      "module": "module.cs_demo.module.infrastructure.module.vpc",
      "mode": "managed",
      "type": "aws_nat_gateway",
      "name": "this",
      "provider": "provider[\"registry.terraform.io/hashicorp/aws\"]",
      "instances": [
        {
          "index_key": 0,
          "schema_version": 0,
          "attributes": {
            "allocation_id": "eipalloc-0bbbb4076f789d85c",
            "association_id": "eipassoc-09ef49834a434de93",
            "connectivity_type": "public",
            "id": "nat-08ff7f06a0c4eb793",
            "network_interface_id": "eni-0e1adcd1917f0c6b6",
            "private_ip": "10.0.102.38",
            "public_ip": "54.184.197.93",
            "secondary_allocation_ids": [],
            "secondary_private_ip_address_count": 0,
            "secondary_private_ip_addresses": [],
            "subnet_id": "subnet-0e1a5b7f5693ebd90",
            "tags": {
              "Name": "bt-pc-demo-vpc"
            },
            "tags_all": {
              "Name": "bt-pc-demo-vpc"
            },
            "timeouts": null
          },
          "sensitive_attributes": [],
          "private": "eyJlMmJmYjczMC1lY2FhLTExZTYtOGY4OC0zNDM2M2JjN2M0YzAiOnsiY3JlYXRlIjo2MDAwMDAwMDAwMDAsImRlbGV0ZSI6MTgwMDAwMDAwMDAwMCwidXBkYXRlIjo2MDAwMDAwMDAwMDB9fQ==",
          "dependencies": [
            "module.cs_demo.module.infrastructure.data.aws_availability_zones.available",
            "module.cs_demo.module.infrastructure.module.vpc.aws_eip.nat",
            "module.cs_demo.module.infrastructure.module.vpc.aws_internet_gateway.this",
            "module.cs_demo.module.infrastructure.module.vpc.aws_subnet.public",
            "module.cs_demo.module.infrastructure.module.vpc.aws_vpc.this",
            "module.cs_demo.module.infrastructure.module.vpc.aws_vpc_ipv4_cidr_block_association.this"
          ]
        },
        {
          "index_key": 1,
          "schema_version": 0,
          "attributes": {
            "allocation_id": "eipalloc-096d76e6980600d7c",
            "association_id": "eipassoc-04550edd3e35f0891",
            "connectivity_type": "public",
            "id": "nat-0aff0cb5a5dbad51b",
            "network_interface_id": "eni-0577b0292e8e26486",
            "private_ip": "10.0.103.37",
            "public_ip": "52.40.132.121",
            "secondary_allocation_ids": [],
            "secondary_private_ip_address_count": 0,
            "secondary_private_ip_addresses": [],
            "subnet_id": "subnet-0b3dad3c16600d5c7",
            "tags": {
              "Name": "bt-pc-demo-vpc"
            },
            "tags_all": {
              "Name": "bt-pc-demo-vpc"
            },
            "timeouts": null
          },
          "sensitive_attributes": [],
          "private": "eyJlMmJmYjczMC1lY2FhLTExZTYtOGY4OC0zNDM2M2JjN2M0YzAiOnsiY3JlYXRlIjo2MDAwMDAwMDAwMDAsImRlbGV0ZSI6MTgwMDAwMDAwMDAwMCwidXBkYXRlIjo2MDAwMDAwMDAwMDB9fQ==",
          "dependencies": [
            "module.cs_demo.module.infrastructure.data.aws_availability_zones.available",
            "module.cs_demo.module.infrastructure.module.vpc.aws_eip.nat",
            "module.cs_demo.module.infrastructure.module.vpc.aws_internet_gateway.this",
            "module.cs_demo.module.infrastructure.module.vpc.aws_subnet.public",
            "module.cs_demo.module.infrastructure.module.vpc.aws_vpc.this",
            "module.cs_demo.module.infrastructure.module.vpc.aws_vpc_ipv4_cidr_block_association.this"
          ]
        }
      ]
    },
    {
      "module": "module.cs_demo.module.infrastructure.module.vpc",
      "mode": "managed",
      "type": "aws_route",
      "name": "private_nat_gateway",
      "provider": "provider[\"registry.terraform.io/hashicorp/aws\"]",
      "instances": [
        {
          "index_key": 0,
          "schema_version": 0,
          "attributes": {
            "carrier_gateway_id": "",
            "core_network_arn": "",
            "destination_cidr_block": "0.0.0.0/0",
            "destination_ipv6_cidr_block": "",
            "destination_prefix_list_id": "",
            "egress_only_gateway_id": "",
            "gateway_id": "",
            "id": "r-rtb-0291cc62e85497aa81080289494",
            "instance_id": "",
            "instance_owner_id": "",
            "local_gateway_id": "",
            "nat_gateway_id": "nat-08ff7f06a0c4eb793",
            "network_interface_id": "",
            "origin": "CreateRoute",
            "route_table_id": "rtb-0291cc62e85497aa8",
            "state": "active",
            "timeouts": {
              "create": "5m",
              "delete": null,
              "update": null
            },
            "transit_gateway_id": "",
            "vpc_endpoint_id": "",
            "vpc_peering_connection_id": ""
          },
          "sensitive_attributes": [],
          "private": "eyJlMmJmYjczMC1lY2FhLTExZTYtOGY4OC0zNDM2M2JjN2M0YzAiOnsiY3JlYXRlIjozMDAwMDAwMDAwMDAsImRlbGV0ZSI6MzAwMDAwMDAwMDAwLCJ1cGRhdGUiOjEyMDAwMDAwMDAwMH19",
          "dependencies": [
            "module.cs_demo.module.infrastructure.data.aws_availability_zones.available",
            "module.cs_demo.module.infrastructure.module.vpc.aws_eip.nat",
            "module.cs_demo.module.infrastructure.module.vpc.aws_internet_gateway.this",
            "module.cs_demo.module.infrastructure.module.vpc.aws_nat_gateway.this",
            "module.cs_demo.module.infrastructure.module.vpc.aws_route_table.private",
            "module.cs_demo.module.infrastructure.module.vpc.aws_subnet.public",
            "module.cs_demo.module.infrastructure.module.vpc.aws_vpc.this",
            "module.cs_demo.module.infrastructure.module.vpc.aws_vpc_ipv4_cidr_block_association.this"
          ]
        },
        {
          "index_key": 1,
          "schema_version": 0,
          "attributes": {
            "carrier_gateway_id": "",
            "core_network_arn": "",
            "destination_cidr_block": "0.0.0.0/0",
            "destination_ipv6_cidr_block": "",
            "destination_prefix_list_id": "",
            "egress_only_gateway_id": "",
            "gateway_id": "",
            "id": "r-rtb-0d2ae9c4f570ee26f1080289494",
            "instance_id": "",
            "instance_owner_id": "",
            "local_gateway_id": "",
            "nat_gateway_id": "nat-0aff0cb5a5dbad51b",
            "network_interface_id": "",
            "origin": "CreateRoute",
            "route_table_id": "rtb-0d2ae9c4f570ee26f",
            "state": "active",
            "timeouts": {
              "create": "5m",
              "delete": null,
              "update": null
            },
            "transit_gateway_id": "",
            "vpc_endpoint_id": "",
            "vpc_peering_connection_id": ""
          },
          "sensitive_attributes": [],
          "private": "eyJlMmJmYjczMC1lY2FhLTExZTYtOGY4OC0zNDM2M2JjN2M0YzAiOnsiY3JlYXRlIjozMDAwMDAwMDAwMDAsImRlbGV0ZSI6MzAwMDAwMDAwMDAwLCJ1cGRhdGUiOjEyMDAwMDAwMDAwMH19",
          "dependencies": [
            "module.cs_demo.module.infrastructure.data.aws_availability_zones.available",
            "module.cs_demo.module.infrastructure.module.vpc.aws_eip.nat",
            "module.cs_demo.module.infrastructure.module.vpc.aws_internet_gateway.this",
            "module.cs_demo.module.infrastructure.module.vpc.aws_nat_gateway.this",
            "module.cs_demo.module.infrastructure.module.vpc.aws_route_table.private",
            "module.cs_demo.module.infrastructure.module.vpc.aws_subnet.public",
            "module.cs_demo.module.infrastructure.module.vpc.aws_vpc.this",
            "module.cs_demo.module.infrastructure.module.vpc.aws_vpc_ipv4_cidr_block_association.this"
          ]
        }
      ]
    },
    {
      "module": "module.cs_demo.module.infrastructure.module.vpc",
      "mode": "managed",
      "type": "aws_route",
      "name": "public_internet_gateway",
      "provider": "provider[\"registry.terraform.io/hashicorp/aws\"]",
      "instances": [
        {
          "index_key": 0,
          "schema_version": 0,
          "attributes": {
            "carrier_gateway_id": "",
            "core_network_arn": "",
            "destination_cidr_block": "0.0.0.0/0",
            "destination_ipv6_cidr_block": "",
            "destination_prefix_list_id": "",
            "egress_only_gateway_id": "",
            "gateway_id": "igw-0a3ecb8dcf457c911",
            "id": "r-rtb-076e2fe674ec2c3761080289494",
            "instance_id": "",
            "instance_owner_id": "",
            "local_gateway_id": "",
            "nat_gateway_id": "",
            "network_interface_id": "",
            "origin": "CreateRoute",
            "route_table_id": "rtb-076e2fe674ec2c376",
            "state": "active",
            "timeouts": {
              "create": "5m",
              "delete": null,
              "update": null
            },
            "transit_gateway_id": "",
            "vpc_endpoint_id": "",
            "vpc_peering_connection_id": ""
          },
          "sensitive_attributes": [],
          "private": "eyJlMmJmYjczMC1lY2FhLTExZTYtOGY4OC0zNDM2M2JjN2M0YzAiOnsiY3JlYXRlIjozMDAwMDAwMDAwMDAsImRlbGV0ZSI6MzAwMDAwMDAwMDAwLCJ1cGRhdGUiOjEyMDAwMDAwMDAwMH19",
          "dependencies": [
            "module.cs_demo.module.infrastructure.data.aws_availability_zones.available",
            "module.cs_demo.module.infrastructure.module.vpc.aws_internet_gateway.this",
            "module.cs_demo.module.infrastructure.module.vpc.aws_route_table.public",
            "module.cs_demo.module.infrastructure.module.vpc.aws_vpc.this",
            "module.cs_demo.module.infrastructure.module.vpc.aws_vpc_ipv4_cidr_block_association.this"
          ]
        }
      ]
    },
    {
      "module": "module.cs_demo.module.infrastructure.module.vpc",
      "mode": "managed",
      "type": "aws_route_table",
      "name": "private",
      "provider": "provider[\"registry.terraform.io/hashicorp/aws\"]",
      "instances": [
        {
          "index_key": 0,
          "schema_version": 0,
          "attributes": {
            "arn": "arn:aws:ec2:us-west-2:637423342822:route-table/rtb-0291cc62e85497aa8",
            "id": "rtb-0291cc62e85497aa8",
            "owner_id": "637423342822",
            "propagating_vgws": [],
            "route": [
              {
                "carrier_gateway_id": "",
                "cidr_block": "0.0.0.0/0",
                "core_network_arn": "",
                "destination_prefix_list_id": "",
                "egress_only_gateway_id": "",
                "gateway_id": "",
                "ipv6_cidr_block": "",
                "local_gateway_id": "",
                "nat_gateway_id": "nat-08ff7f06a0c4eb793",
                "network_interface_id": "",
                "transit_gateway_id": "",
                "vpc_endpoint_id": "",
                "vpc_peering_connection_id": ""
              }
            ],
            "tags": {
              "Name": "bt-pc-demo-vpc"
            },
            "tags_all": {
              "Name": "bt-pc-demo-vpc"
            },
            "timeouts": null,
            "vpc_id": "vpc-0fca5fcf147ddf005"
          },
          "sensitive_attributes": [],
          "private": "eyJlMmJmYjczMC1lY2FhLTExZTYtOGY4OC0zNDM2M2JjN2M0YzAiOnsiY3JlYXRlIjozMDAwMDAwMDAwMDAsImRlbGV0ZSI6MzAwMDAwMDAwMDAwLCJ1cGRhdGUiOjEyMDAwMDAwMDAwMH19",
          "dependencies": [
            "module.cs_demo.module.infrastructure.data.aws_availability_zones.available",
            "module.cs_demo.module.infrastructure.module.vpc.aws_vpc.this",
            "module.cs_demo.module.infrastructure.module.vpc.aws_vpc_ipv4_cidr_block_association.this"
          ]
        },
        {
          "index_key": 1,
          "schema_version": 0,
          "attributes": {
            "arn": "arn:aws:ec2:us-west-2:637423342822:route-table/rtb-0d2ae9c4f570ee26f",
            "id": "rtb-0d2ae9c4f570ee26f",
            "owner_id": "637423342822",
            "propagating_vgws": [],
            "route": [
              {
                "carrier_gateway_id": "",
                "cidr_block": "0.0.0.0/0",
                "core_network_arn": "",
                "destination_prefix_list_id": "",
                "egress_only_gateway_id": "",
                "gateway_id": "",
                "ipv6_cidr_block": "",
                "local_gateway_id": "",
                "nat_gateway_id": "nat-0aff0cb5a5dbad51b",
                "network_interface_id": "",
                "transit_gateway_id": "",
                "vpc_endpoint_id": "",
                "vpc_peering_connection_id": ""
              }
            ],
            "tags": {
              "Name": "bt-pc-demo-vpc"
            },
            "tags_all": {
              "Name": "bt-pc-demo-vpc"
            },
            "timeouts": null,
            "vpc_id": "vpc-0fca5fcf147ddf005"
          },
          "sensitive_attributes": [],
          "private": "eyJlMmJmYjczMC1lY2FhLTExZTYtOGY4OC0zNDM2M2JjN2M0YzAiOnsiY3JlYXRlIjozMDAwMDAwMDAwMDAsImRlbGV0ZSI6MzAwMDAwMDAwMDAwLCJ1cGRhdGUiOjEyMDAwMDAwMDAwMH19",
          "dependencies": [
            "module.cs_demo.module.infrastructure.data.aws_availability_zones.available",
            "module.cs_demo.module.infrastructure.module.vpc.aws_vpc.this",
            "module.cs_demo.module.infrastructure.module.vpc.aws_vpc_ipv4_cidr_block_association.this"
          ]
        }
      ]
    },
    {
      "module": "module.cs_demo.module.infrastructure.module.vpc",
      "mode": "managed",
      "type": "aws_route_table",
      "name": "public",
      "provider": "provider[\"registry.terraform.io/hashicorp/aws\"]",
      "instances": [
        {
          "index_key": 0,
          "schema_version": 0,
          "attributes": {
            "arn": "arn:aws:ec2:us-west-2:637423342822:route-table/rtb-076e2fe674ec2c376",
            "id": "rtb-076e2fe674ec2c376",
            "owner_id": "637423342822",
            "propagating_vgws": [],
            "route": [
              {
                "carrier_gateway_id": "",
                "cidr_block": "0.0.0.0/0",
                "core_network_arn": "",
                "destination_prefix_list_id": "",
                "egress_only_gateway_id": "",
                "gateway_id": "igw-0a3ecb8dcf457c911",
                "ipv6_cidr_block": "",
                "local_gateway_id": "",
                "nat_gateway_id": "",
                "network_interface_id": "",
                "transit_gateway_id": "",
                "vpc_endpoint_id": "",
                "vpc_peering_connection_id": ""
              }
            ],
            "tags": {
              "Name": "bt-pc-demo-vpc"
            },
            "tags_all": {
              "Name": "bt-pc-demo-vpc"
            },
            "timeouts": null,
            "vpc_id": "vpc-0fca5fcf147ddf005"
          },
          "sensitive_attributes": [],
          "private": "eyJlMmJmYjczMC1lY2FhLTExZTYtOGY4OC0zNDM2M2JjN2M0YzAiOnsiY3JlYXRlIjozMDAwMDAwMDAwMDAsImRlbGV0ZSI6MzAwMDAwMDAwMDAwLCJ1cGRhdGUiOjEyMDAwMDAwMDAwMH19",
          "dependencies": [
            "module.cs_demo.module.infrastructure.data.aws_availability_zones.available",
            "module.cs_demo.module.infrastructure.module.vpc.aws_vpc.this",
            "module.cs_demo.module.infrastructure.module.vpc.aws_vpc_ipv4_cidr_block_association.this"
          ]
        }
      ]
    },
    {
      "module": "module.cs_demo.module.infrastructure.module.vpc",
      "mode": "managed",
      "type": "aws_route_table_association",
      "name": "private",
      "provider": "provider[\"registry.terraform.io/hashicorp/aws\"]",
      "instances": [
        {
          "index_key": 0,
          "schema_version": 0,
          "attributes": {
            "gateway_id": "",
            "id": "rtbassoc-0e995bfdc39fa533e",
            "route_table_id": "rtb-0291cc62e85497aa8",
            "subnet_id": "subnet-094cc43384d6f0879",
            "timeouts": null
          },
          "sensitive_attributes": [],
          "private": "eyJlMmJmYjczMC1lY2FhLTExZTYtOGY4OC0zNDM2M2JjN2M0YzAiOnsiY3JlYXRlIjozMDAwMDAwMDAwMDAsImRlbGV0ZSI6MzAwMDAwMDAwMDAwLCJ1cGRhdGUiOjEyMDAwMDAwMDAwMH19",
          "dependencies": [
            "module.cs_demo.module.infrastructure.data.aws_availability_zones.available",
            "module.cs_demo.module.infrastructure.module.vpc.aws_route_table.private",
            "module.cs_demo.module.infrastructure.module.vpc.aws_subnet.private",
            "module.cs_demo.module.infrastructure.module.vpc.aws_vpc.this",
            "module.cs_demo.module.infrastructure.module.vpc.aws_vpc_ipv4_cidr_block_association.this"
          ]
        },
        {
          "index_key": 1,
          "schema_version": 0,
          "attributes": {
            "gateway_id": "",
            "id": "rtbassoc-0f2e5481a8f2a2bb5",
            "route_table_id": "rtb-0d2ae9c4f570ee26f",
            "subnet_id": "subnet-01d905077b27183ba",
            "timeouts": null
          },
          "sensitive_attributes": [],
          "private": "eyJlMmJmYjczMC1lY2FhLTExZTYtOGY4OC0zNDM2M2JjN2M0YzAiOnsiY3JlYXRlIjozMDAwMDAwMDAwMDAsImRlbGV0ZSI6MzAwMDAwMDAwMDAwLCJ1cGRhdGUiOjEyMDAwMDAwMDAwMH19",
          "dependencies": [
            "module.cs_demo.module.infrastructure.data.aws_availability_zones.available",
            "module.cs_demo.module.infrastructure.module.vpc.aws_route_table.private",
            "module.cs_demo.module.infrastructure.module.vpc.aws_subnet.private",
            "module.cs_demo.module.infrastructure.module.vpc.aws_vpc.this",
            "module.cs_demo.module.infrastructure.module.vpc.aws_vpc_ipv4_cidr_block_association.this"
          ]
        }
      ]
    },
    {
      "module": "module.cs_demo.module.infrastructure.module.vpc",
      "mode": "managed",
      "type": "aws_route_table_association",
      "name": "public",
      "provider": "provider[\"registry.terraform.io/hashicorp/aws\"]",
      "instances": [
        {
          "index_key": 0,
          "schema_version": 0,
          "attributes": {
            "gateway_id": "",
            "id": "rtbassoc-05bd15e28e6b84d74",
            "route_table_id": "rtb-076e2fe674ec2c376",
            "subnet_id": "subnet-0e1a5b7f5693ebd90",
            "timeouts": null
          },
          "sensitive_attributes": [],
          "private": "eyJlMmJmYjczMC1lY2FhLTExZTYtOGY4OC0zNDM2M2JjN2M0YzAiOnsiY3JlYXRlIjozMDAwMDAwMDAwMDAsImRlbGV0ZSI6MzAwMDAwMDAwMDAwLCJ1cGRhdGUiOjEyMDAwMDAwMDAwMH19",
          "dependencies": [
            "module.cs_demo.module.infrastructure.data.aws_availability_zones.available",
            "module.cs_demo.module.infrastructure.module.vpc.aws_route_table.public",
            "module.cs_demo.module.infrastructure.module.vpc.aws_subnet.public",
            "module.cs_demo.module.infrastructure.module.vpc.aws_vpc.this",
            "module.cs_demo.module.infrastructure.module.vpc.aws_vpc_ipv4_cidr_block_association.this"
          ]
        },
        {
          "index_key": 1,
          "schema_version": 0,
          "attributes": {
            "gateway_id": "",
            "id": "rtbassoc-049e96585e8308c3d",
            "route_table_id": "rtb-076e2fe674ec2c376",
            "subnet_id": "subnet-0b3dad3c16600d5c7",
            "timeouts": null
          },
          "sensitive_attributes": [],
          "private": "eyJlMmJmYjczMC1lY2FhLTExZTYtOGY4OC0zNDM2M2JjN2M0YzAiOnsiY3JlYXRlIjozMDAwMDAwMDAwMDAsImRlbGV0ZSI6MzAwMDAwMDAwMDAwLCJ1cGRhdGUiOjEyMDAwMDAwMDAwMH19",
          "dependencies": [
            "module.cs_demo.module.infrastructure.data.aws_availability_zones.available",
            "module.cs_demo.module.infrastructure.module.vpc.aws_route_table.public",
            "module.cs_demo.module.infrastructure.module.vpc.aws_subnet.public",
            "module.cs_demo.module.infrastructure.module.vpc.aws_vpc.this",
            "module.cs_demo.module.infrastructure.module.vpc.aws_vpc_ipv4_cidr_block_association.this"
          ]
        }
      ]
    },
    {
      "module": "module.cs_demo.module.infrastructure.module.vpc",
      "mode": "managed",
      "type": "aws_subnet",
      "name": "private",
      "provider": "provider[\"registry.terraform.io/hashicorp/aws\"]",
      "instances": [
        {
          "index_key": 0,
          "schema_version": 1,
          "attributes": {
            "arn": "arn:aws:ec2:us-west-2:637423342822:subnet/subnet-094cc43384d6f0879",
            "assign_ipv6_address_on_creation": false,
            "availability_zone": "us-west-2a",
            "availability_zone_id": "usw2-az1",
            "cidr_block": "10.0.100.0/24",
            "customer_owned_ipv4_pool": "",
            "enable_dns64": false,
            "enable_lni_at_device_index": 0,
            "enable_resource_name_dns_a_record_on_launch": false,
            "enable_resource_name_dns_aaaa_record_on_launch": false,
            "id": "subnet-094cc43384d6f0879",
            "ipv6_cidr_block": "",
            "ipv6_cidr_block_association_id": "",
            "ipv6_native": false,
            "map_customer_owned_ip_on_launch": false,
            "map_public_ip_on_launch": false,
            "outpost_arn": "",
            "owner_id": "637423342822",
            "private_dns_hostname_type_on_launch": "ip-name",
            "tags": {
              "Name": "bt-pc-demo-vpc"
            },
            "tags_all": {
              "Name": "bt-pc-demo-vpc"
            },
            "timeouts": null,
            "vpc_id": "vpc-0fca5fcf147ddf005"
          },
          "sensitive_attributes": [],
          "private": "eyJlMmJmYjczMC1lY2FhLTExZTYtOGY4OC0zNDM2M2JjN2M0YzAiOnsiY3JlYXRlIjo2MDAwMDAwMDAwMDAsImRlbGV0ZSI6MTIwMDAwMDAwMDAwMH0sInNjaGVtYV92ZXJzaW9uIjoiMSJ9",
          "dependencies": [
            "module.cs_demo.module.infrastructure.data.aws_availability_zones.available",
            "module.cs_demo.module.infrastructure.module.vpc.aws_vpc.this",
            "module.cs_demo.module.infrastructure.module.vpc.aws_vpc_ipv4_cidr_block_association.this"
          ],
          "create_before_destroy": true
        },
        {
          "index_key": 1,
          "schema_version": 1,
          "attributes": {
            "arn": "arn:aws:ec2:us-west-2:637423342822:subnet/subnet-01d905077b27183ba",
            "assign_ipv6_address_on_creation": false,
            "availability_zone": "us-west-2b",
            "availability_zone_id": "usw2-az2",
            "cidr_block": "10.0.101.0/24",
            "customer_owned_ipv4_pool": "",
            "enable_dns64": false,
            "enable_lni_at_device_index": 0,
            "enable_resource_name_dns_a_record_on_launch": false,
            "enable_resource_name_dns_aaaa_record_on_launch": false,
            "id": "subnet-01d905077b27183ba",
            "ipv6_cidr_block": "",
            "ipv6_cidr_block_association_id": "",
            "ipv6_native": false,
            "map_customer_owned_ip_on_launch": false,
            "map_public_ip_on_launch": false,
            "outpost_arn": "",
            "owner_id": "637423342822",
            "private_dns_hostname_type_on_launch": "ip-name",
            "tags": {
              "Name": "bt-pc-demo-vpc"
            },
            "tags_all": {
              "Name": "bt-pc-demo-vpc"
            },
            "timeouts": null,
            "vpc_id": "vpc-0fca5fcf147ddf005"
          },
          "sensitive_attributes": [],
          "private": "eyJlMmJmYjczMC1lY2FhLTExZTYtOGY4OC0zNDM2M2JjN2M0YzAiOnsiY3JlYXRlIjo2MDAwMDAwMDAwMDAsImRlbGV0ZSI6MTIwMDAwMDAwMDAwMH0sInNjaGVtYV92ZXJzaW9uIjoiMSJ9",
          "dependencies": [
            "module.cs_demo.module.infrastructure.data.aws_availability_zones.available",
            "module.cs_demo.module.infrastructure.module.vpc.aws_vpc.this",
            "module.cs_demo.module.infrastructure.module.vpc.aws_vpc_ipv4_cidr_block_association.this"
          ],
          "create_before_destroy": true
        }
      ]
    },
    {
      "module": "module.cs_demo.module.infrastructure.module.vpc",
      "mode": "managed",
      "type": "aws_subnet",
      "name": "public",
      "provider": "provider[\"registry.terraform.io/hashicorp/aws\"]",
      "instances": [
        {
          "index_key": 0,
          "schema_version": 1,
          "attributes": {
            "arn": "arn:aws:ec2:us-west-2:637423342822:subnet/subnet-0e1a5b7f5693ebd90",
            "assign_ipv6_address_on_creation": false,
            "availability_zone": "us-west-2a",
            "availability_zone_id": "usw2-az1",
            "cidr_block": "10.0.102.0/24",
            "customer_owned_ipv4_pool": "",
            "enable_dns64": false,
            "enable_lni_at_device_index": 0,
            "enable_resource_name_dns_a_record_on_launch": false,
            "enable_resource_name_dns_aaaa_record_on_launch": false,
            "id": "subnet-0e1a5b7f5693ebd90",
            "ipv6_cidr_block": "",
            "ipv6_cidr_block_association_id": "",
            "ipv6_native": false,
            "map_customer_owned_ip_on_launch": false,
            "map_public_ip_on_launch": false,
            "outpost_arn": "",
            "owner_id": "637423342822",
            "private_dns_hostname_type_on_launch": "ip-name",
            "tags": {
              "Name": "bt-pc-demo-vpc"
            },
            "tags_all": {
              "Name": "bt-pc-demo-vpc"
            },
            "timeouts": null,
            "vpc_id": "vpc-0fca5fcf147ddf005"
          },
          "sensitive_attributes": [],
          "private": "eyJlMmJmYjczMC1lY2FhLTExZTYtOGY4OC0zNDM2M2JjN2M0YzAiOnsiY3JlYXRlIjo2MDAwMDAwMDAwMDAsImRlbGV0ZSI6MTIwMDAwMDAwMDAwMH0sInNjaGVtYV92ZXJzaW9uIjoiMSJ9",
          "dependencies": [
            "module.cs_demo.module.infrastructure.data.aws_availability_zones.available",
            "module.cs_demo.module.infrastructure.module.vpc.aws_vpc.this",
            "module.cs_demo.module.infrastructure.module.vpc.aws_vpc_ipv4_cidr_block_association.this"
          ]
        },
        {
          "index_key": 1,
          "schema_version": 1,
          "attributes": {
            "arn": "arn:aws:ec2:us-west-2:637423342822:subnet/subnet-0b3dad3c16600d5c7",
            "assign_ipv6_address_on_creation": false,
            "availability_zone": "us-west-2b",
            "availability_zone_id": "usw2-az2",
            "cidr_block": "10.0.103.0/24",
            "customer_owned_ipv4_pool": "",
            "enable_dns64": false,
            "enable_lni_at_device_index": 0,
            "enable_resource_name_dns_a_record_on_launch": false,
            "enable_resource_name_dns_aaaa_record_on_launch": false,
            "id": "subnet-0b3dad3c16600d5c7",
            "ipv6_cidr_block": "",
            "ipv6_cidr_block_association_id": "",
            "ipv6_native": false,
            "map_customer_owned_ip_on_launch": false,
            "map_public_ip_on_launch": false,
            "outpost_arn": "",
            "owner_id": "637423342822",
            "private_dns_hostname_type_on_launch": "ip-name",
            "tags": {
              "Name": "bt-pc-demo-vpc"
            },
            "tags_all": {
              "Name": "bt-pc-demo-vpc"
            },
            "timeouts": null,
            "vpc_id": "vpc-0fca5fcf147ddf005"
          },
          "sensitive_attributes": [],
          "private": "eyJlMmJmYjczMC1lY2FhLTExZTYtOGY4OC0zNDM2M2JjN2M0YzAiOnsiY3JlYXRlIjo2MDAwMDAwMDAwMDAsImRlbGV0ZSI6MTIwMDAwMDAwMDAwMH0sInNjaGVtYV92ZXJzaW9uIjoiMSJ9",
          "dependencies": [
            "module.cs_demo.module.infrastructure.data.aws_availability_zones.available",
            "module.cs_demo.module.infrastructure.module.vpc.aws_vpc.this",
            "module.cs_demo.module.infrastructure.module.vpc.aws_vpc_ipv4_cidr_block_association.this"
          ]
        }
      ]
    },
    {
      "module": "module.cs_demo.module.infrastructure.module.vpc",
      "mode": "managed",
      "type": "aws_vpc",
      "name": "this",
      "provider": "provider[\"registry.terraform.io/hashicorp/aws\"]",
      "instances": [
        {
          "index_key": 0,
          "schema_version": 1,
          "attributes": {
            "arn": "arn:aws:ec2:us-west-2:637423342822:vpc/vpc-0fca5fcf147ddf005",
            "assign_generated_ipv6_cidr_block": false,
            "cidr_block": "10.0.0.0/16",
            "default_network_acl_id": "acl-0f237c05d1d4a4952",
            "default_route_table_id": "rtb-0939643744b7cb2bd",
            "default_security_group_id": "sg-0f66746c9cc05f11a",
            "dhcp_options_id": "dopt-0c94f0c9311900130",
            "enable_dns_hostnames": true,
            "enable_dns_support": true,
            "enable_network_address_usage_metrics": false,
            "id": "vpc-0fca5fcf147ddf005",
            "instance_tenancy": "default",
            "ipv4_ipam_pool_id": null,
            "ipv4_netmask_length": null,
            "ipv6_association_id": "",
            "ipv6_cidr_block": "",
            "ipv6_cidr_block_network_border_group": "",
            "ipv6_ipam_pool_id": "",
            "ipv6_netmask_length": 0,
            "main_route_table_id": "rtb-0939643744b7cb2bd",
            "owner_id": "637423342822",
            "tags": {
              "Name": "bt-pc-demo-vpc"
            },
            "tags_all": {
              "Name": "bt-pc-demo-vpc"
            }
          },
          "sensitive_attributes": [],
          "private": "eyJzY2hlbWFfdmVyc2lvbiI6IjEifQ==",
          "create_before_destroy": true
        }
      ]
    },
    {
      "module": "module.cs_demo.module.sdm",
      "mode": "data",
      "type": "sdm_account",
      "name": "existing_users",
      "provider": "provider[\"registry.terraform.io/strongdm/sdm\"]",
      "instances": [
        {
          "index_key": 0,
          "schema_version": 0,
          "attributes": {
            "account_type": null,
            "accounts": [
              {
                "service": [],
                "token": [],
                "user": [
                  {
                    "email": "berret.terry+cssandbox@strongdm.com",
                    "external_id": "bterry",
                    "first_name": "Berret",
                    "id": "a-7b5bcfe46787d124",
                    "last_name": "Terry",
                    "managed_by": "",
                    "manager_id": "",
                    "permission_level": "admin",
                    "resolved_manager_id": "",
                    "scim": "{}",
                    "suspended": false,
                    "tags": {}
                  }
                ]
              }
            ],
            "email": "berret.terry+cssandbox@strongdm.com",
            "external_id": null,
            "first_name": null,
            "id": "Accounttype:? email:? userberret.terry+cssandbox@strongdm.com",
            "ids": [
              "a-7b5bcfe46787d124"
            ],
            "last_name": null,
            "manager_id": null,
            "name": null,
            "permission_level": null,
            "permissions": null,
            "suspended": null,
            "tags": null,
            "timeouts": null,
            "type": "user"
          },
          "sensitive_attributes": []
        }
      ]
    },
    {
      "module": "module.cs_demo.module.sdm",
      "mode": "data",
      "type": "sdm_ssh_ca_pubkey",
      "name": "this_key",
      "provider": "provider[\"registry.terraform.io/strongdm/sdm\"]",
      "instances": [
        {
          "schema_version": 0,
          "attributes": {
            "id": "ControlPanelSSHCAPublicKey",
            "public_key": "ssh-rsa AAAAB3NzaC1yc2EAAAADAQABAAABAQDDOwI49040yzB90vLYQc9xnarfgBG5Wz4IHlcPhlfD7UlahGU58QvBFybiJLFER9vG+Cfwo/5Tp7bzp3t1e1kyPQE0orv2ssfyxsRmL5LR/OyDhIllykdpjVbRkb8LiZFF7VRT2azU2JCfnCvbPzlPISAZjR/DhuyJYTJmGW0nPXXYFLQUX4AmO/zmSmXKdb6EQHnqpJ0IQix6jmiMEBr7NTSfUmTYkZHxHZ9xTSJenpQ9emJcNIsE8XTPr01IEWohSPJgpyqLFhRHaMMzyb0E5nh1rS9SABN+iN0bmGMFF+XhFYSBCeDxBghf2264dF51cuIaMB8ngSF/UN3VJIfH\n",
            "timeouts": null
          },
          "sensitive_attributes": []
        }
      ]
    },
    {
      "module": "module.cs_demo.module.sdm",
      "mode": "managed",
      "type": "sdm_account_attachment",
      "name": "existing_users",
      "provider": "provider[\"registry.terraform.io/strongdm/sdm\"]",
      "instances": [
        {
          "index_key": 0,
          "schema_version": 0,
          "attributes": {
            "account_id": "a-7b5bcfe46787d124",
            "id": "aa-27ecda16685dfa47",
            "role_id": "r-0e16c858685dfa46",
            "timeouts": null
          },
          "sensitive_attributes": [],
          "private": "eyJlMmJmYjczMC1lY2FhLTExZTYtOGY4OC0zNDM2M2JjN2M0YzAiOnsiY3JlYXRlIjo2MDAwMDAwMDAwMCwiZGVmYXVsdCI6NjAwMDAwMDAwMDAsImRlbGV0ZSI6NjAwMDAwMDAwMDAsInJlYWQiOjYwMDAwMDAwMDAwLCJ1cGRhdGUiOjYwMDAwMDAwMDAwfX0=",
          "dependencies": [
            "module.cs_demo.module.sdm.data.sdm_account.existing_users",
            "module.cs_demo.module.sdm.sdm_role.admins"
          ]
        }
      ]
    },
    {
      "module": "module.cs_demo.module.sdm",
      "mode": "managed",
      "type": "sdm_approval_workflow",
      "name": "this",
      "provider": "provider[\"registry.terraform.io/strongdm/sdm\"]",
      "instances": [
        {
          "schema_version": 0,
          "attributes": {
            "approval_mode": "automatic",
            "approval_step": [],
            "description": "",
            "id": "af-38f41caa685dfa46",
            "name": "bt-pc-demo approval workflow",
            "timeouts": null
          },
          "sensitive_attributes": [],
          "private": "eyJlMmJmYjczMC1lY2FhLTExZTYtOGY4OC0zNDM2M2JjN2M0YzAiOnsiY3JlYXRlIjo2MDAwMDAwMDAwMCwiZGVmYXVsdCI6NjAwMDAwMDAwMDAsImRlbGV0ZSI6NjAwMDAwMDAwMDAsInJlYWQiOjYwMDAwMDAwMDAwLCJ1cGRhdGUiOjYwMDAwMDAwMDAwfX0="
        }
      ]
    },
    {
      "module": "module.cs_demo.module.sdm",
      "mode": "managed",
      "type": "sdm_node",
      "name": "proxy-cluster",
      "provider": "provider[\"registry.terraform.io/strongdm/sdm\"]",
      "instances": [
        {
          "schema_version": 0,
          "attributes": {
            "gateway": [],
            "id": "n-536ee487685dfb03",
            "proxy_cluster": [
              {
                "address": "proxy-2025062701563904580000001a-8fb7a712e3ba5db3.elb.us-west-2.amazonaws.com:443",
                "maintenance_window": [],
                "name": "bt-pc-demo-proxy-cluster",
                "tags": {
                  "owner": "bt-pc-demo"
                }
              }
            ],
            "relay": [],
            "timeouts": null
          },
          "sensitive_attributes": [],
          "private": "eyJlMmJmYjczMC1lY2FhLTExZTYtOGY4OC0zNDM2M2JjN2M0YzAiOnsiY3JlYXRlIjo2MDAwMDAwMDAwMCwiZGVmYXVsdCI6NjAwMDAwMDAwMDAsImRlbGV0ZSI6NjAwMDAwMDAwMDAsInJlYWQiOjYwMDAwMDAwMDAwLCJ1cGRhdGUiOjYwMDAwMDAwMDAwfX0=",
          "dependencies": [
            "module.cs_demo.module.infrastructure.aws_lb.this",
            "module.cs_demo.module.infrastructure.aws_security_group.nlb",
            "module.cs_demo.module.infrastructure.data.aws_availability_zones.available",
            "module.cs_demo.module.infrastructure.module.vpc.aws_subnet.public",
            "module.cs_demo.module.infrastructure.module.vpc.aws_vpc.this",
            "module.cs_demo.module.infrastructure.module.vpc.aws_vpc_ipv4_cidr_block_association.this"
          ]
        }
      ]
    },
    {
      "module": "module.cs_demo.module.sdm",
      "mode": "managed",
      "type": "sdm_proxy_cluster_key",
      "name": "this",
      "provider": "provider[\"registry.terraform.io/strongdm/sdm\"]",
      "instances": [
        {
          "schema_version": 0,
          "attributes": {
            "id": "pk-4413b7b4685dfb04",
            "proxy_cluster_id": "n-536ee487685dfb03",
            "secret_key": "kgjWOnRx6CYyuHq43/MnZKj2e8NmkyDM58y88plKU4hSIWr4URDzTA==",
            "timeouts": null
          },
          "sensitive_attributes": [],
          "private": "eyJlMmJmYjczMC1lY2FhLTExZTYtOGY4OC0zNDM2M2JjN2M0YzAiOnsiY3JlYXRlIjo2MDAwMDAwMDAwMCwiZGVmYXVsdCI6NjAwMDAwMDAwMDAsImRlbGV0ZSI6NjAwMDAwMDAwMDAsInJlYWQiOjYwMDAwMDAwMDAwLCJ1cGRhdGUiOjYwMDAwMDAwMDAwfX0=",
          "dependencies": [
            "module.cs_demo.module.infrastructure.aws_lb.this",
            "module.cs_demo.module.infrastructure.aws_security_group.nlb",
            "module.cs_demo.module.infrastructure.data.aws_availability_zones.available",
            "module.cs_demo.module.infrastructure.module.vpc.aws_subnet.public",
            "module.cs_demo.module.infrastructure.module.vpc.aws_vpc.this",
            "module.cs_demo.module.infrastructure.module.vpc.aws_vpc_ipv4_cidr_block_association.this",
            "module.cs_demo.module.sdm.sdm_node.proxy-cluster"
          ]
        }
      ]
    },
    {
      "module": "module.cs_demo.module.sdm",
      "mode": "managed",
      "type": "sdm_role",
      "name": "admins",
      "provider": "provider[\"registry.terraform.io/strongdm/sdm\"]",
      "instances": [
        {
          "schema_version": 0,
          "attributes": {
            "access_rules": "[]",
            "id": "r-0e16c858685dfa46",
            "managed_by": "",
            "name": "bt-pc-demo-admin-role",
            "tags": {},
            "timeouts": null
          },
          "sensitive_attributes": [],
          "private": "eyJlMmJmYjczMC1lY2FhLTExZTYtOGY4OC0zNDM2M2JjN2M0YzAiOnsiY3JlYXRlIjo2MDAwMDAwMDAwMCwiZGVmYXVsdCI6NjAwMDAwMDAwMDAsImRlbGV0ZSI6NjAwMDAwMDAwMDAsInJlYWQiOjYwMDAwMDAwMDAwLCJ1cGRhdGUiOjYwMDAwMDAwMDAwfX0="
        }
      ]
    },
    {
      "module": "module.cs_demo.module.sdm",
      "mode": "managed",
      "type": "sdm_workflow",
      "name": "this",
      "provider": "provider[\"registry.terraform.io/strongdm/sdm\"]",
      "instances": [
        {
          "schema_version": 0,
          "attributes": {
            "access_request_fixed_duration": "0s",
            "access_request_max_duration": "0s",
            "access_rules": "[{\"tags\":{\"workflow\":\"bt-pc-demo-workflow\"}}]",
            "approval_flow_id": "af-38f41caa685dfa46",
            "auto_grant": true,
            "description": "bt-pc-demo automatic workflow",
            "enabled": true,
            "id": "aw-09b4c152685dfa47",
            "name": "bt-pc-demo automatic workflow",
            "timeouts": null,
            "weight": 120
          },
          "sensitive_attributes": [],
          "private": "eyJlMmJmYjczMC1lY2FhLTExZTYtOGY4OC0zNDM2M2JjN2M0YzAiOnsiY3JlYXRlIjo2MDAwMDAwMDAwMCwiZGVmYXVsdCI6NjAwMDAwMDAwMDAsImRlbGV0ZSI6NjAwMDAwMDAwMDAsInJlYWQiOjYwMDAwMDAwMDAwLCJ1cGRhdGUiOjYwMDAwMDAwMDAwfX0=",
          "dependencies": [
            "module.cs_demo.module.sdm.sdm_approval_workflow.this"
          ]
        }
      ]
    },
    {
      "module": "module.cs_demo.module.sdm",
      "mode": "managed",
      "type": "sdm_workflow_role",
      "name": "this",
      "provider": "provider[\"registry.terraform.io/strongdm/sdm\"]",
      "instances": [
        {
          "schema_version": 0,
          "attributes": {
            "id": "wr-71eb5ad5685dfa47",
            "role_id": "r-0e16c858685dfa46",
            "timeouts": null,
            "workflow_id": "aw-09b4c152685dfa47"
          },
          "sensitive_attributes": [],
          "private": "eyJlMmJmYjczMC1lY2FhLTExZTYtOGY4OC0zNDM2M2JjN2M0YzAiOnsiY3JlYXRlIjo2MDAwMDAwMDAwMCwiZGVmYXVsdCI6NjAwMDAwMDAwMDAsImRlbGV0ZSI6NjAwMDAwMDAwMDAsInJlYWQiOjYwMDAwMDAwMDAwLCJ1cGRhdGUiOjYwMDAwMDAwMDAwfX0=",
          "dependencies": [
            "module.cs_demo.module.sdm.sdm_approval_workflow.this",
            "module.cs_demo.module.sdm.sdm_role.admins",
            "module.cs_demo.module.sdm.sdm_workflow.this"
          ]
        }
      ]
    }
  ],
  "check_results": [
    {
      "object_kind": "resource",
      "config_addr": "module.cs_demo.module.eks.module.eks.module.self_managed_node_group.module.user_data.null_resource.validate_cluster_service_cidr",
      "status": "pass",
      "objects": null
    },
    {
      "object_kind": "resource",
      "config_addr": "module.cs_demo.module.infrastructure.aws_ecs_service.bridge_service",
      "status": "pass",
      "objects": [
        {
          "object_addr": "module.cs_demo.module.infrastructure.aws_ecs_service.bridge_service",
          "status": "pass"
        }
      ]
    },
    {
      "object_kind": "resource",
      "config_addr": "module.cs_demo.module.infrastructure.aws_ecs_service.worker_service",
      "status": "pass",
      "objects": [
        {
          "object_addr": "module.cs_demo.module.infrastructure.aws_ecs_service.worker_service",
          "status": "pass"
        }
      ]
    },
    {
      "object_kind": "resource",
      "config_addr": "module.cs_demo.module.eks.module.eks.module.eks_managed_node_group.module.user_data.null_resource.validate_cluster_service_cidr",
      "status": "pass",
      "objects": null
    }
  ]
}
